{
  "version": 4,
  "terraform_version": "0.12.19",
  "serial": 65,
  "lineage": "3b8f71e5-747e-1f6c-3af5-3a21ddae1123",
  "outputs": {
    "cdn_url": {
      "value": {
        "arn": "arn:aws:cloudfront::437642037048:distribution/ESG2T17GT0JDW",
        "domain_name": "d3i0lxexgs4ica.cloudfront.net",
        "id": "ESG2T17GT0JDW"
      },
      "type": [
        "object",
        {
          "arn": "string",
          "domain_name": "string",
          "id": "string"
        }
      ]
    }
  },
  "resources": [
    {
      "mode": "data",
      "type": "aws_availability_zones",
      "name": "available",
      "provider": "provider.aws",
      "instances": [
        {
          "schema_version": 0,
          "attributes": {
            "all_availability_zones": null,
            "blacklisted_names": null,
            "blacklisted_zone_ids": null,
            "exclude_names": null,
            "exclude_zone_ids": null,
            "filter": null,
            "group_names": [
              "us-west-2"
            ],
            "id": "2020-07-27 22:45:58.8234509 +0000 UTC",
            "names": [
              "us-west-2a",
              "us-west-2b",
              "us-west-2c",
              "us-west-2d"
            ],
            "state": null,
            "zone_ids": [
              "usw2-az1",
              "usw2-az2",
              "usw2-az3",
              "usw2-az4"
            ]
          }
        }
      ]
    },
    {
      "mode": "data",
      "type": "aws_caller_identity",
      "name": "current",
      "provider": "provider.aws",
      "instances": [
        {
          "schema_version": 0,
          "attributes": {
            "account_id": "437642037048",
            "arn": "arn:aws:iam::437642037048:user/nagendra@velocityworks.io",
            "id": "2020-07-27 22:45:59.223937 +0000 UTC",
            "user_id": "AIDAWLZL7Q44PE6V7WJJF"
          }
        }
      ]
    },
    {
      "module": "module.cloudfront",
      "mode": "data",
      "type": "aws_caller_identity",
      "name": "current",
      "provider": "provider.aws",
      "instances": [
        {
          "schema_version": 0,
          "attributes": {
            "account_id": "437642037048",
            "arn": "arn:aws:iam::437642037048:user/nagendra@velocityworks.io",
            "id": "2020-07-27 22:45:59.2445394 +0000 UTC",
            "user_id": "AIDAWLZL7Q44PE6V7WJJF"
          }
        }
      ]
    },
    {
      "module": "module.s3_lb_log",
      "mode": "data",
      "type": "aws_elb_service_account",
      "name": "default",
      "provider": "provider.aws",
      "instances": [
        {
          "schema_version": 0,
          "attributes": {
            "arn": "arn:aws:iam::797873946194:root",
            "id": "797873946194",
            "region": null
          }
        }
      ]
    },
    {
      "mode": "data",
      "type": "aws_iam_policy",
      "name": "ecs_task_execution",
      "provider": "provider.aws",
      "instances": [
        {
          "schema_version": 0,
          "attributes": {
            "arn": "arn:aws:iam::aws:policy/service-role/AmazonECSTaskExecutionRolePolicy",
            "description": "Provides access to other AWS service resources that are required to run Amazon ECS tasks",
            "id": "arn:aws:iam::aws:policy/service-role/AmazonECSTaskExecutionRolePolicy",
            "name": "AmazonECSTaskExecutionRolePolicy",
            "path": "/service-role/",
            "policy": "{\n  \"Version\": \"2012-10-17\",\n  \"Statement\": [\n    {\n      \"Effect\": \"Allow\",\n      \"Action\": [\n        \"ecr:GetAuthorizationToken\",\n        \"ecr:BatchCheckLayerAvailability\",\n        \"ecr:GetDownloadUrlForLayer\",\n        \"ecr:BatchGetImage\",\n        \"logs:CreateLogStream\",\n        \"logs:PutLogEvents\"\n      ],\n      \"Resource\": \"*\"\n    }\n  ]\n}"
          }
        }
      ]
    },
    {
      "module": "module.ecs_fargate",
      "mode": "data",
      "type": "aws_iam_policy",
      "name": "ecs_task_execution",
      "provider": "provider.aws",
      "instances": [
        {
          "schema_version": 0,
          "attributes": {
            "arn": "arn:aws:iam::aws:policy/service-role/AmazonECSTaskExecutionRolePolicy",
            "description": "Provides access to other AWS service resources that are required to run Amazon ECS tasks",
            "id": "arn:aws:iam::aws:policy/service-role/AmazonECSTaskExecutionRolePolicy",
            "name": "AmazonECSTaskExecutionRolePolicy",
            "path": "/service-role/",
            "policy": "{\n  \"Version\": \"2012-10-17\",\n  \"Statement\": [\n    {\n      \"Effect\": \"Allow\",\n      \"Action\": [\n        \"ecr:GetAuthorizationToken\",\n        \"ecr:BatchCheckLayerAvailability\",\n        \"ecr:GetDownloadUrlForLayer\",\n        \"ecr:BatchGetImage\",\n        \"logs:CreateLogStream\",\n        \"logs:PutLogEvents\"\n      ],\n      \"Resource\": \"*\"\n    }\n  ]\n}"
          }
        }
      ]
    },
    {
      "mode": "data",
      "type": "aws_iam_policy_document",
      "name": "assume_role_policy",
      "provider": "provider.aws",
      "instances": [
        {
          "schema_version": 0,
          "attributes": {
            "id": "252836154",
            "json": "{\n  \"Version\": \"2012-10-17\",\n  \"Statement\": [\n    {\n      \"Sid\": \"\",\n      \"Effect\": \"Allow\",\n      \"Action\": \"sts:AssumeRole\",\n      \"Principal\": {\n        \"Service\": [\n          \"ecs.amazonaws.com\",\n          \"ecs-tasks.amazonaws.com\"\n        ]\n      }\n    }\n  ]\n}",
            "override_json": null,
            "policy_id": null,
            "source_json": null,
            "statement": [
              {
                "actions": [
                  "sts:AssumeRole"
                ],
                "condition": [],
                "effect": "Allow",
                "not_actions": [],
                "not_principals": [],
                "not_resources": [],
                "principals": [
                  {
                    "identifiers": [
                      "ecs-tasks.amazonaws.com",
                      "ecs.amazonaws.com"
                    ],
                    "type": "Service"
                  }
                ],
                "resources": [],
                "sid": ""
              }
            ],
            "version": "2012-10-17"
          }
        }
      ]
    },
    {
      "module": "module.ecs_fargate",
      "mode": "data",
      "type": "aws_iam_policy_document",
      "name": "assume_role_policy",
      "provider": "provider.aws",
      "instances": [
        {
          "schema_version": 0,
          "attributes": {
            "id": "320642683",
            "json": "{\n  \"Version\": \"2012-10-17\",\n  \"Statement\": [\n    {\n      \"Sid\": \"\",\n      \"Effect\": \"Allow\",\n      \"Action\": \"sts:AssumeRole\",\n      \"Principal\": {\n        \"Service\": \"ecs-tasks.amazonaws.com\"\n      }\n    }\n  ]\n}",
            "override_json": null,
            "policy_id": null,
            "source_json": null,
            "statement": [
              {
                "actions": [
                  "sts:AssumeRole"
                ],
                "condition": [],
                "effect": "Allow",
                "not_actions": [],
                "not_principals": [],
                "not_resources": [],
                "principals": [
                  {
                    "identifiers": [
                      "ecs-tasks.amazonaws.com"
                    ],
                    "type": "Service"
                  }
                ],
                "resources": [],
                "sid": ""
              }
            ],
            "version": "2012-10-17"
          }
        }
      ]
    },
    {
      "module": "module.s3_lb_log",
      "mode": "data",
      "type": "aws_iam_policy_document",
      "name": "default",
      "provider": "provider.aws",
      "instances": [
        {
          "schema_version": 0,
          "attributes": {
            "id": "440475087",
            "json": "{\n  \"Version\": \"2012-10-17\",\n  \"Statement\": [\n    {\n      \"Sid\": \"\",\n      \"Effect\": \"Allow\",\n      \"Action\": \"s3:PutObject\",\n      \"Resource\": \"arn:aws:s3:::sandbox-s3-lb-log-ecs-fargate-437642037048/*\",\n      \"Principal\": {\n        \"AWS\": \"arn:aws:iam::797873946194:root\"\n      }\n    }\n  ]\n}",
            "override_json": null,
            "policy_id": null,
            "source_json": null,
            "statement": [
              {
                "actions": [
                  "s3:PutObject"
                ],
                "condition": [],
                "effect": "Allow",
                "not_actions": [],
                "not_principals": [],
                "not_resources": [],
                "principals": [
                  {
                    "identifiers": [
                      "arn:aws:iam::797873946194:root"
                    ],
                    "type": "AWS"
                  }
                ],
                "resources": [
                  "arn:aws:s3:::sandbox-s3-lb-log-ecs-fargate-437642037048/*"
                ],
                "sid": ""
              }
            ],
            "version": "2012-10-17"
          }
        }
      ]
    },
    {
      "module": "module.cloudfront",
      "mode": "data",
      "type": "aws_iam_policy_document",
      "name": "s3_policy",
      "provider": "provider.aws",
      "instances": [
        {
          "schema_version": 0,
          "attributes": {
            "id": "2814949119",
            "json": "{\n  \"Version\": \"2012-10-17\",\n  \"Statement\": [\n    {\n      \"Sid\": \"\",\n      \"Effect\": \"Allow\",\n      \"Action\": \"s3:GetObject\",\n      \"Resource\": \"arn:aws:s3:::437642037048-sandbox-sandbox-cloud-front/*\",\n      \"Principal\": {\n        \"AWS\": \"arn:aws:iam::cloudfront:user/CloudFront Origin Access Identity E1B5H96HBHFYC0\"\n      }\n    }\n  ]\n}",
            "override_json": null,
            "policy_id": null,
            "source_json": null,
            "statement": [
              {
                "actions": [
                  "s3:GetObject"
                ],
                "condition": [],
                "effect": "Allow",
                "not_actions": [],
                "not_principals": [],
                "not_resources": [],
                "principals": [
                  {
                    "identifiers": [
                      "arn:aws:iam::cloudfront:user/CloudFront Origin Access Identity E1B5H96HBHFYC0"
                    ],
                    "type": "AWS"
                  }
                ],
                "resources": [
                  "arn:aws:s3:::437642037048-sandbox-sandbox-cloud-front/*"
                ],
                "sid": ""
              }
            ],
            "version": "2012-10-17"
          }
        }
      ]
    },
    {
      "module": "module.cloudfront",
      "mode": "data",
      "type": "aws_lb",
      "name": "aws_alb",
      "provider": "provider.aws",
      "instances": [
        {
          "schema_version": 0,
          "attributes": {
            "access_logs": [
              {
                "bucket": "sandbox-s3-lb-log-ecs-fargate-437642037048",
                "enabled": true,
                "prefix": "test"
              }
            ],
            "arn": "arn:aws:elasticloadbalancing:us-west-2:437642037048:loadbalancer/app/sandbox-fargate-lb/738be19616d8ba98",
            "arn_suffix": "app/sandbox-fargate-lb/738be19616d8ba98",
            "dns_name": "sandbox-fargate-lb-1634216151.us-west-2.elb.amazonaws.com",
            "drop_invalid_header_fields": false,
            "enable_deletion_protection": false,
            "id": "arn:aws:elasticloadbalancing:us-west-2:437642037048:loadbalancer/app/sandbox-fargate-lb/738be19616d8ba98",
            "idle_timeout": 120,
            "internal": false,
            "ip_address_type": "ipv4",
            "load_balancer_type": "application",
            "name": "sandbox-fargate-lb",
            "security_groups": [
              "sg-02fd2fff3d70b4767"
            ],
            "subnet_mapping": [
              {
                "allocation_id": "",
                "subnet_id": "subnet-00762a383f40c9705"
              },
              {
                "allocation_id": "",
                "subnet_id": "subnet-0db42e90214a3df18"
              }
            ],
            "subnets": [
              "subnet-00762a383f40c9705",
              "subnet-0db42e90214a3df18"
            ],
            "tags": {
              "Environment": "sandbox",
              "Tenant": "sandbox"
            },
            "vpc_id": "vpc-027e37658884e13b8",
            "zone_id": "Z1H1FL5HABSF5"
          }
        }
      ]
    },
    {
      "module": "module.s3_lb_log",
      "mode": "data",
      "type": "aws_region",
      "name": "current",
      "provider": "provider.aws",
      "instances": [
        {
          "schema_version": 0,
          "attributes": {
            "current": null,
            "description": "US West (Oregon)",
            "endpoint": "ec2.us-west-2.amazonaws.com",
            "id": "us-west-2",
            "name": "us-west-2"
          }
        }
      ]
    },
    {
      "module": "module.cloudfront",
      "mode": "data",
      "type": "aws_s3_bucket",
      "name": "front",
      "provider": "provider.aws",
      "instances": [
        {
          "schema_version": 0,
          "attributes": {
            "arn": "arn:aws:s3:::sandbox-admin-portal",
            "bucket": "sandbox-admin-portal",
            "bucket_domain_name": "sandbox-admin-portal.s3.amazonaws.com",
            "bucket_regional_domain_name": "sandbox-admin-portal.s3.us-west-2.amazonaws.com",
            "hosted_zone_id": "Z3BJ6K6RIION7M",
            "id": "sandbox-admin-portal",
            "region": "us-west-2",
            "website_domain": "s3-website-us-west-2.amazonaws.com",
            "website_endpoint": "sandbox-admin-portal.s3-website-us-west-2.amazonaws.com"
          }
        }
      ]
    },
    {
      "module": "module.cloudfront",
      "mode": "managed",
      "type": "aws_cloudfront_distribution",
      "name": "cdn",
      "provider": "provider.aws",
      "instances": [
        {
          "schema_version": 1,
          "attributes": {
            "active_trusted_signers": {
              "enabled": "false",
              "items.#": "0"
            },
            "aliases": null,
            "arn": "arn:aws:cloudfront::437642037048:distribution/ESG2T17GT0JDW",
            "cache_behavior": [],
            "caller_reference": "terraform-20200727224905845800000007",
            "comment": null,
            "custom_error_response": [
              {
                "error_caching_min_ttl": 30,
                "error_code": 403,
                "response_code": 200,
                "response_page_path": "/index.html"
              },
              {
                "error_caching_min_ttl": 30,
                "error_code": 404,
                "response_code": 200,
                "response_page_path": "/index.html"
              }
            ],
            "default_cache_behavior": [
              {
                "allowed_methods": [
                  "DELETE",
                  "GET",
                  "HEAD",
                  "OPTIONS",
                  "PATCH",
                  "POST",
                  "PUT"
                ],
                "cached_methods": [
                  "GET",
                  "HEAD"
                ],
                "compress": false,
                "default_ttl": 0,
                "field_level_encryption_id": "",
                "forwarded_values": [
                  {
                    "cookies": [
                      {
                        "forward": "all",
                        "whitelisted_names": null
                      }
                    ],
                    "headers": null,
                    "query_string": true,
                    "query_string_cache_keys": null
                  }
                ],
                "lambda_function_association": [],
                "max_ttl": 0,
                "min_ttl": 0,
                "smooth_streaming": false,
                "target_origin_id": "sandbox-admin-portal",
                "trusted_signers": null,
                "viewer_protocol_policy": "redirect-to-https"
              }
            ],
            "default_root_object": "index.html",
            "domain_name": "d3i0lxexgs4ica.cloudfront.net",
            "enabled": true,
            "etag": "E3K19RUT9UA9AW",
            "hosted_zone_id": "Z2FDTNDATAQYW2",
            "http_version": "http2",
            "id": "ESG2T17GT0JDW",
            "in_progress_validation_batches": 0,
            "is_ipv6_enabled": true,
            "last_modified_time": "2020-07-27 22:49:06.517 +0000 UTC",
            "logging_config": [],
            "ordered_cache_behavior": [
              {
                "allowed_methods": [
                  "DELETE",
                  "GET",
                  "HEAD",
                  "OPTIONS",
                  "PATCH",
                  "POST",
                  "PUT"
                ],
                "cached_methods": [
                  "GET",
                  "HEAD",
                  "OPTIONS"
                ],
                "compress": true,
                "default_ttl": 0,
                "field_level_encryption_id": "",
                "forwarded_values": [
                  {
                    "cookies": [
                      {
                        "forward": "none",
                        "whitelisted_names": null
                      }
                    ],
                    "headers": [
                      "Accept",
                      "Accept-Charset",
                      "Accept-Datetime",
                      "Accept-Encoding",
                      "Accept-Language",
                      "Authorization",
                      "Host",
                      "Origin",
                      "Referer"
                    ],
                    "query_string": true,
                    "query_string_cache_keys": null
                  }
                ],
                "lambda_function_association": [],
                "max_ttl": 0,
                "min_ttl": 0,
                "path_pattern": "/api/*",
                "smooth_streaming": false,
                "target_origin_id": "sandbox-fargate-lb",
                "trusted_signers": null,
                "viewer_protocol_policy": "redirect-to-https"
              },
              {
                "allowed_methods": [
                  "GET",
                  "HEAD",
                  "OPTIONS"
                ],
                "cached_methods": [
                  "GET",
                  "HEAD"
                ],
                "compress": true,
                "default_ttl": 86400,
                "field_level_encryption_id": "",
                "forwarded_values": [
                  {
                    "cookies": [
                      {
                        "forward": "none",
                        "whitelisted_names": null
                      }
                    ],
                    "headers": null,
                    "query_string": true,
                    "query_string_cache_keys": null
                  }
                ],
                "lambda_function_association": [],
                "max_ttl": 31536000,
                "min_ttl": 0,
                "path_pattern": "/management/*",
                "smooth_streaming": false,
                "target_origin_id": "sandbox-fargate-lb",
                "trusted_signers": null,
                "viewer_protocol_policy": "redirect-to-https"
              },
              {
                "allowed_methods": [
                  "GET",
                  "HEAD",
                  "OPTIONS"
                ],
                "cached_methods": [
                  "GET",
                  "HEAD",
                  "OPTIONS"
                ],
                "compress": true,
                "default_ttl": 86400,
                "field_level_encryption_id": "",
                "forwarded_values": [
                  {
                    "cookies": [
                      {
                        "forward": "none",
                        "whitelisted_names": null
                      }
                    ],
                    "headers": [
                      "Origin"
                    ],
                    "query_string": true,
                    "query_string_cache_keys": null
                  }
                ],
                "lambda_function_association": [],
                "max_ttl": 31536000,
                "min_ttl": 0,
                "path_pattern": "/swagger-resources*",
                "smooth_streaming": false,
                "target_origin_id": "sandbox-fargate-lb",
                "trusted_signers": null,
                "viewer_protocol_policy": "redirect-to-https"
              },
              {
                "allowed_methods": [
                  "GET",
                  "HEAD",
                  "OPTIONS"
                ],
                "cached_methods": [
                  "GET",
                  "HEAD",
                  "OPTIONS"
                ],
                "compress": true,
                "default_ttl": 86400,
                "field_level_encryption_id": "",
                "forwarded_values": [
                  {
                    "cookies": [
                      {
                        "forward": "none",
                        "whitelisted_names": null
                      }
                    ],
                    "headers": [
                      "Origin"
                    ],
                    "query_string": true,
                    "query_string_cache_keys": null
                  }
                ],
                "lambda_function_association": [],
                "max_ttl": 31536000,
                "min_ttl": 0,
                "path_pattern": "/v2/*",
                "smooth_streaming": false,
                "target_origin_id": "sandbox-fargate-lb",
                "trusted_signers": null,
                "viewer_protocol_policy": "redirect-to-https"
              },
              {
                "allowed_methods": [
                  "GET",
                  "HEAD",
                  "OPTIONS"
                ],
                "cached_methods": [
                  "GET",
                  "HEAD",
                  "OPTIONS"
                ],
                "compress": true,
                "default_ttl": 86400,
                "field_level_encryption_id": "",
                "forwarded_values": [
                  {
                    "cookies": [
                      {
                        "forward": "none",
                        "whitelisted_names": null
                      }
                    ],
                    "headers": [
                      "Origin"
                    ],
                    "query_string": true,
                    "query_string_cache_keys": null
                  }
                ],
                "lambda_function_association": [],
                "max_ttl": 31536000,
                "min_ttl": 0,
                "path_pattern": "/account/*",
                "smooth_streaming": false,
                "target_origin_id": "sandbox-fargate-lb",
                "trusted_signers": null,
                "viewer_protocol_policy": "redirect-to-https"
              }
            ],
            "origin": [
              {
                "custom_header": [],
                "custom_origin_config": [
                  {
                    "http_port": 80,
                    "https_port": 443,
                    "origin_keepalive_timeout": 5,
                    "origin_protocol_policy": "http-only",
                    "origin_read_timeout": 30,
                    "origin_ssl_protocols": [
                      "SSLv3",
                      "TLSv1",
                      "TLSv1.1",
                      "TLSv1.2"
                    ]
                  }
                ],
                "domain_name": "sandbox-fargate-lb-1634216151.us-west-2.elb.amazonaws.com",
                "origin_id": "sandbox-fargate-lb",
                "origin_path": "",
                "s3_origin_config": []
              },
              {
                "custom_header": [],
                "custom_origin_config": [],
                "domain_name": "sandbox-admin-portal.s3.us-west-2.amazonaws.com",
                "origin_id": "sandbox-admin-portal",
                "origin_path": "",
                "s3_origin_config": [
                  {
                    "origin_access_identity": "origin-access-identity/cloudfront/E1CE9B6229OSMZ"
                  }
                ]
              }
            ],
            "origin_group": [],
            "price_class": "PriceClass_100",
            "restrictions": [
              {
                "geo_restriction": [
                  {
                    "locations": null,
                    "restriction_type": "none"
                  }
                ]
              }
            ],
            "retain_on_delete": false,
            "status": "Deployed",
            "tags": {
              "Environment": "sandbox",
              "Name": "CloudFront Distribution sandbox-sandbox-cloud-front",
              "Tenant": "sandbox"
            },
            "viewer_certificate": [
              {
                "acm_certificate_arn": "",
                "cloudfront_default_certificate": true,
                "iam_certificate_id": "",
                "minimum_protocol_version": "TLSv1",
                "ssl_support_method": ""
              }
            ],
            "wait_for_deployment": true,
            "web_acl_id": ""
          },
          "private": "eyJzY2hlbWFfdmVyc2lvbiI6IjEifQ==",
          "dependencies": [
            "module.alb.aws_lb.default",
            "module.alb.aws_security_group.default",
            "module.s3-bucket.aws_cloudfront_origin_access_identity.s3_origin_access_identity",
            "module.s3-bucket.aws_s3_bucket.s3_bucket",
            "module.s3_access_log.aws_s3_bucket.default",
            "module.s3_lb_log.aws_s3_bucket.default",
            "module.vpc.aws_subnet.public_subnet",
            "module.vpc.aws_vpc.main"
          ]
        }
      ]
    },
    {
      "module": "module.cloudfront",
      "mode": "managed",
      "type": "aws_cloudfront_origin_access_identity",
      "name": "origin_access_identity",
      "provider": "provider.aws",
      "instances": [
        {
          "schema_version": 0,
          "attributes": {
            "caller_reference": "terraform-20200727224616391600000002",
            "cloudfront_access_identity_path": "origin-access-identity/cloudfront/E1B5H96HBHFYC0",
            "comment": "sandbox-cloudfront-access-identity",
            "etag": "EVAUIJ07OO56",
            "iam_arn": "arn:aws:iam::cloudfront:user/CloudFront Origin Access Identity E1B5H96HBHFYC0",
            "id": "E1B5H96HBHFYC0",
            "s3_canonical_user_id": "76d79a1a8e9e99758fa31d4a233107427f56f8a6cd4b114f844b78d2b97418e812c4ac0e62ceed6f89045af529febcc3"
          },
          "private": "bnVsbA=="
        }
      ]
    },
    {
      "module": "module.s3-bucket",
      "mode": "managed",
      "type": "aws_cloudfront_origin_access_identity",
      "name": "s3_origin_access_identity",
      "provider": "provider.aws",
      "instances": [
        {
          "schema_version": 0,
          "attributes": {
            "caller_reference": "terraform-20200727224616389600000001",
            "cloudfront_access_identity_path": "origin-access-identity/cloudfront/E1CE9B6229OSMZ",
            "comment": "Cloud front Access for Portal",
            "etag": "E191GML5C7G6Z1",
            "iam_arn": "arn:aws:iam::cloudfront:user/CloudFront Origin Access Identity E1CE9B6229OSMZ",
            "id": "E1CE9B6229OSMZ",
            "s3_canonical_user_id": "cd75a7cb5fd5dc0d9867d57e9b197f20385b7c9bf05321b479771e10e11c23c1a483a21756ce8ee0af9b8d743f3de4ce"
          },
          "private": "bnVsbA=="
        }
      ]
    },
    {
      "module": "module.cloud_watch",
      "mode": "managed",
      "type": "aws_cloudwatch_log_group",
      "name": "ecs-log-group",
      "provider": "provider.aws",
      "instances": [
        {
          "schema_version": 0,
          "attributes": {
            "arn": "arn:aws:logs:us-west-2:437642037048:log-group:sandbox-log-group:*",
            "id": "sandbox-log-group",
            "kms_key_id": "",
            "name": "sandbox-log-group",
            "name_prefix": null,
            "retention_in_days": 0,
            "tags": {
              "Environment": "sandbox",
              "Tenant": "sandbox"
            }
          },
          "private": "bnVsbA=="
        }
      ]
    },
    {
      "module": "module.rds",
      "mode": "managed",
      "type": "aws_db_instance",
      "name": "rds-db-resource",
      "provider": "provider.aws",
      "instances": [
        {
          "schema_version": 1,
          "attributes": {
            "address": "denzi-sandbox-instance.c18cyjaufid6.us-west-2.rds.amazonaws.com",
            "allocated_storage": 20,
            "allow_major_version_upgrade": null,
            "apply_immediately": true,
            "arn": "arn:aws:rds:us-west-2:437642037048:db:denzi-sandbox-instance",
            "auto_minor_version_upgrade": true,
            "availability_zone": "us-west-2a",
            "backup_retention_period": 10,
            "backup_window": "09:46-10:16",
            "ca_cert_identifier": "rds-ca-2019",
            "character_set_name": null,
            "copy_tags_to_snapshot": false,
            "db_subnet_group_name": "sandboxdbservice-subnet-name",
            "delete_automated_backups": true,
            "deletion_protection": false,
            "domain": "",
            "domain_iam_role_name": "",
            "enabled_cloudwatch_logs_exports": null,
            "endpoint": "denzi-sandbox-instance.c18cyjaufid6.us-west-2.rds.amazonaws.com:3306",
            "engine": "mysql",
            "engine_version": "5.7.26",
            "final_snapshot_identifier": null,
            "hosted_zone_id": "Z1PVIF0B656C1W",
            "iam_database_authentication_enabled": false,
            "id": "denzi-sandbox-instance",
            "identifier": "denzi-sandbox-instance",
            "identifier_prefix": null,
            "instance_class": "db.m4.large",
            "iops": 0,
            "kms_key_id": "",
            "license_model": "general-public-license",
            "maintenance_window": "sun:10:32-sun:11:02",
            "max_allocated_storage": 0,
            "monitoring_interval": 0,
            "monitoring_role_arn": "",
            "multi_az": true,
            "name": "sandboxdbservice",
            "option_group_name": "default:mysql-5-7",
            "parameter_group_name": "default.mysql5.7",
            "password": "tenant123$",
            "performance_insights_enabled": false,
            "performance_insights_kms_key_id": "",
            "performance_insights_retention_period": 0,
            "port": 3306,
            "publicly_accessible": false,
            "replicas": [],
            "replicate_source_db": "",
            "resource_id": "db-GGE4BTVIZUAXLE5V3HWQAXFRTY",
            "s3_import": [],
            "security_group_names": null,
            "skip_final_snapshot": true,
            "snapshot_identifier": null,
            "status": "available",
            "storage_encrypted": false,
            "storage_type": "gp2",
            "tags": {
              "Environment": "sandbox",
              "Tenant": "sandbox"
            },
            "timeouts": null,
            "timezone": "",
            "username": "sandbox",
            "vpc_security_group_ids": [
              "sg-00d7546b2801ef031"
            ]
          },
          "private": "eyJlMmJmYjczMC1lY2FhLTExZTYtOGY4OC0zNDM2M2JjN2M0YzAiOnsiY3JlYXRlIjoyNDAwMDAwMDAwMDAwLCJkZWxldGUiOjI0MDAwMDAwMDAwMDAsInVwZGF0ZSI6NDgwMDAwMDAwMDAwMH0sInNjaGVtYV92ZXJzaW9uIjoiMSJ9",
          "dependencies": [
            "module.rds.aws_db_subnet_group.rds-db-subnet",
            "module.rds.aws_security_group.rds-security-group",
            "module.vpc.aws_subnet.private_subnet",
            "module.vpc.aws_vpc.main"
          ]
        }
      ]
    },
    {
      "module": "module.rds",
      "mode": "managed",
      "type": "aws_db_subnet_group",
      "name": "rds-db-subnet",
      "provider": "provider.aws",
      "instances": [
        {
          "schema_version": 0,
          "attributes": {
            "arn": "arn:aws:rds:us-west-2:437642037048:subgrp:sandboxdbservice-subnet-name",
            "description": "Managed by Terraform",
            "id": "sandboxdbservice-subnet-name",
            "name": "sandboxdbservice-subnet-name",
            "name_prefix": null,
            "subnet_ids": [
              "subnet-0369aea93650ebb56",
              "subnet-06e61cf3ee9016d0c"
            ],
            "tags": null
          },
          "private": "bnVsbA==",
          "dependencies": [
            "module.vpc.aws_subnet.private_subnet",
            "module.vpc.aws_vpc.main"
          ]
        }
      ]
    },
    {
      "mode": "managed",
      "type": "aws_ecs_cluster",
      "name": "ecs-cluster",
      "provider": "provider.aws",
      "instances": [
        {
          "schema_version": 0,
          "attributes": {
            "arn": "arn:aws:ecs:us-west-2:437642037048:cluster/sandbox-ecs-cluster",
            "capacity_providers": null,
            "default_capacity_provider_strategy": [],
            "id": "arn:aws:ecs:us-west-2:437642037048:cluster/sandbox-ecs-cluster",
            "name": "sandbox-ecs-cluster",
            "setting": [
              {
                "name": "containerInsights",
                "value": "disabled"
              }
            ],
            "tags": null
          },
          "private": "bnVsbA=="
        }
      ]
    },
    {
      "module": "module.ecs_fargate",
      "mode": "managed",
      "type": "aws_ecs_service",
      "name": "default",
      "each": "list",
      "provider": "provider.aws",
      "instances": [
        {
          "index_key": 0,
          "schema_version": 0,
          "attributes": {
            "capacity_provider_strategy": [],
            "cluster": "arn:aws:ecs:us-west-2:437642037048:cluster/sandbox-ecs-cluster",
            "deployment_controller": [
              {
                "type": "ECS"
              }
            ],
            "deployment_maximum_percent": 200,
            "deployment_minimum_healthy_percent": 100,
            "desired_count": 1,
            "enable_ecs_managed_tags": false,
            "force_new_deployment": null,
            "health_check_grace_period_seconds": 10,
            "iam_role": "aws-service-role",
            "id": "arn:aws:ecs:us-west-2:437642037048:service/sandbox-task-definition",
            "launch_type": "FARGATE",
            "load_balancer": [
              {
                "container_name": "sandbox-service",
                "container_port": 8080,
                "elb_name": "",
                "target_group_arn": "arn:aws:elasticloadbalancing:us-west-2:437642037048:targetgroup/sandbox-fargate-lb/b7d579563621cdb6"
              }
            ],
            "name": "sandbox-task-definition",
            "network_configuration": [
              {
                "assign_public_ip": true,
                "security_groups": [
                  "sg-0b75f74bbdf820a8e"
                ],
                "subnets": [
                  "subnet-00762a383f40c9705",
                  "subnet-0db42e90214a3df18"
                ]
              }
            ],
            "ordered_placement_strategy": [],
            "placement_constraints": [],
            "placement_strategy": [],
            "platform_version": "LATEST",
            "propagate_tags": "NONE",
            "scheduling_strategy": "REPLICA",
            "service_registries": [],
            "tags": null,
            "task_definition": "arn:aws:ecs:us-west-2:437642037048:task-definition/sandbox-task-definition:2",
            "timeouts": null
          },
          "private": "eyJlMmJmYjczMC1lY2FhLTExZTYtOGY4OC0zNDM2M2JjN2M0YzAiOnsiZGVsZXRlIjoxMjAwMDAwMDAwMDAwfX0=",
          "dependencies": [
            "aws_ecs_cluster.ecs-cluster",
            "aws_iam_role.default",
            "module.alb.aws_lb.default",
            "module.alb.aws_lb_target_group.default",
            "module.alb.aws_security_group.default",
            "module.cloud_watch.aws_cloudwatch_log_group.ecs-log-group",
            "module.cloudfront.aws_cloudfront_distribution.cdn",
            "module.ecs_fargate.aws_ecs_task_definition.default",
            "module.ecs_fargate.aws_iam_role.default",
            "module.ecs_fargate.aws_security_group.default",
            "module.rds.aws_db_instance.rds-db-resource",
            "module.rds.aws_db_subnet_group.rds-db-subnet",
            "module.rds.aws_security_group.rds-security-group",
            "module.s3-bucket.aws_cloudfront_origin_access_identity.s3_origin_access_identity",
            "module.s3-bucket.aws_s3_bucket.s3_bucket",
            "module.s3_access_log.aws_s3_bucket.default",
            "module.s3_lb_log.aws_s3_bucket.default",
            "module.vpc.aws_subnet.private_subnet",
            "module.vpc.aws_subnet.public_subnet",
            "module.vpc.aws_vpc.main"
          ]
        }
      ]
    },
    {
      "module": "module.ecs_fargate",
      "mode": "managed",
      "type": "aws_ecs_task_definition",
      "name": "default",
      "each": "list",
      "provider": "provider.aws",
      "instances": [
        {
          "index_key": 0,
          "schema_version": 1,
          "attributes": {
            "arn": "arn:aws:ecs:us-west-2:437642037048:task-definition/sandbox-task-definition:2",
            "container_definitions": "[{\"cpu\":0,\"environment\":[{\"name\":\"APPLICATION_DENZI_MFA-SWITCH-ENABLED\",\"value\":\"false\"},{\"name\":\"APPLICATION_UI_URL\",\"value\":\"https://d3i0lxexgs4ica.cloudfront.net\"},{\"name\":\"AWS_ACCESS_KEY_ID\",\"value\":\"AKIAWLZL7Q44PRBG7GKL\"},{\"name\":\"AWS_SECRET_ACCESS_KEY\",\"value\":\"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\"},{\"name\":\"HIBERNATE_CACHE_USE_QUERY_CACHE\",\"value\":\"*\"},{\"name\":\"JHIPSTER_CORS_ALLOWED-HEADER\",\"value\":\"*\"},{\"name\":\"JHIPSTER_CORS_ALLOWED-METHODS\",\"value\":\"GET, PUT, POST, DELETE, OPTIONS\"},{\"name\":\"JHIPSTER_CORS_ALLOWED-ORIGINS\",\"value\":\"*\"},{\"name\":\"JHIPSTER_CORS_MAX-AGE\",\"value\":\"1800\"},{\"name\":\"JHIPSTER_MAIL_BASE-URL\",\"value\":\"https://d3i0lxexgs4ica.cloudfront.net\"},{\"name\":\"JHIPSTER_MAIL_FROM\",\"value\":\"nagendra@velocityworks.io\"},{\"name\":\"JHIPSTER_SECURITY_AUTHENTICATION_JWT_SECRET\",\"value\":\"adVS8Rrqc9g/3n6W4ISRTXZpDAqCPdtb6Lck57m13lVS8Rrqc9g/3n6W4ISRTXZpDAqCPdtb6Lck57m13lVS8Rrqc9g/3n6W4ISRTXZpDAqCPdtb6Lck57m13l\"},{\"name\":\"JHIPSTER_SLEEP\",\"value\":\"0\"},{\"name\":\"LIQUIBASE_ENABLED\",\"value\":\"true\"},{\"name\":\"LOGGING_LOGGER_GROUPNAME\",\"value\":\"sandbox-sandbox-group\"},{\"name\":\"LOGGING_LOGGER_STREAMNAME\",\"value\":\"sandbox-sandbox-app\"},{\"name\":\"SPRING_DATASOURCE_PASSWORD\",\"value\":\"tenant123$\"},{\"name\":\"SPRING_DATASOURCE_URL\",\"value\":\"jdbc:mysql://denzi-sandbox-instance.c18cyjaufid6.us-west-2.rds.amazonaws.com:3306/sandboxdbservice?useUnicode=true\u0026characterEncoding=utf8\u0026useSSL=false\"},{\"name\":\"SPRING_DATASOURCE_USERNAME\",\"value\":\"sandbox\"},{\"name\":\"SPRING_JPA_PROPERTIES_HIBERNATE_CACHE_USE_SECOND_LEVEL_CACHE\",\"value\":\"false\"},{\"name\":\"SPRING_MAIL_HOST\",\"value\":\"email-smtp.us-east-1.amazonaws.com\"},{\"name\":\"SPRING_MAIL_PASSWORD\",\"value\":\"BLYjRaohGR/xIaDv3BIPnPlTghIbr5+lSg8zHO7j198x\"},{\"name\":\"SPRING_MAIL_USERNAME\",\"value\":\"AKIAWLZL7Q44A4YUGA4R\"},{\"name\":\"SPRING_PROFILES_ACTIVE\",\"value\":\"prod,swagger\"}],\"essential\":true,\"image\":\"437642037048.dkr.ecr.us-east-2.amazonaws.com/denzi-service:latest\",\"logConfiguration\":{\"logDriver\":\"awslogs\",\"options\":{\"awslogs-group\":\"sandbox-log-group\",\"awslogs-region\":\"us-west-2\",\"awslogs-stream-prefix\":\"sandbox-app\"}},\"mountPoints\":[],\"name\":\"sandbox-service\",\"portMappings\":[{\"containerPort\":8080,\"hostPort\":8080,\"protocol\":\"tcp\"}],\"volumesFrom\":[]}]",
            "cpu": "1024",
            "execution_role_arn": "arn:aws:iam::437642037048:role/service_role/sandbox-task-definition-ecs-task-execution",
            "family": "sandbox-task-definition",
            "id": "sandbox-task-definition",
            "inference_accelerator": [],
            "ipc_mode": "",
            "memory": "4096",
            "network_mode": "awsvpc",
            "pid_mode": "",
            "placement_constraints": [],
            "proxy_configuration": [],
            "requires_compatibilities": [
              "FARGATE"
            ],
            "revision": 2,
            "tags": {
              "Environment": "sandbox",
              "Name": "sandbox-task-definition",
              "Tenant": "sandbox"
            },
            "task_role_arn": "",
            "volume": []
          },
          "private": "eyJzY2hlbWFfdmVyc2lvbiI6IjEifQ==",
          "dependencies": [
            "aws_iam_role.default",
            "module.alb.aws_lb.default",
            "module.alb.aws_lb_target_group.default",
            "module.alb.aws_security_group.default",
            "module.cloud_watch.aws_cloudwatch_log_group.ecs-log-group",
            "module.cloudfront.aws_cloudfront_distribution.cdn",
            "module.ecs_fargate.aws_iam_role.default",
            "module.rds.aws_db_instance.rds-db-resource",
            "module.rds.aws_db_subnet_group.rds-db-subnet",
            "module.rds.aws_security_group.rds-security-group",
            "module.s3-bucket.aws_cloudfront_origin_access_identity.s3_origin_access_identity",
            "module.s3-bucket.aws_s3_bucket.s3_bucket",
            "module.s3_access_log.aws_s3_bucket.default",
            "module.s3_lb_log.aws_s3_bucket.default",
            "module.vpc.aws_subnet.private_subnet",
            "module.vpc.aws_subnet.public_subnet",
            "module.vpc.aws_vpc.main"
          ]
        }
      ]
    },
    {
      "module": "module.vpc",
      "mode": "managed",
      "type": "aws_eip",
      "name": "nat_gateway",
      "each": "list",
      "provider": "provider.aws",
      "instances": [
        {
          "index_key": 0,
          "schema_version": 0,
          "attributes": {
            "allocation_id": null,
            "associate_with_private_ip": null,
            "association_id": "",
            "customer_owned_ip": "",
            "customer_owned_ipv4_pool": "",
            "domain": "vpc",
            "id": "eipalloc-0313dac70cb92e38f",
            "instance": "",
            "network_interface": "",
            "private_dns": null,
            "private_ip": "",
            "public_dns": "ec2-52-12-43-117.us-west-2.compute.amazonaws.com",
            "public_ip": "52.12.43.117",
            "public_ipv4_pool": "amazon",
            "tags": {
              "Environment": "sandbox",
              "Name": "sandbox-ecs-fargate-nat-0",
              "Tenant": "sandbox"
            },
            "timeouts": null,
            "vpc": true
          },
          "private": "eyJlMmJmYjczMC1lY2FhLTExZTYtOGY4OC0zNDM2M2JjN2M0YzAiOnsiZGVsZXRlIjoxODAwMDAwMDAwMDAsInJlYWQiOjkwMDAwMDAwMDAwMCwidXBkYXRlIjozMDAwMDAwMDAwMDB9fQ==",
          "dependencies": [
            "module.vpc.aws_internet_gateway.gw",
            "module.vpc.aws_vpc.main"
          ]
        },
        {
          "index_key": 1,
          "schema_version": 0,
          "attributes": {
            "allocation_id": null,
            "associate_with_private_ip": null,
            "association_id": "",
            "customer_owned_ip": "",
            "customer_owned_ipv4_pool": "",
            "domain": "vpc",
            "id": "eipalloc-031721f36ae5142cb",
            "instance": "",
            "network_interface": "",
            "private_dns": null,
            "private_ip": "",
            "public_dns": "ec2-52-42-31-239.us-west-2.compute.amazonaws.com",
            "public_ip": "52.42.31.239",
            "public_ipv4_pool": "amazon",
            "tags": {
              "Environment": "sandbox",
              "Name": "sandbox-ecs-fargate-nat-1",
              "Tenant": "sandbox"
            },
            "timeouts": null,
            "vpc": true
          },
          "private": "eyJlMmJmYjczMC1lY2FhLTExZTYtOGY4OC0zNDM2M2JjN2M0YzAiOnsiZGVsZXRlIjoxODAwMDAwMDAwMDAsInJlYWQiOjkwMDAwMDAwMDAwMCwidXBkYXRlIjozMDAwMDAwMDAwMDB9fQ==",
          "dependencies": [
            "module.vpc.aws_internet_gateway.gw",
            "module.vpc.aws_vpc.main"
          ]
        }
      ]
    },
    {
      "mode": "managed",
      "type": "aws_iam_policy",
      "name": "default",
      "provider": "provider.aws",
      "instances": [
        {
          "schema_version": 0,
          "attributes": {
            "arn": "arn:aws:iam::437642037048:policy/sandbox-ecs-task-execution-for-ecs-fargate",
            "description": "",
            "id": "arn:aws:iam::437642037048:policy/sandbox-ecs-task-execution-for-ecs-fargate",
            "name": "sandbox-ecs-task-execution-for-ecs-fargate",
            "name_prefix": null,
            "path": "/",
            "policy": "{\n  \"Version\": \"2012-10-17\",\n  \"Statement\": [\n    {\n      \"Effect\": \"Allow\",\n      \"Action\": [\n        \"ecr:GetAuthorizationToken\",\n        \"ecr:BatchCheckLayerAvailability\",\n        \"ecr:GetDownloadUrlForLayer\",\n        \"ecr:BatchGetImage\",\n        \"logs:CreateLogStream\",\n        \"logs:PutLogEvents\"\n      ],\n      \"Resource\": \"*\"\n    }\n  ]\n}"
          },
          "private": "bnVsbA==",
          "dependencies": [
            "aws_iam_role.default"
          ]
        }
      ]
    },
    {
      "module": "module.ecs_fargate",
      "mode": "managed",
      "type": "aws_iam_policy",
      "name": "default",
      "each": "list",
      "provider": "provider.aws",
      "instances": [
        {
          "index_key": 0,
          "schema_version": 0,
          "attributes": {
            "arn": "arn:aws:iam::437642037048:policy/service_role/sandbox-task-definition-ecs-task-execution",
            "description": "This is sandbox",
            "id": "arn:aws:iam::437642037048:policy/service_role/sandbox-task-definition-ecs-task-execution",
            "name": "sandbox-task-definition-ecs-task-execution",
            "name_prefix": null,
            "path": "/service_role/",
            "policy": "{\n  \"Version\": \"2012-10-17\",\n  \"Statement\": [\n    {\n      \"Effect\": \"Allow\",\n      \"Action\": [\n        \"ecr:GetAuthorizationToken\",\n        \"ecr:BatchCheckLayerAvailability\",\n        \"ecr:GetDownloadUrlForLayer\",\n        \"ecr:BatchGetImage\",\n        \"logs:CreateLogStream\",\n        \"logs:PutLogEvents\"\n      ],\n      \"Resource\": \"*\"\n    }\n  ]\n}"
          },
          "private": "bnVsbA=="
        }
      ]
    },
    {
      "mode": "managed",
      "type": "aws_iam_role",
      "name": "default",
      "provider": "provider.aws",
      "instances": [
        {
          "schema_version": 0,
          "attributes": {
            "arn": "arn:aws:iam::437642037048:role/sandbox-ecs-task-execution-for-ecs-fargate",
            "assume_role_policy": "{\"Version\":\"2012-10-17\",\"Statement\":[{\"Sid\":\"\",\"Effect\":\"Allow\",\"Principal\":{\"Service\":[\"ecs-tasks.amazonaws.com\",\"ecs.amazonaws.com\"]},\"Action\":\"sts:AssumeRole\"}]}",
            "create_date": "2020-07-27T22:46:16Z",
            "description": "",
            "force_detach_policies": false,
            "id": "sandbox-ecs-task-execution-for-ecs-fargate",
            "max_session_duration": 3600,
            "name": "sandbox-ecs-task-execution-for-ecs-fargate",
            "name_prefix": null,
            "path": "/",
            "permissions_boundary": null,
            "tags": null,
            "unique_id": "AROAWLZL7Q44F5EHZ6JTD"
          },
          "private": "bnVsbA=="
        }
      ]
    },
    {
      "module": "module.ecs_fargate",
      "mode": "managed",
      "type": "aws_iam_role",
      "name": "default",
      "each": "list",
      "provider": "provider.aws",
      "instances": [
        {
          "index_key": 0,
          "schema_version": 0,
          "attributes": {
            "arn": "arn:aws:iam::437642037048:role/service_role/sandbox-task-definition-ecs-task-execution",
            "assume_role_policy": "{\"Version\":\"2012-10-17\",\"Statement\":[{\"Sid\":\"\",\"Effect\":\"Allow\",\"Principal\":{\"Service\":\"ecs-tasks.amazonaws.com\"},\"Action\":\"sts:AssumeRole\"}]}",
            "create_date": "2020-07-27T22:46:16Z",
            "description": "This is sandbox",
            "force_detach_policies": false,
            "id": "sandbox-task-definition-ecs-task-execution",
            "max_session_duration": 3600,
            "name": "sandbox-task-definition-ecs-task-execution",
            "name_prefix": null,
            "path": "/service_role/",
            "permissions_boundary": null,
            "tags": {
              "Environment": "sandbox",
              "Name": "sandbox-task-definition-ecs-task-execution",
              "Tenant": "sandbox"
            },
            "unique_id": "AROAWLZL7Q44JV3VCQCAY"
          },
          "private": "bnVsbA=="
        }
      ]
    },
    {
      "mode": "managed",
      "type": "aws_iam_role_policy_attachment",
      "name": "default",
      "provider": "provider.aws",
      "instances": [
        {
          "schema_version": 0,
          "attributes": {
            "id": "sandbox-ecs-task-execution-for-ecs-fargate-20200727224618879200000005",
            "policy_arn": "arn:aws:iam::437642037048:policy/sandbox-ecs-task-execution-for-ecs-fargate",
            "role": "sandbox-ecs-task-execution-for-ecs-fargate"
          },
          "private": "bnVsbA==",
          "dependencies": [
            "aws_iam_policy.default",
            "aws_iam_role.default"
          ]
        }
      ]
    },
    {
      "module": "module.ecs_fargate",
      "mode": "managed",
      "type": "aws_iam_role_policy_attachment",
      "name": "default",
      "each": "list",
      "provider": "provider.aws",
      "instances": [
        {
          "index_key": 0,
          "schema_version": 0,
          "attributes": {
            "id": "sandbox-task-definition-ecs-task-execution-20200727224618008200000003",
            "policy_arn": "arn:aws:iam::437642037048:policy/service_role/sandbox-task-definition-ecs-task-execution",
            "role": "sandbox-task-definition-ecs-task-execution"
          },
          "private": "bnVsbA==",
          "dependencies": [
            "module.ecs_fargate.aws_iam_policy.default",
            "module.ecs_fargate.aws_iam_role.default"
          ]
        }
      ]
    },
    {
      "module": "module.vpc",
      "mode": "managed",
      "type": "aws_internet_gateway",
      "name": "gw",
      "provider": "provider.aws",
      "instances": [
        {
          "schema_version": 0,
          "attributes": {
            "arn": "arn:aws:ec2:us-west-2:437642037048:internet-gateway/igw-0a7190615e0597545",
            "id": "igw-0a7190615e0597545",
            "owner_id": "437642037048",
            "tags": {
              "Environment": "sandbox",
              "Name": "sandbox-ecs-fargate",
              "Tenant": "sandbox"
            },
            "vpc_id": "vpc-027e37658884e13b8"
          },
          "private": "bnVsbA==",
          "dependencies": [
            "module.vpc.aws_vpc.main"
          ]
        }
      ]
    },
    {
      "module": "module.alb",
      "mode": "managed",
      "type": "aws_lb",
      "name": "default",
      "each": "list",
      "provider": "provider.aws",
      "instances": [
        {
          "index_key": 0,
          "schema_version": 0,
          "attributes": {
            "access_logs": [
              {
                "bucket": "sandbox-s3-lb-log-ecs-fargate-437642037048",
                "enabled": true,
                "prefix": "test"
              }
            ],
            "arn": "arn:aws:elasticloadbalancing:us-west-2:437642037048:loadbalancer/app/sandbox-fargate-lb/738be19616d8ba98",
            "arn_suffix": "app/sandbox-fargate-lb/738be19616d8ba98",
            "dns_name": "sandbox-fargate-lb-1634216151.us-west-2.elb.amazonaws.com",
            "drop_invalid_header_fields": false,
            "enable_cross_zone_load_balancing": null,
            "enable_deletion_protection": false,
            "enable_http2": false,
            "id": "arn:aws:elasticloadbalancing:us-west-2:437642037048:loadbalancer/app/sandbox-fargate-lb/738be19616d8ba98",
            "idle_timeout": 120,
            "internal": false,
            "ip_address_type": "ipv4",
            "load_balancer_type": "application",
            "name": "sandbox-fargate-lb",
            "name_prefix": null,
            "security_groups": [
              "sg-02fd2fff3d70b4767"
            ],
            "subnet_mapping": [
              {
                "allocation_id": "",
                "subnet_id": "subnet-00762a383f40c9705"
              },
              {
                "allocation_id": "",
                "subnet_id": "subnet-0db42e90214a3df18"
              }
            ],
            "subnets": [
              "subnet-00762a383f40c9705",
              "subnet-0db42e90214a3df18"
            ],
            "tags": {
              "Environment": "sandbox",
              "Tenant": "sandbox"
            },
            "timeouts": null,
            "vpc_id": "vpc-027e37658884e13b8",
            "zone_id": "Z1H1FL5HABSF5"
          },
          "private": "eyJlMmJmYjczMC1lY2FhLTExZTYtOGY4OC0zNDM2M2JjN2M0YzAiOnsiY3JlYXRlIjo2MDAwMDAwMDAwMDAsImRlbGV0ZSI6NjAwMDAwMDAwMDAwLCJ1cGRhdGUiOjYwMDAwMDAwMDAwMH19",
          "dependencies": [
            "module.alb.aws_security_group.default",
            "module.s3_access_log.aws_s3_bucket.default",
            "module.s3_lb_log.aws_s3_bucket.default",
            "module.vpc.aws_subnet.public_subnet",
            "module.vpc.aws_vpc.main"
          ]
        }
      ]
    },
    {
      "module": "module.alb",
      "mode": "managed",
      "type": "aws_lb_listener",
      "name": "http",
      "each": "list",
      "provider": "provider.aws",
      "instances": [
        {
          "index_key": 0,
          "schema_version": 0,
          "attributes": {
            "arn": "arn:aws:elasticloadbalancing:us-west-2:437642037048:listener/app/sandbox-fargate-lb/738be19616d8ba98/75e58efaab4e532d",
            "certificate_arn": null,
            "default_action": [
              {
                "authenticate_cognito": [],
                "authenticate_oidc": [],
                "fixed_response": [
                  {
                    "content_type": "text/plain",
                    "message_body": "ok",
                    "status_code": "200"
                  }
                ],
                "forward": [],
                "order": 1,
                "redirect": [],
                "target_group_arn": "",
                "type": "fixed-response"
              }
            ],
            "id": "arn:aws:elasticloadbalancing:us-west-2:437642037048:listener/app/sandbox-fargate-lb/738be19616d8ba98/75e58efaab4e532d",
            "load_balancer_arn": "arn:aws:elasticloadbalancing:us-west-2:437642037048:loadbalancer/app/sandbox-fargate-lb/738be19616d8ba98",
            "port": 80,
            "protocol": "HTTP",
            "ssl_policy": "",
            "timeouts": null
          },
          "private": "eyJlMmJmYjczMC1lY2FhLTExZTYtOGY4OC0zNDM2M2JjN2M0YzAiOnsicmVhZCI6NjAwMDAwMDAwMDAwfX0=",
          "dependencies": [
            "module.alb.aws_lb.default",
            "module.alb.aws_security_group.default",
            "module.s3_access_log.aws_s3_bucket.default",
            "module.s3_lb_log.aws_s3_bucket.default",
            "module.vpc.aws_subnet.public_subnet",
            "module.vpc.aws_vpc.main"
          ]
        }
      ]
    },
    {
      "module": "module.alb",
      "mode": "managed",
      "type": "aws_lb_listener",
      "name": "https",
      "each": "list",
      "provider": "provider.aws",
      "instances": []
    },
    {
      "module": "module.alb",
      "mode": "managed",
      "type": "aws_lb_listener",
      "name": "redirect_http_to_https",
      "each": "list",
      "provider": "provider.aws",
      "instances": []
    },
    {
      "module": "module.alb",
      "mode": "managed",
      "type": "aws_lb_listener_rule",
      "name": "http",
      "each": "list",
      "provider": "provider.aws",
      "instances": [
        {
          "index_key": 0,
          "schema_version": 0,
          "attributes": {
            "action": [
              {
                "authenticate_cognito": [],
                "authenticate_oidc": [],
                "fixed_response": [],
                "forward": [],
                "order": 1,
                "redirect": [],
                "target_group_arn": "arn:aws:elasticloadbalancing:us-west-2:437642037048:targetgroup/sandbox-fargate-lb/b7d579563621cdb6",
                "type": "forward"
              }
            ],
            "arn": "arn:aws:elasticloadbalancing:us-west-2:437642037048:listener-rule/app/sandbox-fargate-lb/738be19616d8ba98/75e58efaab4e532d/613db0c422ee9959",
            "condition": [
              {
                "field": "path-pattern",
                "host_header": [],
                "http_header": [],
                "http_request_method": [],
                "path_pattern": [
                  {
                    "values": [
                      "/*"
                    ]
                  }
                ],
                "query_string": [],
                "source_ip": [],
                "values": [
                  "/*"
                ]
              }
            ],
            "id": "arn:aws:elasticloadbalancing:us-west-2:437642037048:listener-rule/app/sandbox-fargate-lb/738be19616d8ba98/75e58efaab4e532d/613db0c422ee9959",
            "listener_arn": "arn:aws:elasticloadbalancing:us-west-2:437642037048:listener/app/sandbox-fargate-lb/738be19616d8ba98/75e58efaab4e532d",
            "priority": 1
          },
          "private": "bnVsbA==",
          "dependencies": [
            "module.alb.aws_lb.default",
            "module.alb.aws_lb_listener.http",
            "module.alb.aws_lb_target_group.default",
            "module.alb.aws_security_group.default",
            "module.s3_access_log.aws_s3_bucket.default",
            "module.s3_lb_log.aws_s3_bucket.default",
            "module.vpc.aws_subnet.public_subnet",
            "module.vpc.aws_vpc.main"
          ]
        }
      ]
    },
    {
      "module": "module.alb",
      "mode": "managed",
      "type": "aws_lb_listener_rule",
      "name": "https",
      "each": "list",
      "provider": "provider.aws",
      "instances": []
    },
    {
      "module": "module.alb",
      "mode": "managed",
      "type": "aws_lb_target_group",
      "name": "default",
      "each": "list",
      "provider": "provider.aws",
      "instances": [
        {
          "index_key": 0,
          "schema_version": 0,
          "attributes": {
            "arn": "arn:aws:elasticloadbalancing:us-west-2:437642037048:targetgroup/sandbox-fargate-lb/b7d579563621cdb6",
            "arn_suffix": "targetgroup/sandbox-fargate-lb/b7d579563621cdb6",
            "deregistration_delay": 600,
            "health_check": [
              {
                "enabled": true,
                "healthy_threshold": 5,
                "interval": 200,
                "matcher": "200",
                "path": "/management/health",
                "port": "traffic-port",
                "protocol": "HTTP",
                "timeout": 120,
                "unhealthy_threshold": 3
              }
            ],
            "id": "arn:aws:elasticloadbalancing:us-west-2:437642037048:targetgroup/sandbox-fargate-lb/b7d579563621cdb6",
            "lambda_multi_value_headers_enabled": false,
            "load_balancing_algorithm_type": "round_robin",
            "name": "sandbox-fargate-lb",
            "name_prefix": null,
            "port": 8080,
            "protocol": "HTTP",
            "proxy_protocol_v2": false,
            "slow_start": 0,
            "stickiness": [
              {
                "cookie_duration": 86400,
                "enabled": false,
                "type": "lb_cookie"
              }
            ],
            "tags": {
              "Environment": "sandbox",
              "Tenant": "sandbox"
            },
            "target_type": "ip",
            "vpc_id": "vpc-027e37658884e13b8"
          },
          "private": "bnVsbA==",
          "dependencies": [
            "module.alb.aws_lb.default",
            "module.alb.aws_security_group.default",
            "module.s3_access_log.aws_s3_bucket.default",
            "module.s3_lb_log.aws_s3_bucket.default",
            "module.vpc.aws_subnet.public_subnet",
            "module.vpc.aws_vpc.main"
          ]
        }
      ]
    },
    {
      "module": "module.vpc",
      "mode": "managed",
      "type": "aws_nat_gateway",
      "name": "default",
      "each": "list",
      "provider": "provider.aws",
      "instances": [
        {
          "index_key": 0,
          "schema_version": 0,
          "attributes": {
            "allocation_id": "eipalloc-0313dac70cb92e38f",
            "id": "nat-0bcc18713440a54fc",
            "network_interface_id": "eni-0e897cf45968b0784",
            "private_ip": "17.255.0.153",
            "public_ip": "52.12.43.117",
            "subnet_id": "subnet-00762a383f40c9705",
            "tags": {
              "Environment": "sandbox",
              "Name": "sandbox-ecs-fargate-0",
              "Tenant": "sandbox"
            }
          },
          "private": "bnVsbA==",
          "dependencies": [
            "module.vpc.aws_eip.nat_gateway",
            "module.vpc.aws_internet_gateway.gw",
            "module.vpc.aws_subnet.public_subnet",
            "module.vpc.aws_vpc.main"
          ]
        },
        {
          "index_key": 1,
          "schema_version": 0,
          "attributes": {
            "allocation_id": "eipalloc-031721f36ae5142cb",
            "id": "nat-04948a2691cb4c99a",
            "network_interface_id": "eni-029ba10e3b2404a3d",
            "private_ip": "17.255.1.165",
            "public_ip": "52.42.31.239",
            "subnet_id": "subnet-0db42e90214a3df18",
            "tags": {
              "Environment": "sandbox",
              "Name": "sandbox-ecs-fargate-1",
              "Tenant": "sandbox"
            }
          },
          "private": "bnVsbA==",
          "dependencies": [
            "module.vpc.aws_eip.nat_gateway",
            "module.vpc.aws_internet_gateway.gw",
            "module.vpc.aws_subnet.public_subnet",
            "module.vpc.aws_vpc.main"
          ]
        }
      ]
    },
    {
      "module": "module.vpc",
      "mode": "managed",
      "type": "aws_network_acl",
      "name": "private",
      "provider": "provider.aws",
      "instances": [
        {
          "schema_version": 0,
          "attributes": {
            "arn": "arn:aws:ec2:us-west-2:437642037048:network-acl/acl-01ff1484c5d6284fd",
            "egress": [],
            "id": "acl-01ff1484c5d6284fd",
            "ingress": [],
            "owner_id": "437642037048",
            "subnet_id": null,
            "subnet_ids": [
              "subnet-0369aea93650ebb56",
              "subnet-06e61cf3ee9016d0c"
            ],
            "tags": {
              "Environment": "sandbox",
              "Name": "sandbox-ecs-fargate-private",
              "Tenant": "sandbox"
            },
            "vpc_id": "vpc-027e37658884e13b8"
          },
          "private": "bnVsbA==",
          "dependencies": [
            "module.vpc.aws_subnet.private_subnet",
            "module.vpc.aws_vpc.main"
          ]
        }
      ]
    },
    {
      "module": "module.vpc",
      "mode": "managed",
      "type": "aws_network_acl",
      "name": "public",
      "provider": "provider.aws",
      "instances": [
        {
          "schema_version": 0,
          "attributes": {
            "arn": "arn:aws:ec2:us-west-2:437642037048:network-acl/acl-079b0924834e1dce3",
            "egress": [],
            "id": "acl-079b0924834e1dce3",
            "ingress": [],
            "owner_id": "437642037048",
            "subnet_id": null,
            "subnet_ids": [
              "subnet-00762a383f40c9705",
              "subnet-0db42e90214a3df18"
            ],
            "tags": {
              "Environment": "sandbox",
              "Name": "sandbox-ecs-fargate-public",
              "Tenant": "sandbox"
            },
            "vpc_id": "vpc-027e37658884e13b8"
          },
          "private": "bnVsbA==",
          "dependencies": [
            "module.vpc.aws_subnet.public_subnet",
            "module.vpc.aws_vpc.main"
          ]
        }
      ]
    },
    {
      "module": "module.vpc",
      "mode": "managed",
      "type": "aws_network_acl_rule",
      "name": "private_egress",
      "provider": "provider.aws",
      "instances": [
        {
          "schema_version": 0,
          "attributes": {
            "cidr_block": "0.0.0.0/0",
            "egress": true,
            "from_port": 0,
            "icmp_code": null,
            "icmp_type": null,
            "id": "nacl-2006319522",
            "ipv6_cidr_block": "",
            "network_acl_id": "acl-01ff1484c5d6284fd",
            "protocol": "all",
            "rule_action": "allow",
            "rule_number": 100,
            "to_port": 0
          },
          "private": "bnVsbA==",
          "dependencies": [
            "module.vpc.aws_network_acl.private",
            "module.vpc.aws_subnet.private_subnet",
            "module.vpc.aws_vpc.main"
          ]
        }
      ]
    },
    {
      "module": "module.vpc",
      "mode": "managed",
      "type": "aws_network_acl_rule",
      "name": "private_ingress",
      "provider": "provider.aws",
      "instances": [
        {
          "schema_version": 0,
          "attributes": {
            "cidr_block": "0.0.0.0/0",
            "egress": false,
            "from_port": 0,
            "icmp_code": null,
            "icmp_type": null,
            "id": "nacl-1668388696",
            "ipv6_cidr_block": "",
            "network_acl_id": "acl-01ff1484c5d6284fd",
            "protocol": "all",
            "rule_action": "allow",
            "rule_number": 100,
            "to_port": 0
          },
          "private": "bnVsbA==",
          "dependencies": [
            "module.vpc.aws_network_acl.private",
            "module.vpc.aws_subnet.private_subnet",
            "module.vpc.aws_vpc.main"
          ]
        }
      ]
    },
    {
      "module": "module.vpc",
      "mode": "managed",
      "type": "aws_network_acl_rule",
      "name": "public_egress",
      "provider": "provider.aws",
      "instances": [
        {
          "schema_version": 0,
          "attributes": {
            "cidr_block": "0.0.0.0/0",
            "egress": true,
            "from_port": 0,
            "icmp_code": null,
            "icmp_type": null,
            "id": "nacl-136963846",
            "ipv6_cidr_block": "",
            "network_acl_id": "acl-079b0924834e1dce3",
            "protocol": "all",
            "rule_action": "allow",
            "rule_number": 100,
            "to_port": 0
          },
          "private": "bnVsbA==",
          "dependencies": [
            "module.vpc.aws_network_acl.public",
            "module.vpc.aws_subnet.public_subnet",
            "module.vpc.aws_vpc.main"
          ]
        }
      ]
    },
    {
      "module": "module.vpc",
      "mode": "managed",
      "type": "aws_network_acl_rule",
      "name": "public_ingress",
      "provider": "provider.aws",
      "instances": [
        {
          "schema_version": 0,
          "attributes": {
            "cidr_block": "0.0.0.0/0",
            "egress": false,
            "from_port": 0,
            "icmp_code": null,
            "icmp_type": null,
            "id": "nacl-2998226767",
            "ipv6_cidr_block": "",
            "network_acl_id": "acl-079b0924834e1dce3",
            "protocol": "all",
            "rule_action": "allow",
            "rule_number": 100,
            "to_port": 0
          },
          "private": "bnVsbA==",
          "dependencies": [
            "module.vpc.aws_network_acl.public",
            "module.vpc.aws_subnet.public_subnet",
            "module.vpc.aws_vpc.main"
          ]
        }
      ]
    },
    {
      "module": "module.vpc",
      "mode": "managed",
      "type": "aws_route",
      "name": "private",
      "each": "list",
      "provider": "provider.aws",
      "instances": [
        {
          "index_key": 0,
          "schema_version": 0,
          "attributes": {
            "destination_cidr_block": "0.0.0.0/0",
            "destination_ipv6_cidr_block": "",
            "destination_prefix_list_id": "",
            "egress_only_gateway_id": "",
            "gateway_id": "",
            "id": "r-rtb-02db89193d13375d01080289494",
            "instance_id": "",
            "instance_owner_id": "",
            "nat_gateway_id": "nat-0bcc18713440a54fc",
            "network_interface_id": "",
            "origin": "CreateRoute",
            "route_table_id": "rtb-02db89193d13375d0",
            "state": "active",
            "timeouts": null,
            "transit_gateway_id": "",
            "vpc_peering_connection_id": ""
          },
          "private": "eyJlMmJmYjczMC1lY2FhLTExZTYtOGY4OC0zNDM2M2JjN2M0YzAiOnsiY3JlYXRlIjoxMjAwMDAwMDAwMDAsImRlbGV0ZSI6MzAwMDAwMDAwMDAwfX0=",
          "dependencies": [
            "module.vpc.aws_eip.nat_gateway",
            "module.vpc.aws_internet_gateway.gw",
            "module.vpc.aws_nat_gateway.default",
            "module.vpc.aws_route_table.private",
            "module.vpc.aws_subnet.public_subnet",
            "module.vpc.aws_vpc.main"
          ]
        },
        {
          "index_key": 1,
          "schema_version": 0,
          "attributes": {
            "destination_cidr_block": "0.0.0.0/0",
            "destination_ipv6_cidr_block": "",
            "destination_prefix_list_id": "",
            "egress_only_gateway_id": "",
            "gateway_id": "",
            "id": "r-rtb-09523d0c9337059161080289494",
            "instance_id": "",
            "instance_owner_id": "",
            "nat_gateway_id": "nat-04948a2691cb4c99a",
            "network_interface_id": "",
            "origin": "CreateRoute",
            "route_table_id": "rtb-09523d0c933705916",
            "state": "active",
            "timeouts": null,
            "transit_gateway_id": "",
            "vpc_peering_connection_id": ""
          },
          "private": "eyJlMmJmYjczMC1lY2FhLTExZTYtOGY4OC0zNDM2M2JjN2M0YzAiOnsiY3JlYXRlIjoxMjAwMDAwMDAwMDAsImRlbGV0ZSI6MzAwMDAwMDAwMDAwfX0=",
          "dependencies": [
            "module.vpc.aws_eip.nat_gateway",
            "module.vpc.aws_internet_gateway.gw",
            "module.vpc.aws_nat_gateway.default",
            "module.vpc.aws_route_table.private",
            "module.vpc.aws_subnet.public_subnet",
            "module.vpc.aws_vpc.main"
          ]
        }
      ]
    },
    {
      "module": "module.vpc",
      "mode": "managed",
      "type": "aws_route",
      "name": "public",
      "provider": "provider.aws",
      "instances": [
        {
          "schema_version": 0,
          "attributes": {
            "destination_cidr_block": "0.0.0.0/0",
            "destination_ipv6_cidr_block": "",
            "destination_prefix_list_id": "",
            "egress_only_gateway_id": "",
            "gateway_id": "igw-0a7190615e0597545",
            "id": "r-rtb-0eba8ae521230dc4a1080289494",
            "instance_id": "",
            "instance_owner_id": "",
            "nat_gateway_id": "",
            "network_interface_id": "",
            "origin": "CreateRoute",
            "route_table_id": "rtb-0eba8ae521230dc4a",
            "state": "active",
            "timeouts": null,
            "transit_gateway_id": "",
            "vpc_peering_connection_id": ""
          },
          "private": "eyJlMmJmYjczMC1lY2FhLTExZTYtOGY4OC0zNDM2M2JjN2M0YzAiOnsiY3JlYXRlIjoxMjAwMDAwMDAwMDAsImRlbGV0ZSI6MzAwMDAwMDAwMDAwfX0=",
          "dependencies": [
            "module.vpc.aws_internet_gateway.gw",
            "module.vpc.aws_route_table.public",
            "module.vpc.aws_vpc.main"
          ]
        }
      ]
    },
    {
      "module": "module.vpc",
      "mode": "managed",
      "type": "aws_route_table",
      "name": "private",
      "each": "list",
      "provider": "provider.aws",
      "instances": [
        {
          "index_key": 0,
          "schema_version": 0,
          "attributes": {
            "id": "rtb-02db89193d13375d0",
            "owner_id": "437642037048",
            "propagating_vgws": [],
            "route": [],
            "tags": {
              "Environment": "sandbox",
              "Name": "sandbox-ecs-fargate-private-0",
              "Tenant": "sandbox"
            },
            "vpc_id": "vpc-027e37658884e13b8"
          },
          "private": "bnVsbA==",
          "dependencies": [
            "module.vpc.aws_vpc.main"
          ]
        },
        {
          "index_key": 1,
          "schema_version": 0,
          "attributes": {
            "id": "rtb-09523d0c933705916",
            "owner_id": "437642037048",
            "propagating_vgws": [],
            "route": [],
            "tags": {
              "Environment": "sandbox",
              "Name": "sandbox-ecs-fargate-private-1",
              "Tenant": "sandbox"
            },
            "vpc_id": "vpc-027e37658884e13b8"
          },
          "private": "bnVsbA==",
          "dependencies": [
            "module.vpc.aws_vpc.main"
          ]
        }
      ]
    },
    {
      "module": "module.vpc",
      "mode": "managed",
      "type": "aws_route_table",
      "name": "public",
      "provider": "provider.aws",
      "instances": [
        {
          "schema_version": 0,
          "attributes": {
            "id": "rtb-0eba8ae521230dc4a",
            "owner_id": "437642037048",
            "propagating_vgws": [],
            "route": [],
            "tags": {
              "Environment": "sandbox",
              "Name": "sandbox-ecs-fargate-public",
              "Tenant": "sandbox"
            },
            "vpc_id": "vpc-027e37658884e13b8"
          },
          "private": "bnVsbA==",
          "dependencies": [
            "module.vpc.aws_vpc.main"
          ]
        }
      ]
    },
    {
      "module": "module.vpc",
      "mode": "managed",
      "type": "aws_route_table_association",
      "name": "private",
      "each": "list",
      "provider": "provider.aws",
      "instances": [
        {
          "index_key": 0,
          "schema_version": 0,
          "attributes": {
            "gateway_id": null,
            "id": "rtbassoc-02fc8f44f8e0952b5",
            "route_table_id": "rtb-02db89193d13375d0",
            "subnet_id": "subnet-0369aea93650ebb56"
          },
          "private": "bnVsbA==",
          "dependencies": [
            "module.vpc.aws_route_table.private",
            "module.vpc.aws_subnet.private_subnet",
            "module.vpc.aws_vpc.main"
          ]
        },
        {
          "index_key": 1,
          "schema_version": 0,
          "attributes": {
            "gateway_id": null,
            "id": "rtbassoc-01d13f938d8c2775a",
            "route_table_id": "rtb-09523d0c933705916",
            "subnet_id": "subnet-06e61cf3ee9016d0c"
          },
          "private": "bnVsbA==",
          "dependencies": [
            "module.vpc.aws_route_table.private",
            "module.vpc.aws_subnet.private_subnet",
            "module.vpc.aws_vpc.main"
          ]
        }
      ]
    },
    {
      "module": "module.vpc",
      "mode": "managed",
      "type": "aws_route_table_association",
      "name": "public",
      "each": "list",
      "provider": "provider.aws",
      "instances": [
        {
          "index_key": 0,
          "schema_version": 0,
          "attributes": {
            "gateway_id": null,
            "id": "rtbassoc-0a7b59cf6429b6e6f",
            "route_table_id": "rtb-0eba8ae521230dc4a",
            "subnet_id": "subnet-00762a383f40c9705"
          },
          "private": "bnVsbA==",
          "dependencies": [
            "module.vpc.aws_route_table.public",
            "module.vpc.aws_subnet.public_subnet",
            "module.vpc.aws_vpc.main"
          ]
        },
        {
          "index_key": 1,
          "schema_version": 0,
          "attributes": {
            "gateway_id": null,
            "id": "rtbassoc-0e5575602555f8935",
            "route_table_id": "rtb-0eba8ae521230dc4a",
            "subnet_id": "subnet-0db42e90214a3df18"
          },
          "private": "bnVsbA==",
          "dependencies": [
            "module.vpc.aws_route_table.public",
            "module.vpc.aws_subnet.public_subnet",
            "module.vpc.aws_vpc.main"
          ]
        }
      ]
    },
    {
      "module": "module.s3_access_log",
      "mode": "managed",
      "type": "aws_s3_bucket",
      "name": "default",
      "provider": "provider.aws",
      "instances": [
        {
          "schema_version": 0,
          "attributes": {
            "acceleration_status": "",
            "acl": "log-delivery-write",
            "arn": "arn:aws:s3:::sandbox-s3-access-log-ecs-fargate-437642037048",
            "bucket": "sandbox-s3-access-log-ecs-fargate-437642037048",
            "bucket_domain_name": "sandbox-s3-access-log-ecs-fargate-437642037048.s3.amazonaws.com",
            "bucket_prefix": null,
            "bucket_regional_domain_name": "sandbox-s3-access-log-ecs-fargate-437642037048.s3.us-west-2.amazonaws.com",
            "cors_rule": [],
            "force_destroy": true,
            "grant": [],
            "hosted_zone_id": "Z3BJ6K6RIION7M",
            "id": "sandbox-s3-access-log-ecs-fargate-437642037048",
            "lifecycle_rule": [
              {
                "abort_incomplete_multipart_upload_days": 0,
                "enabled": true,
                "expiration": [
                  {
                    "date": "",
                    "days": 90,
                    "expired_object_delete_marker": false
                  }
                ],
                "id": "tf-s3-lifecycle-20200727224618784200000004",
                "noncurrent_version_expiration": [
                  {
                    "days": 60
                  }
                ],
                "noncurrent_version_transition": [
                  {
                    "days": 30,
                    "storage_class": "GLACIER"
                  }
                ],
                "prefix": "",
                "tags": null,
                "transition": [
                  {
                    "date": "",
                    "days": 30,
                    "storage_class": "STANDARD_IA"
                  },
                  {
                    "date": "",
                    "days": 60,
                    "storage_class": "GLACIER"
                  }
                ]
              }
            ],
            "logging": [],
            "object_lock_configuration": [],
            "policy": null,
            "region": "us-west-2",
            "replication_configuration": [],
            "request_payer": "BucketOwner",
            "server_side_encryption_configuration": [
              {
                "rule": [
                  {
                    "apply_server_side_encryption_by_default": [
                      {
                        "kms_master_key_id": "",
                        "sse_algorithm": "AES256"
                      }
                    ]
                  }
                ]
              }
            ],
            "tags": null,
            "versioning": [
              {
                "enabled": true,
                "mfa_delete": false
              }
            ],
            "website": [],
            "website_domain": null,
            "website_endpoint": null
          },
          "private": "bnVsbA=="
        }
      ]
    },
    {
      "module": "module.s3_lb_log",
      "mode": "managed",
      "type": "aws_s3_bucket",
      "name": "default",
      "provider": "provider.aws",
      "instances": [
        {
          "schema_version": 0,
          "attributes": {
            "acceleration_status": "",
            "acl": "private",
            "arn": "arn:aws:s3:::sandbox-s3-lb-log-ecs-fargate-437642037048",
            "bucket": "sandbox-s3-lb-log-ecs-fargate-437642037048",
            "bucket_domain_name": "sandbox-s3-lb-log-ecs-fargate-437642037048.s3.amazonaws.com",
            "bucket_prefix": null,
            "bucket_regional_domain_name": "sandbox-s3-lb-log-ecs-fargate-437642037048.s3.us-west-2.amazonaws.com",
            "cors_rule": [],
            "force_destroy": true,
            "grant": [],
            "hosted_zone_id": "Z3BJ6K6RIION7M",
            "id": "sandbox-s3-lb-log-ecs-fargate-437642037048",
            "lifecycle_rule": [
              {
                "abort_incomplete_multipart_upload_days": 0,
                "enabled": true,
                "expiration": [
                  {
                    "date": "",
                    "days": 90,
                    "expired_object_delete_marker": false
                  }
                ],
                "id": "tf-s3-lifecycle-20200727224631672400000006",
                "noncurrent_version_expiration": [
                  {
                    "days": 60
                  }
                ],
                "noncurrent_version_transition": [
                  {
                    "days": 30,
                    "storage_class": "GLACIER"
                  }
                ],
                "prefix": "",
                "tags": null,
                "transition": [
                  {
                    "date": "",
                    "days": 30,
                    "storage_class": "STANDARD_IA"
                  },
                  {
                    "date": "",
                    "days": 60,
                    "storage_class": "GLACIER"
                  }
                ]
              }
            ],
            "logging": [
              {
                "target_bucket": "sandbox-s3-access-log-ecs-fargate-437642037048",
                "target_prefix": "logs/sandbox-s3-lb-log-ecs-fargate-437642037048/"
              }
            ],
            "object_lock_configuration": [],
            "policy": null,
            "region": "us-west-2",
            "replication_configuration": [],
            "request_payer": "BucketOwner",
            "server_side_encryption_configuration": [
              {
                "rule": [
                  {
                    "apply_server_side_encryption_by_default": [
                      {
                        "kms_master_key_id": "",
                        "sse_algorithm": "AES256"
                      }
                    ]
                  }
                ]
              }
            ],
            "tags": null,
            "versioning": [
              {
                "enabled": true,
                "mfa_delete": false
              }
            ],
            "website": [],
            "website_domain": null,
            "website_endpoint": null
          },
          "private": "bnVsbA==",
          "dependencies": [
            "module.s3_access_log.aws_s3_bucket.default"
          ]
        }
      ]
    },
    {
      "module": "module.s3-bucket",
      "mode": "managed",
      "type": "aws_s3_bucket",
      "name": "s3_bucket",
      "provider": "provider.aws",
      "instances": [
        {
          "schema_version": 0,
          "attributes": {
            "acceleration_status": "",
            "acl": "private",
            "arn": "arn:aws:s3:::sandbox-admin-portal",
            "bucket": "sandbox-admin-portal",
            "bucket_domain_name": "sandbox-admin-portal.s3.amazonaws.com",
            "bucket_prefix": null,
            "bucket_regional_domain_name": "sandbox-admin-portal.s3.us-west-2.amazonaws.com",
            "cors_rule": [],
            "force_destroy": true,
            "grant": [],
            "hosted_zone_id": "Z3BJ6K6RIION7M",
            "id": "sandbox-admin-portal",
            "lifecycle_rule": [],
            "logging": [],
            "object_lock_configuration": [],
            "policy": "{\"Statement\":[{\"Action\":\"s3:GetObject\",\"Effect\":\"Allow\",\"Principal\":{\"AWS\":\"arn:aws:iam::cloudfront:user/CloudFront Origin Access Identity E1CE9B6229OSMZ\"},\"Resource\":\"arn:aws:s3:::sandbox-admin-portal/*\",\"Sid\":\"CloudFrontRead\"}],\"Version\":\"2012-10-17\"}",
            "region": "us-west-2",
            "replication_configuration": [],
            "request_payer": "BucketOwner",
            "server_side_encryption_configuration": [],
            "tags": {
              "Environment": "sandbox",
              "tenant": "sandbox"
            },
            "versioning": [
              {
                "enabled": false,
                "mfa_delete": false
              }
            ],
            "website": [
              {
                "error_document": "404.html",
                "index_document": "index.html",
                "redirect_all_requests_to": "",
                "routing_rules": ""
              }
            ],
            "website_domain": "s3-website-us-west-2.amazonaws.com",
            "website_endpoint": "sandbox-admin-portal.s3-website-us-west-2.amazonaws.com"
          },
          "private": "bnVsbA==",
          "dependencies": [
            "module.s3-bucket.aws_cloudfront_origin_access_identity.s3_origin_access_identity"
          ]
        }
      ]
    },
    {
      "module": "module.s3-terraform-remote-state",
      "mode": "managed",
      "type": "aws_s3_bucket",
      "name": "terraform_state",
      "provider": "provider.aws",
      "instances": [
        {
          "schema_version": 0,
          "attributes": {
            "acceleration_status": "",
            "acl": "private",
            "arn": "arn:aws:s3:::denzi-sandbox-remote-state",
            "bucket": "denzi-sandbox-remote-state",
            "bucket_domain_name": "denzi-sandbox-remote-state.s3.amazonaws.com",
            "bucket_prefix": null,
            "bucket_regional_domain_name": "denzi-sandbox-remote-state.s3.us-west-2.amazonaws.com",
            "cors_rule": [],
            "force_destroy": false,
            "grant": [],
            "hosted_zone_id": "Z3BJ6K6RIION7M",
            "id": "denzi-sandbox-remote-state",
            "lifecycle_rule": [],
            "logging": [],
            "object_lock_configuration": [],
            "policy": null,
            "region": "us-west-2",
            "replication_configuration": [],
            "request_payer": "BucketOwner",
            "server_side_encryption_configuration": [
              {
                "rule": [
                  {
                    "apply_server_side_encryption_by_default": [
                      {
                        "kms_master_key_id": "",
                        "sse_algorithm": "AES256"
                      }
                    ]
                  }
                ]
              }
            ],
            "tags": {
              "Environment": "Dev",
              "Name": "terraform-bucket"
            },
            "versioning": [
              {
                "enabled": true,
                "mfa_delete": false
              }
            ],
            "website": [],
            "website_domain": null,
            "website_endpoint": null
          },
          "private": "bnVsbA=="
        }
      ]
    },
    {
      "module": "module.cloudfront",
      "mode": "managed",
      "type": "aws_s3_bucket",
      "name": "web",
      "provider": "provider.aws",
      "instances": [
        {
          "schema_version": 0,
          "attributes": {
            "acceleration_status": "",
            "acl": "private",
            "arn": "arn:aws:s3:::437642037048-sandbox-sandbox-cloud-front",
            "bucket": "437642037048-sandbox-sandbox-cloud-front",
            "bucket_domain_name": "437642037048-sandbox-sandbox-cloud-front.s3.amazonaws.com",
            "bucket_prefix": null,
            "bucket_regional_domain_name": "437642037048-sandbox-sandbox-cloud-front.s3.us-west-2.amazonaws.com",
            "cors_rule": [],
            "force_destroy": true,
            "grant": [],
            "hosted_zone_id": "Z3BJ6K6RIION7M",
            "id": "437642037048-sandbox-sandbox-cloud-front",
            "lifecycle_rule": [
              {
                "abort_incomplete_multipart_upload_days": 0,
                "enabled": false,
                "expiration": [],
                "id": "expire-old-versions",
                "noncurrent_version_expiration": [
                  {
                    "days": 7
                  }
                ],
                "noncurrent_version_transition": [],
                "prefix": "*",
                "tags": null,
                "transition": []
              }
            ],
            "logging": [],
            "object_lock_configuration": [],
            "policy": null,
            "region": "us-west-2",
            "replication_configuration": [],
            "request_payer": "BucketOwner",
            "server_side_encryption_configuration": [],
            "tags": {
              "Environment": "sandbox",
              "Name": "Bucket for CloudFront sandbox",
              "Tenant": "sandbox"
            },
            "versioning": [
              {
                "enabled": false,
                "mfa_delete": false
              }
            ],
            "website": [],
            "website_domain": null,
            "website_endpoint": null
          },
          "private": "bnVsbA=="
        }
      ]
    },
    {
      "module": "module.s3_lb_log",
      "mode": "managed",
      "type": "aws_s3_bucket_policy",
      "name": "default",
      "provider": "provider.aws",
      "instances": [
        {
          "schema_version": 0,
          "attributes": {
            "bucket": "sandbox-s3-lb-log-ecs-fargate-437642037048",
            "id": "sandbox-s3-lb-log-ecs-fargate-437642037048",
            "policy": "{\n  \"Version\": \"2012-10-17\",\n  \"Statement\": [\n    {\n      \"Sid\": \"\",\n      \"Effect\": \"Allow\",\n      \"Action\": \"s3:PutObject\",\n      \"Resource\": \"arn:aws:s3:::sandbox-s3-lb-log-ecs-fargate-437642037048/*\",\n      \"Principal\": {\n        \"AWS\": \"arn:aws:iam::797873946194:root\"\n      }\n    }\n  ]\n}"
          },
          "private": "bnVsbA==",
          "dependencies": [
            "module.s3_access_log.aws_s3_bucket.default",
            "module.s3_lb_log.aws_s3_bucket.default"
          ]
        }
      ]
    },
    {
      "module": "module.cloudfront",
      "mode": "managed",
      "type": "aws_s3_bucket_policy",
      "name": "web",
      "provider": "provider.aws",
      "instances": [
        {
          "schema_version": 0,
          "attributes": {
            "bucket": "437642037048-sandbox-sandbox-cloud-front",
            "id": "437642037048-sandbox-sandbox-cloud-front",
            "policy": "{\n  \"Version\": \"2012-10-17\",\n  \"Statement\": [\n    {\n      \"Sid\": \"\",\n      \"Effect\": \"Allow\",\n      \"Action\": \"s3:GetObject\",\n      \"Resource\": \"arn:aws:s3:::437642037048-sandbox-sandbox-cloud-front/*\",\n      \"Principal\": {\n        \"AWS\": \"arn:aws:iam::cloudfront:user/CloudFront Origin Access Identity E1B5H96HBHFYC0\"\n      }\n    }\n  ]\n}"
          },
          "private": "bnVsbA==",
          "dependencies": [
            "module.cloudfront.aws_cloudfront_origin_access_identity.origin_access_identity",
            "module.cloudfront.aws_s3_bucket.web"
          ]
        }
      ]
    },
    {
      "module": "module.alb",
      "mode": "managed",
      "type": "aws_security_group",
      "name": "default",
      "each": "list",
      "provider": "provider.aws",
      "instances": [
        {
          "index_key": 0,
          "schema_version": 1,
          "attributes": {
            "arn": "arn:aws:ec2:us-west-2:437642037048:security-group/sg-02fd2fff3d70b4767",
            "description": "Managed by Terraform",
            "egress": [],
            "id": "sg-02fd2fff3d70b4767",
            "ingress": [],
            "name": "sandbox-fargate-lb-alb",
            "name_prefix": null,
            "owner_id": "437642037048",
            "revoke_rules_on_delete": false,
            "tags": {
              "Environment": "sandbox",
              "Name": "sandbox-fargate-lb-alb",
              "Tenant": "sandbox"
            },
            "timeouts": null,
            "vpc_id": "vpc-027e37658884e13b8"
          },
          "private": "eyJlMmJmYjczMC1lY2FhLTExZTYtOGY4OC0zNDM2M2JjN2M0YzAiOnsiY3JlYXRlIjo2MDAwMDAwMDAwMDAsImRlbGV0ZSI6NjAwMDAwMDAwMDAwfSwic2NoZW1hX3ZlcnNpb24iOiIxIn0=",
          "dependencies": [
            "module.vpc.aws_vpc.main"
          ]
        }
      ]
    },
    {
      "module": "module.ecs_fargate",
      "mode": "managed",
      "type": "aws_security_group",
      "name": "default",
      "each": "list",
      "provider": "provider.aws",
      "instances": [
        {
          "index_key": 0,
          "schema_version": 1,
          "attributes": {
            "arn": "arn:aws:ec2:us-west-2:437642037048:security-group/sg-0b75f74bbdf820a8e",
            "description": "Managed by Terraform",
            "egress": [],
            "id": "sg-0b75f74bbdf820a8e",
            "ingress": [],
            "name": "sandbox-task-definition-ecs-fargate",
            "name_prefix": null,
            "owner_id": "437642037048",
            "revoke_rules_on_delete": false,
            "tags": {
              "Environment": "sandbox",
              "Name": "sandbox-task-definition-ecs-fargate",
              "Tenant": "sandbox"
            },
            "timeouts": null,
            "vpc_id": "vpc-027e37658884e13b8"
          },
          "private": "eyJlMmJmYjczMC1lY2FhLTExZTYtOGY4OC0zNDM2M2JjN2M0YzAiOnsiY3JlYXRlIjo2MDAwMDAwMDAwMDAsImRlbGV0ZSI6NjAwMDAwMDAwMDAwfSwic2NoZW1hX3ZlcnNpb24iOiIxIn0=",
          "dependencies": [
            "module.vpc.aws_vpc.main"
          ]
        }
      ]
    },
    {
      "module": "module.rds",
      "mode": "managed",
      "type": "aws_security_group",
      "name": "rds-security-group",
      "provider": "provider.aws",
      "instances": [
        {
          "schema_version": 1,
          "attributes": {
            "arn": "arn:aws:ec2:us-west-2:437642037048:security-group/sg-00d7546b2801ef031",
            "description": "Managed by Terraform",
            "egress": [],
            "id": "sg-00d7546b2801ef031",
            "ingress": [],
            "name": "sandboxdbservice-sg-name",
            "name_prefix": null,
            "owner_id": "437642037048",
            "revoke_rules_on_delete": false,
            "tags": null,
            "timeouts": null,
            "vpc_id": "vpc-027e37658884e13b8"
          },
          "private": "eyJlMmJmYjczMC1lY2FhLTExZTYtOGY4OC0zNDM2M2JjN2M0YzAiOnsiY3JlYXRlIjo2MDAwMDAwMDAwMDAsImRlbGV0ZSI6NjAwMDAwMDAwMDAwfSwic2NoZW1hX3ZlcnNpb24iOiIxIn0=",
          "dependencies": [
            "module.vpc.aws_vpc.main"
          ]
        }
      ]
    },
    {
      "module": "module.alb",
      "mode": "managed",
      "type": "aws_security_group_rule",
      "name": "egress",
      "each": "list",
      "provider": "provider.aws",
      "instances": [
        {
          "index_key": 0,
          "schema_version": 2,
          "attributes": {
            "cidr_blocks": [
              "0.0.0.0/0"
            ],
            "description": null,
            "from_port": 0,
            "id": "sgrule-1092102557",
            "ipv6_cidr_blocks": null,
            "prefix_list_ids": null,
            "protocol": "-1",
            "security_group_id": "sg-02fd2fff3d70b4767",
            "self": false,
            "source_security_group_id": null,
            "to_port": 0,
            "type": "egress"
          },
          "private": "eyJzY2hlbWFfdmVyc2lvbiI6IjIifQ==",
          "dependencies": [
            "module.alb.aws_security_group.default",
            "module.vpc.aws_vpc.main"
          ]
        }
      ]
    },
    {
      "module": "module.ecs_fargate",
      "mode": "managed",
      "type": "aws_security_group_rule",
      "name": "egress",
      "each": "list",
      "provider": "provider.aws",
      "instances": [
        {
          "index_key": 0,
          "schema_version": 2,
          "attributes": {
            "cidr_blocks": [
              "0.0.0.0/0"
            ],
            "description": null,
            "from_port": 0,
            "id": "sgrule-436667334",
            "ipv6_cidr_blocks": null,
            "prefix_list_ids": null,
            "protocol": "-1",
            "security_group_id": "sg-0b75f74bbdf820a8e",
            "self": false,
            "source_security_group_id": null,
            "to_port": 0,
            "type": "egress"
          },
          "private": "eyJzY2hlbWFfdmVyc2lvbiI6IjIifQ==",
          "dependencies": [
            "module.ecs_fargate.aws_security_group.default",
            "module.vpc.aws_vpc.main"
          ]
        }
      ]
    },
    {
      "module": "module.ecs_fargate",
      "mode": "managed",
      "type": "aws_security_group_rule",
      "name": "ingress",
      "each": "list",
      "provider": "provider.aws",
      "instances": [
        {
          "index_key": 0,
          "schema_version": 2,
          "attributes": {
            "cidr_blocks": [
              "0.0.0.0/0"
            ],
            "description": null,
            "from_port": 8080,
            "id": "sgrule-2994032982",
            "ipv6_cidr_blocks": null,
            "prefix_list_ids": null,
            "protocol": "tcp",
            "security_group_id": "sg-0b75f74bbdf820a8e",
            "self": false,
            "source_security_group_id": null,
            "to_port": 8080,
            "type": "ingress"
          },
          "private": "eyJzY2hlbWFfdmVyc2lvbiI6IjIifQ==",
          "dependencies": [
            "module.alb.aws_lb.default",
            "module.alb.aws_lb_target_group.default",
            "module.alb.aws_security_group.default",
            "module.ecs_fargate.aws_security_group.default",
            "module.s3_access_log.aws_s3_bucket.default",
            "module.s3_lb_log.aws_s3_bucket.default",
            "module.vpc.aws_subnet.public_subnet",
            "module.vpc.aws_vpc.main"
          ]
        }
      ]
    },
    {
      "module": "module.alb",
      "mode": "managed",
      "type": "aws_security_group_rule",
      "name": "ingress_http",
      "each": "list",
      "provider": "provider.aws",
      "instances": [
        {
          "index_key": 0,
          "schema_version": 2,
          "attributes": {
            "cidr_blocks": [
              "0.0.0.0/0"
            ],
            "description": null,
            "from_port": 80,
            "id": "sgrule-2675271771",
            "ipv6_cidr_blocks": null,
            "prefix_list_ids": null,
            "protocol": "tcp",
            "security_group_id": "sg-02fd2fff3d70b4767",
            "self": false,
            "source_security_group_id": null,
            "to_port": 80,
            "type": "ingress"
          },
          "private": "eyJzY2hlbWFfdmVyc2lvbiI6IjIifQ==",
          "dependencies": [
            "module.alb.aws_security_group.default",
            "module.vpc.aws_vpc.main"
          ]
        }
      ]
    },
    {
      "module": "module.alb",
      "mode": "managed",
      "type": "aws_security_group_rule",
      "name": "ingress_https",
      "each": "list",
      "provider": "provider.aws",
      "instances": []
    },
    {
      "module": "module.rds",
      "mode": "managed",
      "type": "aws_security_group_rule",
      "name": "outbound_rule",
      "provider": "provider.aws",
      "instances": [
        {
          "schema_version": 2,
          "attributes": {
            "cidr_blocks": [
              "0.0.0.0/0"
            ],
            "description": null,
            "from_port": 0,
            "id": "sgrule-2937322180",
            "ipv6_cidr_blocks": null,
            "prefix_list_ids": null,
            "protocol": "-1",
            "security_group_id": "sg-00d7546b2801ef031",
            "self": false,
            "source_security_group_id": null,
            "to_port": 0,
            "type": "egress"
          },
          "private": "eyJzY2hlbWFfdmVyc2lvbiI6IjIifQ==",
          "dependencies": [
            "module.rds.aws_security_group.rds-security-group",
            "module.vpc.aws_vpc.main"
          ]
        }
      ]
    },
    {
      "module": "module.rds",
      "mode": "managed",
      "type": "aws_security_group_rule",
      "name": "rds-security-group-rule",
      "provider": "provider.aws",
      "instances": [
        {
          "schema_version": 2,
          "attributes": {
            "cidr_blocks": [
              "0.0.0.0/0"
            ],
            "description": null,
            "from_port": 3306,
            "id": "sgrule-255143478",
            "ipv6_cidr_blocks": null,
            "prefix_list_ids": null,
            "protocol": "tcp",
            "security_group_id": "sg-00d7546b2801ef031",
            "self": false,
            "source_security_group_id": null,
            "to_port": 3306,
            "type": "ingress"
          },
          "private": "eyJzY2hlbWFfdmVyc2lvbiI6IjIifQ==",
          "dependencies": [
            "module.rds.aws_security_group.rds-security-group",
            "module.vpc.aws_vpc.main"
          ]
        }
      ]
    },
    {
      "module": "module.vpc",
      "mode": "managed",
      "type": "aws_subnet",
      "name": "private_subnet",
      "each": "list",
      "provider": "provider.aws",
      "instances": [
        {
          "index_key": 0,
          "schema_version": 1,
          "attributes": {
            "arn": "arn:aws:ec2:us-west-2:437642037048:subnet/subnet-0369aea93650ebb56",
            "assign_ipv6_address_on_creation": false,
            "availability_zone": "us-west-2a",
            "availability_zone_id": "usw2-az1",
            "cidr_block": "17.255.2.0/24",
            "id": "subnet-0369aea93650ebb56",
            "ipv6_cidr_block": "",
            "ipv6_cidr_block_association_id": "",
            "map_public_ip_on_launch": false,
            "outpost_arn": "",
            "owner_id": "437642037048",
            "tags": {
              "Environment": "sandbox",
              "Name": "sandbox-ecs-fargate-private-0",
              "Tenant": "sandbox"
            },
            "timeouts": null,
            "vpc_id": "vpc-027e37658884e13b8"
          },
          "private": "eyJlMmJmYjczMC1lY2FhLTExZTYtOGY4OC0zNDM2M2JjN2M0YzAiOnsiY3JlYXRlIjo2MDAwMDAwMDAwMDAsImRlbGV0ZSI6MTIwMDAwMDAwMDAwMH0sInNjaGVtYV92ZXJzaW9uIjoiMSJ9",
          "dependencies": [
            "module.vpc.aws_vpc.main"
          ]
        },
        {
          "index_key": 1,
          "schema_version": 1,
          "attributes": {
            "arn": "arn:aws:ec2:us-west-2:437642037048:subnet/subnet-06e61cf3ee9016d0c",
            "assign_ipv6_address_on_creation": false,
            "availability_zone": "us-west-2b",
            "availability_zone_id": "usw2-az2",
            "cidr_block": "17.255.3.0/24",
            "id": "subnet-06e61cf3ee9016d0c",
            "ipv6_cidr_block": "",
            "ipv6_cidr_block_association_id": "",
            "map_public_ip_on_launch": false,
            "outpost_arn": "",
            "owner_id": "437642037048",
            "tags": {
              "Environment": "sandbox",
              "Name": "sandbox-ecs-fargate-private-1",
              "Tenant": "sandbox"
            },
            "timeouts": null,
            "vpc_id": "vpc-027e37658884e13b8"
          },
          "private": "eyJlMmJmYjczMC1lY2FhLTExZTYtOGY4OC0zNDM2M2JjN2M0YzAiOnsiY3JlYXRlIjo2MDAwMDAwMDAwMDAsImRlbGV0ZSI6MTIwMDAwMDAwMDAwMH0sInNjaGVtYV92ZXJzaW9uIjoiMSJ9",
          "dependencies": [
            "module.vpc.aws_vpc.main"
          ]
        }
      ]
    },
    {
      "module": "module.vpc",
      "mode": "managed",
      "type": "aws_subnet",
      "name": "public_subnet",
      "each": "list",
      "provider": "provider.aws",
      "instances": [
        {
          "index_key": 0,
          "schema_version": 1,
          "attributes": {
            "arn": "arn:aws:ec2:us-west-2:437642037048:subnet/subnet-00762a383f40c9705",
            "assign_ipv6_address_on_creation": false,
            "availability_zone": "us-west-2a",
            "availability_zone_id": "usw2-az1",
            "cidr_block": "17.255.0.0/24",
            "id": "subnet-00762a383f40c9705",
            "ipv6_cidr_block": "",
            "ipv6_cidr_block_association_id": "",
            "map_public_ip_on_launch": true,
            "outpost_arn": "",
            "owner_id": "437642037048",
            "tags": {
              "Environment": "sandbox",
              "Name": "sandbox-ecs-fargate-public-0",
              "Tenant": "sandbox"
            },
            "timeouts": null,
            "vpc_id": "vpc-027e37658884e13b8"
          },
          "private": "eyJlMmJmYjczMC1lY2FhLTExZTYtOGY4OC0zNDM2M2JjN2M0YzAiOnsiY3JlYXRlIjo2MDAwMDAwMDAwMDAsImRlbGV0ZSI6MTIwMDAwMDAwMDAwMH0sInNjaGVtYV92ZXJzaW9uIjoiMSJ9",
          "dependencies": [
            "module.vpc.aws_vpc.main"
          ]
        },
        {
          "index_key": 1,
          "schema_version": 1,
          "attributes": {
            "arn": "arn:aws:ec2:us-west-2:437642037048:subnet/subnet-0db42e90214a3df18",
            "assign_ipv6_address_on_creation": false,
            "availability_zone": "us-west-2b",
            "availability_zone_id": "usw2-az2",
            "cidr_block": "17.255.1.0/24",
            "id": "subnet-0db42e90214a3df18",
            "ipv6_cidr_block": "",
            "ipv6_cidr_block_association_id": "",
            "map_public_ip_on_launch": true,
            "outpost_arn": "",
            "owner_id": "437642037048",
            "tags": {
              "Environment": "sandbox",
              "Name": "sandbox-ecs-fargate-public-1",
              "Tenant": "sandbox"
            },
            "timeouts": null,
            "vpc_id": "vpc-027e37658884e13b8"
          },
          "private": "eyJlMmJmYjczMC1lY2FhLTExZTYtOGY4OC0zNDM2M2JjN2M0YzAiOnsiY3JlYXRlIjo2MDAwMDAwMDAwMDAsImRlbGV0ZSI6MTIwMDAwMDAwMDAwMH0sInNjaGVtYV92ZXJzaW9uIjoiMSJ9",
          "dependencies": [
            "module.vpc.aws_vpc.main"
          ]
        }
      ]
    },
    {
      "module": "module.vpc",
      "mode": "managed",
      "type": "aws_vpc",
      "name": "main",
      "provider": "provider.aws",
      "instances": [
        {
          "schema_version": 1,
          "attributes": {
            "arn": "arn:aws:ec2:us-west-2:437642037048:vpc/vpc-027e37658884e13b8",
            "assign_generated_ipv6_cidr_block": false,
            "cidr_block": "17.255.0.0/16",
            "default_network_acl_id": "acl-0f4b29366382822c1",
            "default_route_table_id": "rtb-048c060a35b7d3432",
            "default_security_group_id": "sg-09028b1ea139f8d30",
            "dhcp_options_id": "dopt-7115b809",
            "enable_classiclink": false,
            "enable_classiclink_dns_support": false,
            "enable_dns_hostnames": true,
            "enable_dns_support": true,
            "id": "vpc-027e37658884e13b8",
            "instance_tenancy": "default",
            "ipv6_association_id": "",
            "ipv6_cidr_block": "",
            "main_route_table_id": "rtb-048c060a35b7d3432",
            "owner_id": "437642037048",
            "tags": {
              "Environment": "sandbox",
              "Name": "sandbox-ecs-fargate",
              "Tenant": "sandbox"
            }
          },
          "private": "eyJzY2hlbWFfdmVyc2lvbiI6IjEifQ=="
        }
      ]
    }
  ]
}
