{
  "version": 4,
  "terraform_version": "0.12.19",
  "serial": 95,
  "lineage": "d4f982bf-3f52-110b-b1d4-dbccf17df360",
  "outputs": {
    "cdn_url": {
      "value": {
        "arn": "arn:aws:cloudfront::437642037048:distribution/E1HNNFYHJFEIKN",
        "domain_name": "d2tb03m4zay37p.cloudfront.net",
        "id": "E1HNNFYHJFEIKN"
      },
      "type": [
        "object",
        {
          "arn": "string",
          "domain_name": "string",
          "id": "string"
        }
      ]
    }
  },
  "resources": [
    {
      "mode": "data",
      "type": "aws_availability_zones",
      "name": "available",
      "provider": "provider.aws",
      "instances": [
        {
          "schema_version": 0,
          "attributes": {
            "all_availability_zones": null,
            "blacklisted_names": null,
            "blacklisted_zone_ids": null,
            "exclude_names": null,
            "exclude_zone_ids": null,
            "filter": null,
            "group_names": [
              "us-east-2"
            ],
            "id": "2020-07-30 02:20:11.5012303 +0000 UTC",
            "names": [
              "us-east-2a",
              "us-east-2b",
              "us-east-2c"
            ],
            "state": null,
            "zone_ids": [
              "use2-az1",
              "use2-az2",
              "use2-az3"
            ]
          }
        }
      ]
    },
    {
      "mode": "data",
      "type": "aws_caller_identity",
      "name": "current",
      "provider": "provider.aws",
      "instances": [
        {
          "schema_version": 0,
          "attributes": {
            "account_id": "437642037048",
            "arn": "arn:aws:iam::437642037048:user/nagendra@velocityworks.io",
            "id": "2020-07-30 02:20:11.8792332 +0000 UTC",
            "user_id": "AIDAWLZL7Q44PE6V7WJJF"
          }
        }
      ]
    },
    {
      "module": "module.cloudfront",
      "mode": "data",
      "type": "aws_caller_identity",
      "name": "current",
      "provider": "provider.aws",
      "instances": [
        {
          "schema_version": 0,
          "attributes": {
            "account_id": "437642037048",
            "arn": "arn:aws:iam::437642037048:user/nagendra@velocityworks.io",
            "id": "2020-07-30 02:20:12.1099914 +0000 UTC",
            "user_id": "AIDAWLZL7Q44PE6V7WJJF"
          }
        }
      ]
    },
    {
      "module": "module.s3_lb_log",
      "mode": "data",
      "type": "aws_elb_service_account",
      "name": "default",
      "provider": "provider.aws",
      "instances": [
        {
          "schema_version": 0,
          "attributes": {
            "arn": "arn:aws:iam::033677994240:root",
            "id": "033677994240",
            "region": null
          }
        }
      ]
    },
    {
      "mode": "data",
      "type": "aws_iam_policy",
      "name": "ecs_task_execution",
      "provider": "provider.aws",
      "instances": [
        {
          "schema_version": 0,
          "attributes": {
            "arn": "arn:aws:iam::aws:policy/service-role/AmazonECSTaskExecutionRolePolicy",
            "description": "Provides access to other AWS service resources that are required to run Amazon ECS tasks",
            "id": "arn:aws:iam::aws:policy/service-role/AmazonECSTaskExecutionRolePolicy",
            "name": "AmazonECSTaskExecutionRolePolicy",
            "path": "/service-role/",
            "policy": "{\n  \"Version\": \"2012-10-17\",\n  \"Statement\": [\n    {\n      \"Effect\": \"Allow\",\n      \"Action\": [\n        \"ecr:GetAuthorizationToken\",\n        \"ecr:BatchCheckLayerAvailability\",\n        \"ecr:GetDownloadUrlForLayer\",\n        \"ecr:BatchGetImage\",\n        \"logs:CreateLogStream\",\n        \"logs:PutLogEvents\"\n      ],\n      \"Resource\": \"*\"\n    }\n  ]\n}"
          }
        }
      ]
    },
    {
      "module": "module.ecs_fargate",
      "mode": "data",
      "type": "aws_iam_policy",
      "name": "ecs_task_execution",
      "provider": "provider.aws",
      "instances": [
        {
          "schema_version": 0,
          "attributes": {
            "arn": "arn:aws:iam::aws:policy/service-role/AmazonECSTaskExecutionRolePolicy",
            "description": "Provides access to other AWS service resources that are required to run Amazon ECS tasks",
            "id": "arn:aws:iam::aws:policy/service-role/AmazonECSTaskExecutionRolePolicy",
            "name": "AmazonECSTaskExecutionRolePolicy",
            "path": "/service-role/",
            "policy": "{\n  \"Version\": \"2012-10-17\",\n  \"Statement\": [\n    {\n      \"Effect\": \"Allow\",\n      \"Action\": [\n        \"ecr:GetAuthorizationToken\",\n        \"ecr:BatchCheckLayerAvailability\",\n        \"ecr:GetDownloadUrlForLayer\",\n        \"ecr:BatchGetImage\",\n        \"logs:CreateLogStream\",\n        \"logs:PutLogEvents\"\n      ],\n      \"Resource\": \"*\"\n    }\n  ]\n}"
          }
        }
      ]
    },
    {
      "mode": "data",
      "type": "aws_iam_policy_document",
      "name": "assume_role_policy",
      "provider": "provider.aws",
      "instances": [
        {
          "schema_version": 0,
          "attributes": {
            "id": "252836154",
            "json": "{\n  \"Version\": \"2012-10-17\",\n  \"Statement\": [\n    {\n      \"Sid\": \"\",\n      \"Effect\": \"Allow\",\n      \"Action\": \"sts:AssumeRole\",\n      \"Principal\": {\n        \"Service\": [\n          \"ecs.amazonaws.com\",\n          \"ecs-tasks.amazonaws.com\"\n        ]\n      }\n    }\n  ]\n}",
            "override_json": null,
            "policy_id": null,
            "source_json": null,
            "statement": [
              {
                "actions": [
                  "sts:AssumeRole"
                ],
                "condition": [],
                "effect": "Allow",
                "not_actions": [],
                "not_principals": [],
                "not_resources": [],
                "principals": [
                  {
                    "identifiers": [
                      "ecs-tasks.amazonaws.com",
                      "ecs.amazonaws.com"
                    ],
                    "type": "Service"
                  }
                ],
                "resources": [],
                "sid": ""
              }
            ],
            "version": "2012-10-17"
          }
        }
      ]
    },
    {
      "module": "module.ecs_fargate",
      "mode": "data",
      "type": "aws_iam_policy_document",
      "name": "assume_role_policy",
      "provider": "provider.aws",
      "instances": [
        {
          "schema_version": 0,
          "attributes": {
            "id": "320642683",
            "json": "{\n  \"Version\": \"2012-10-17\",\n  \"Statement\": [\n    {\n      \"Sid\": \"\",\n      \"Effect\": \"Allow\",\n      \"Action\": \"sts:AssumeRole\",\n      \"Principal\": {\n        \"Service\": \"ecs-tasks.amazonaws.com\"\n      }\n    }\n  ]\n}",
            "override_json": null,
            "policy_id": null,
            "source_json": null,
            "statement": [
              {
                "actions": [
                  "sts:AssumeRole"
                ],
                "condition": [],
                "effect": "Allow",
                "not_actions": [],
                "not_principals": [],
                "not_resources": [],
                "principals": [
                  {
                    "identifiers": [
                      "ecs-tasks.amazonaws.com"
                    ],
                    "type": "Service"
                  }
                ],
                "resources": [],
                "sid": ""
              }
            ],
            "version": "2012-10-17"
          }
        }
      ]
    },
    {
      "module": "module.s3_lb_log",
      "mode": "data",
      "type": "aws_iam_policy_document",
      "name": "default",
      "provider": "provider.aws",
      "instances": [
        {
          "schema_version": 0,
          "attributes": {
            "id": "3827747346",
            "json": "{\n  \"Version\": \"2012-10-17\",\n  \"Statement\": [\n    {\n      \"Sid\": \"\",\n      \"Effect\": \"Allow\",\n      \"Action\": \"s3:PutObject\",\n      \"Resource\": \"arn:aws:s3:::denzi-s3-lb-log-ecs-fargate-437642037048/*\",\n      \"Principal\": {\n        \"AWS\": \"arn:aws:iam::033677994240:root\"\n      }\n    }\n  ]\n}",
            "override_json": null,
            "policy_id": null,
            "source_json": null,
            "statement": [
              {
                "actions": [
                  "s3:PutObject"
                ],
                "condition": [],
                "effect": "Allow",
                "not_actions": [],
                "not_principals": [],
                "not_resources": [],
                "principals": [
                  {
                    "identifiers": [
                      "arn:aws:iam::033677994240:root"
                    ],
                    "type": "AWS"
                  }
                ],
                "resources": [
                  "arn:aws:s3:::denzi-s3-lb-log-ecs-fargate-437642037048/*"
                ],
                "sid": ""
              }
            ],
            "version": "2012-10-17"
          }
        }
      ]
    },
    {
      "module": "module.cloudfront",
      "mode": "data",
      "type": "aws_iam_policy_document",
      "name": "s3_policy",
      "provider": "provider.aws",
      "instances": [
        {
          "schema_version": 0,
          "attributes": {
            "id": "715638317",
            "json": "{\n  \"Version\": \"2012-10-17\",\n  \"Statement\": [\n    {\n      \"Sid\": \"\",\n      \"Effect\": \"Allow\",\n      \"Action\": \"s3:GetObject\",\n      \"Resource\": \"arn:aws:s3:::437642037048-denzi-denzi-cloud-front/*\",\n      \"Principal\": {\n        \"AWS\": \"arn:aws:iam::cloudfront:user/CloudFront Origin Access Identity E2HDWU56M47JXY\"\n      }\n    }\n  ]\n}",
            "override_json": null,
            "policy_id": null,
            "source_json": null,
            "statement": [
              {
                "actions": [
                  "s3:GetObject"
                ],
                "condition": [],
                "effect": "Allow",
                "not_actions": [],
                "not_principals": [],
                "not_resources": [],
                "principals": [
                  {
                    "identifiers": [
                      "arn:aws:iam::cloudfront:user/CloudFront Origin Access Identity E2HDWU56M47JXY"
                    ],
                    "type": "AWS"
                  }
                ],
                "resources": [
                  "arn:aws:s3:::437642037048-denzi-denzi-cloud-front/*"
                ],
                "sid": ""
              }
            ],
            "version": "2012-10-17"
          }
        }
      ]
    },
    {
      "module": "module.cloudfront",
      "mode": "data",
      "type": "aws_lb",
      "name": "aws_alb",
      "provider": "provider.aws",
      "instances": [
        {
          "schema_version": 0,
          "attributes": {
            "access_logs": [
              {
                "bucket": "denzi-s3-lb-log-ecs-fargate-437642037048",
                "enabled": true,
                "prefix": "test"
              }
            ],
            "arn": "arn:aws:elasticloadbalancing:us-east-2:437642037048:loadbalancer/app/denzi-fargate-lb/9d03ac00242807c1",
            "arn_suffix": "app/denzi-fargate-lb/9d03ac00242807c1",
            "dns_name": "denzi-fargate-lb-895254213.us-east-2.elb.amazonaws.com",
            "drop_invalid_header_fields": false,
            "enable_deletion_protection": false,
            "id": "arn:aws:elasticloadbalancing:us-east-2:437642037048:loadbalancer/app/denzi-fargate-lb/9d03ac00242807c1",
            "idle_timeout": 120,
            "internal": false,
            "ip_address_type": "ipv4",
            "load_balancer_type": "application",
            "name": "denzi-fargate-lb",
            "security_groups": [
              "sg-0c1c7db8fbb0101ef"
            ],
            "subnet_mapping": [
              {
                "allocation_id": "",
                "subnet_id": "subnet-02d215714842d1fc7"
              },
              {
                "allocation_id": "",
                "subnet_id": "subnet-0c1546a67befda52f"
              }
            ],
            "subnets": [
              "subnet-02d215714842d1fc7",
              "subnet-0c1546a67befda52f"
            ],
            "tags": {
              "Environment": "qa",
              "Tenant": "denzi"
            },
            "vpc_id": "vpc-04f974e2b7412306f",
            "zone_id": "Z3AADJGX6KTTL2"
          }
        }
      ]
    },
    {
      "module": "module.s3_lb_log",
      "mode": "data",
      "type": "aws_region",
      "name": "current",
      "provider": "provider.aws",
      "instances": [
        {
          "schema_version": 0,
          "attributes": {
            "current": null,
            "description": "US East (Ohio)",
            "endpoint": "ec2.us-east-2.amazonaws.com",
            "id": "us-east-2",
            "name": "us-east-2"
          }
        }
      ]
    },
    {
      "module": "module.cloudfront",
      "mode": "data",
      "type": "aws_s3_bucket",
      "name": "front",
      "provider": "provider.aws",
      "instances": [
        {
          "schema_version": 0,
          "attributes": {
            "arn": "arn:aws:s3:::denzi-admin-portal",
            "bucket": "denzi-admin-portal",
            "bucket_domain_name": "denzi-admin-portal.s3.amazonaws.com",
            "bucket_regional_domain_name": "denzi-admin-portal.s3.us-east-2.amazonaws.com",
            "hosted_zone_id": "Z2O1EMRO9K5GLX",
            "id": "denzi-admin-portal",
            "region": "us-east-2",
            "website_domain": "s3-website.us-east-2.amazonaws.com",
            "website_endpoint": "denzi-admin-portal.s3-website.us-east-2.amazonaws.com"
          }
        }
      ]
    },
    {
      "module": "module.cloudfront",
      "mode": "managed",
      "type": "aws_cloudfront_distribution",
      "name": "cdn",
      "provider": "provider.aws",
      "instances": [
        {
          "schema_version": 1,
          "attributes": {
            "active_trusted_signers": {
              "enabled": "false",
              "items.#": "0"
            },
            "aliases": [],
            "arn": "arn:aws:cloudfront::437642037048:distribution/E1HNNFYHJFEIKN",
            "cache_behavior": [],
            "caller_reference": "terraform-20200727144540075000000007",
            "comment": null,
            "custom_error_response": [
              {
                "error_caching_min_ttl": 30,
                "error_code": 403,
                "response_code": 200,
                "response_page_path": "/index.html"
              },
              {
                "error_caching_min_ttl": 30,
                "error_code": 404,
                "response_code": 200,
                "response_page_path": "/index.html"
              }
            ],
            "default_cache_behavior": [
              {
                "allowed_methods": [
                  "DELETE",
                  "GET",
                  "HEAD",
                  "OPTIONS",
                  "PATCH",
                  "POST",
                  "PUT"
                ],
                "cached_methods": [
                  "GET",
                  "HEAD"
                ],
                "compress": false,
                "default_ttl": 0,
                "field_level_encryption_id": "",
                "forwarded_values": [
                  {
                    "cookies": [
                      {
                        "forward": "all",
                        "whitelisted_names": []
                      }
                    ],
                    "headers": [],
                    "query_string": true,
                    "query_string_cache_keys": []
                  }
                ],
                "lambda_function_association": [],
                "max_ttl": 0,
                "min_ttl": 0,
                "smooth_streaming": false,
                "target_origin_id": "denzi-admin-portal",
                "trusted_signers": [],
                "viewer_protocol_policy": "redirect-to-https"
              }
            ],
            "default_root_object": "index.html",
            "domain_name": "d2tb03m4zay37p.cloudfront.net",
            "enabled": true,
            "etag": "EESPEW9ER4NM9",
            "hosted_zone_id": "Z2FDTNDATAQYW2",
            "http_version": "http2",
            "id": "E1HNNFYHJFEIKN",
            "in_progress_validation_batches": 0,
            "is_ipv6_enabled": true,
            "last_modified_time": "2020-07-30 02:21:34.342 +0000 UTC",
            "logging_config": [],
            "ordered_cache_behavior": [
              {
                "allowed_methods": [
                  "DELETE",
                  "GET",
                  "HEAD",
                  "OPTIONS",
                  "PATCH",
                  "POST",
                  "PUT"
                ],
                "cached_methods": [
                  "GET",
                  "HEAD",
                  "OPTIONS"
                ],
                "compress": true,
                "default_ttl": 0,
                "field_level_encryption_id": "",
                "forwarded_values": [
                  {
                    "cookies": [
                      {
                        "forward": "none",
                        "whitelisted_names": []
                      }
                    ],
                    "headers": [
                      "Accept",
                      "Accept-Charset",
                      "Accept-Datetime",
                      "Accept-Encoding",
                      "Accept-Language",
                      "Authorization",
                      "Host",
                      "Origin",
                      "Referer"
                    ],
                    "query_string": true,
                    "query_string_cache_keys": []
                  }
                ],
                "lambda_function_association": [],
                "max_ttl": 0,
                "min_ttl": 0,
                "path_pattern": "/api/*",
                "smooth_streaming": false,
                "target_origin_id": "denzi-fargate-lb",
                "trusted_signers": [],
                "viewer_protocol_policy": "redirect-to-https"
              },
              {
                "allowed_methods": [
                  "GET",
                  "HEAD",
                  "OPTIONS"
                ],
                "cached_methods": [
                  "GET",
                  "HEAD"
                ],
                "compress": true,
                "default_ttl": 86400,
                "field_level_encryption_id": "",
                "forwarded_values": [
                  {
                    "cookies": [
                      {
                        "forward": "none",
                        "whitelisted_names": []
                      }
                    ],
                    "headers": [],
                    "query_string": true,
                    "query_string_cache_keys": []
                  }
                ],
                "lambda_function_association": [],
                "max_ttl": 31536000,
                "min_ttl": 0,
                "path_pattern": "/management/*",
                "smooth_streaming": false,
                "target_origin_id": "denzi-fargate-lb",
                "trusted_signers": [],
                "viewer_protocol_policy": "redirect-to-https"
              },
              {
                "allowed_methods": [
                  "GET",
                  "HEAD",
                  "OPTIONS"
                ],
                "cached_methods": [
                  "GET",
                  "HEAD",
                  "OPTIONS"
                ],
                "compress": true,
                "default_ttl": 86400,
                "field_level_encryption_id": "",
                "forwarded_values": [
                  {
                    "cookies": [
                      {
                        "forward": "none",
                        "whitelisted_names": []
                      }
                    ],
                    "headers": [
                      "Origin"
                    ],
                    "query_string": true,
                    "query_string_cache_keys": []
                  }
                ],
                "lambda_function_association": [],
                "max_ttl": 31536000,
                "min_ttl": 0,
                "path_pattern": "/swagger-resources*",
                "smooth_streaming": false,
                "target_origin_id": "denzi-fargate-lb",
                "trusted_signers": [],
                "viewer_protocol_policy": "redirect-to-https"
              },
              {
                "allowed_methods": [
                  "GET",
                  "HEAD",
                  "OPTIONS"
                ],
                "cached_methods": [
                  "GET",
                  "HEAD",
                  "OPTIONS"
                ],
                "compress": true,
                "default_ttl": 86400,
                "field_level_encryption_id": "",
                "forwarded_values": [
                  {
                    "cookies": [
                      {
                        "forward": "none",
                        "whitelisted_names": []
                      }
                    ],
                    "headers": [
                      "Origin"
                    ],
                    "query_string": true,
                    "query_string_cache_keys": []
                  }
                ],
                "lambda_function_association": [],
                "max_ttl": 31536000,
                "min_ttl": 0,
                "path_pattern": "/v2/*",
                "smooth_streaming": false,
                "target_origin_id": "denzi-fargate-lb",
                "trusted_signers": [],
                "viewer_protocol_policy": "redirect-to-https"
              },
              {
                "allowed_methods": [
                  "GET",
                  "HEAD",
                  "OPTIONS"
                ],
                "cached_methods": [
                  "GET",
                  "HEAD",
                  "OPTIONS"
                ],
                "compress": true,
                "default_ttl": 86400,
                "field_level_encryption_id": "",
                "forwarded_values": [
                  {
                    "cookies": [
                      {
                        "forward": "none",
                        "whitelisted_names": []
                      }
                    ],
                    "headers": [
                      "Origin"
                    ],
                    "query_string": true,
                    "query_string_cache_keys": []
                  }
                ],
                "lambda_function_association": [],
                "max_ttl": 31536000,
                "min_ttl": 0,
                "path_pattern": "/account/*",
                "smooth_streaming": false,
                "target_origin_id": "denzi-fargate-lb",
                "trusted_signers": [],
                "viewer_protocol_policy": "redirect-to-https"
              }
            ],
            "origin": [
              {
                "custom_header": [],
                "custom_origin_config": [
                  {
                    "http_port": 80,
                    "https_port": 443,
                    "origin_keepalive_timeout": 5,
                    "origin_protocol_policy": "http-only",
                    "origin_read_timeout": 30,
                    "origin_ssl_protocols": [
                      "SSLv3",
                      "TLSv1",
                      "TLSv1.1",
                      "TLSv1.2"
                    ]
                  }
                ],
                "domain_name": "denzi-fargate-lb-895254213.us-east-2.elb.amazonaws.com",
                "origin_id": "denzi-fargate-lb",
                "origin_path": "",
                "s3_origin_config": []
              },
              {
                "custom_header": [],
                "custom_origin_config": [],
                "domain_name": "denzi-admin-portal.s3.us-east-2.amazonaws.com",
                "origin_id": "denzi-admin-portal",
                "origin_path": "",
                "s3_origin_config": [
                  {
                    "origin_access_identity": "origin-access-identity/cloudfront/E2BCGA1FGTA8W9"
                  }
                ]
              }
            ],
            "origin_group": [],
            "price_class": "PriceClass_100",
            "restrictions": [
              {
                "geo_restriction": [
                  {
                    "locations": [],
                    "restriction_type": "none"
                  }
                ]
              }
            ],
            "retain_on_delete": false,
            "status": "Deployed",
            "tags": {
              "Environment": "qa",
              "Name": "CloudFront Distribution denzi-denzi-cloud-front",
              "Tenant": "denzi"
            },
            "viewer_certificate": [
              {
                "acm_certificate_arn": "",
                "cloudfront_default_certificate": true,
                "iam_certificate_id": "",
                "minimum_protocol_version": "TLSv1",
                "ssl_support_method": ""
              }
            ],
            "wait_for_deployment": true,
            "web_acl_id": ""
          },
          "private": "eyJzY2hlbWFfdmVyc2lvbiI6IjEifQ==",
          "dependencies": [
            "module.s3-bucket.aws_cloudfront_origin_access_identity.s3_origin_access_identity"
          ]
        }
      ]
    },
    {
      "module": "module.cloudfront",
      "mode": "managed",
      "type": "aws_cloudfront_origin_access_identity",
      "name": "origin_access_identity",
      "provider": "provider.aws",
      "instances": [
        {
          "schema_version": 0,
          "attributes": {
            "caller_reference": "terraform-20200727144258654200000002",
            "cloudfront_access_identity_path": "origin-access-identity/cloudfront/E2HDWU56M47JXY",
            "comment": "denzi-cloudfront-access-identity",
            "etag": "E2BW2P9XNKWZG4",
            "iam_arn": "arn:aws:iam::cloudfront:user/CloudFront Origin Access Identity E2HDWU56M47JXY",
            "id": "E2HDWU56M47JXY",
            "s3_canonical_user_id": "8289f95bb343c8480d071c4ab02908ed69c6e9560b51c9fb8c6bd30c102463d891e2175ff11fda0d949d1c15cac643ba"
          },
          "private": "bnVsbA=="
        }
      ]
    },
    {
      "module": "module.s3-bucket",
      "mode": "managed",
      "type": "aws_cloudfront_origin_access_identity",
      "name": "s3_origin_access_identity",
      "provider": "provider.aws",
      "instances": [
        {
          "schema_version": 0,
          "attributes": {
            "caller_reference": "terraform-20200727144258647200000001",
            "cloudfront_access_identity_path": "origin-access-identity/cloudfront/E2BCGA1FGTA8W9",
            "comment": "Cloud front Access for Portal",
            "etag": "E37PZDGNSQKWWU",
            "iam_arn": "arn:aws:iam::cloudfront:user/CloudFront Origin Access Identity E2BCGA1FGTA8W9",
            "id": "E2BCGA1FGTA8W9",
            "s3_canonical_user_id": "ec30a16a18a0f0eeb153e7463a5566e84c621fc09a2c2339baf435bc73299248e94b68da1e58626ba3ab3cc9f746a2b3"
          },
          "private": "bnVsbA=="
        }
      ]
    },
    {
      "module": "module.cloud_watch",
      "mode": "managed",
      "type": "aws_cloudwatch_log_group",
      "name": "ecs-log-group",
      "provider": "provider.aws",
      "instances": [
        {
          "schema_version": 0,
          "attributes": {
            "arn": "arn:aws:logs:us-east-2:437642037048:log-group:denzi-log-group:*",
            "id": "denzi-log-group",
            "kms_key_id": "",
            "name": "denzi-log-group",
            "name_prefix": null,
            "retention_in_days": 0,
            "tags": {
              "Environment": "qa",
              "Tenant": "denzi"
            }
          },
          "private": "bnVsbA=="
        }
      ]
    },
    {
      "module": "module.rds",
      "mode": "managed",
      "type": "aws_db_instance",
      "name": "rds-db-resource",
      "provider": "provider.aws",
      "instances": [
        {
          "schema_version": 1,
          "attributes": {
            "address": "denzi-qa-instance.clo2fyyn2ezx.us-east-2.rds.amazonaws.com",
            "allocated_storage": 20,
            "allow_major_version_upgrade": null,
            "apply_immediately": true,
            "arn": "arn:aws:rds:us-east-2:437642037048:db:denzi-qa-instance",
            "auto_minor_version_upgrade": true,
            "availability_zone": "us-east-2b",
            "backup_retention_period": 10,
            "backup_window": "09:46-10:16",
            "ca_cert_identifier": "rds-ca-2019",
            "character_set_name": null,
            "copy_tags_to_snapshot": false,
            "db_subnet_group_name": "denzidbservice-subnet-name",
            "delete_automated_backups": true,
            "deletion_protection": false,
            "domain": "",
            "domain_iam_role_name": "",
            "enabled_cloudwatch_logs_exports": null,
            "endpoint": "denzi-qa-instance.clo2fyyn2ezx.us-east-2.rds.amazonaws.com:3306",
            "engine": "mysql",
            "engine_version": "5.7.26",
            "final_snapshot_identifier": null,
            "hosted_zone_id": "Z2XHWR1WZ565X2",
            "iam_database_authentication_enabled": false,
            "id": "denzi-qa-instance",
            "identifier": "denzi-qa-instance",
            "identifier_prefix": null,
            "instance_class": "db.m4.large",
            "iops": 0,
            "kms_key_id": "",
            "license_model": "general-public-license",
            "maintenance_window": "mon:08:53-mon:09:23",
            "max_allocated_storage": 0,
            "monitoring_interval": 0,
            "monitoring_role_arn": "",
            "multi_az": true,
            "name": "denzidbservice",
            "option_group_name": "default:mysql-5-7",
            "parameter_group_name": "default.mysql5.7",
            "password": "tenant123$",
            "performance_insights_enabled": false,
            "performance_insights_kms_key_id": "",
            "performance_insights_retention_period": 0,
            "port": 3306,
            "publicly_accessible": false,
            "replicas": [],
            "replicate_source_db": "",
            "resource_id": "db-6CRZ72VW7KF23Y6PDVGGIRDYBA",
            "s3_import": [],
            "security_group_names": null,
            "skip_final_snapshot": true,
            "snapshot_identifier": null,
            "status": "available",
            "storage_encrypted": false,
            "storage_type": "gp2",
            "tags": {
              "Environment": "qa",
              "Tenant": "denzi"
            },
            "timeouts": null,
            "timezone": "",
            "username": "denziuat",
            "vpc_security_group_ids": [
              "sg-0fde21c292c18e8d6"
            ]
          },
          "private": "eyJlMmJmYjczMC1lY2FhLTExZTYtOGY4OC0zNDM2M2JjN2M0YzAiOnsiY3JlYXRlIjoyNDAwMDAwMDAwMDAwLCJkZWxldGUiOjI0MDAwMDAwMDAwMDAsInVwZGF0ZSI6NDgwMDAwMDAwMDAwMH0sInNjaGVtYV92ZXJzaW9uIjoiMSJ9",
          "dependencies": [
            "module.rds.aws_db_subnet_group.rds-db-subnet",
            "module.rds.aws_security_group.rds-security-group"
          ]
        }
      ]
    },
    {
      "module": "module.rds",
      "mode": "managed",
      "type": "aws_db_subnet_group",
      "name": "rds-db-subnet",
      "provider": "provider.aws",
      "instances": [
        {
          "schema_version": 0,
          "attributes": {
            "arn": "arn:aws:rds:us-east-2:437642037048:subgrp:denzidbservice-subnet-name",
            "description": "Managed by Terraform",
            "id": "denzidbservice-subnet-name",
            "name": "denzidbservice-subnet-name",
            "name_prefix": null,
            "subnet_ids": [
              "subnet-0592494341729bd11",
              "subnet-0e8f53a4aaa9a9d71"
            ],
            "tags": {}
          },
          "private": "bnVsbA==",
          "dependencies": [
            "module.vpc.aws_subnet.private_subnet",
            "module.vpc.aws_vpc.main"
          ]
        }
      ]
    },
    {
      "mode": "managed",
      "type": "aws_ecs_cluster",
      "name": "ecs-cluster",
      "provider": "provider.aws",
      "instances": [
        {
          "schema_version": 0,
          "attributes": {
            "arn": "arn:aws:ecs:us-east-2:437642037048:cluster/denzi-ecs-cluster",
            "capacity_providers": [],
            "default_capacity_provider_strategy": [],
            "id": "arn:aws:ecs:us-east-2:437642037048:cluster/denzi-ecs-cluster",
            "name": "denzi-ecs-cluster",
            "setting": [
              {
                "name": "containerInsights",
                "value": "disabled"
              }
            ],
            "tags": {}
          },
          "private": "bnVsbA=="
        }
      ]
    },
    {
      "module": "module.ecs_fargate",
      "mode": "managed",
      "type": "aws_ecs_service",
      "name": "default",
      "each": "list",
      "provider": "provider.aws",
      "instances": [
        {
          "index_key": 0,
          "schema_version": 0,
          "attributes": {
            "capacity_provider_strategy": [],
            "cluster": "arn:aws:ecs:us-east-2:437642037048:cluster/denzi-ecs-cluster",
            "deployment_controller": [
              {
                "type": "ECS"
              }
            ],
            "deployment_maximum_percent": 200,
            "deployment_minimum_healthy_percent": 100,
            "desired_count": 0,
            "enable_ecs_managed_tags": false,
            "force_new_deployment": null,
            "health_check_grace_period_seconds": 10,
            "iam_role": "aws-service-role",
            "id": "arn:aws:ecs:us-east-2:437642037048:service/denzi-task-definition",
            "launch_type": "FARGATE",
            "load_balancer": [
              {
                "container_name": "denzi-service",
                "container_port": 8080,
                "elb_name": "",
                "target_group_arn": "arn:aws:elasticloadbalancing:us-east-2:437642037048:targetgroup/denzi-fargate-lb/d957ecc4a7afa0c9"
              }
            ],
            "name": "denzi-task-definition",
            "network_configuration": [
              {
                "assign_public_ip": true,
                "security_groups": [
                  "sg-0fa667d8282ff536c"
                ],
                "subnets": [
                  "subnet-02d215714842d1fc7",
                  "subnet-0c1546a67befda52f"
                ]
              }
            ],
            "ordered_placement_strategy": [],
            "placement_constraints": [],
            "placement_strategy": [],
            "platform_version": "LATEST",
            "propagate_tags": "NONE",
            "scheduling_strategy": "REPLICA",
            "service_registries": [],
            "tags": {},
            "task_definition": "arn:aws:ecs:us-east-2:437642037048:task-definition/denzi-task-definition:16",
            "timeouts": null
          },
          "private": "eyJlMmJmYjczMC1lY2FhLTExZTYtOGY4OC0zNDM2M2JjN2M0YzAiOnsiZGVsZXRlIjoxMjAwMDAwMDAwMDAwfX0=",
          "dependencies": [
            "aws_ecs_cluster.ecs-cluster",
            "aws_iam_role.default",
            "module.alb.aws_lb_target_group.default",
            "module.cloud_watch.aws_cloudwatch_log_group.ecs-log-group",
            "module.cloudfront.aws_cloudfront_distribution.cdn",
            "module.ecs_fargate.aws_ecs_task_definition.default",
            "module.ecs_fargate.aws_iam_role.default",
            "module.ecs_fargate.aws_security_group.default",
            "module.rds.aws_db_instance.rds-db-resource",
            "module.rds.aws_db_subnet_group.rds-db-subnet",
            "module.rds.aws_security_group.rds-security-group",
            "module.s3-bucket.aws_cloudfront_origin_access_identity.s3_origin_access_identity",
            "module.vpc.aws_subnet.public_subnet"
          ]
        }
      ]
    },
    {
      "module": "module.ecs_fargate",
      "mode": "managed",
      "type": "aws_ecs_task_definition",
      "name": "default",
      "each": "list",
      "provider": "provider.aws",
      "instances": [
        {
          "index_key": 0,
          "schema_version": 1,
          "attributes": {
            "arn": "arn:aws:ecs:us-east-2:437642037048:task-definition/denzi-task-definition:16",
            "container_definitions": "[{\"cpu\":0,\"environment\":[{\"name\":\"APPLICATION_DENZI_MFA-SWITCH-ENABLED\",\"value\":\"false\"},{\"name\":\"APPLICATION_UI_URL\",\"value\":\"https://d2tb03m4zay37p.cloudfront.net\"},{\"name\":\"AWS_ACCESS_KEY_ID\",\"value\":\"AKIAWLZL7Q44PRBG7GKL\"},{\"name\":\"AWS_SECRET_ACCESS_KEY\",\"value\":\"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\"},{\"name\":\"HIBERNATE_CACHE_USE_QUERY_CACHE\",\"value\":\"*\"},{\"name\":\"JHIPSTER_CORS_ALLOWED-HEADER\",\"value\":\"*\"},{\"name\":\"JHIPSTER_CORS_ALLOWED-METHODS\",\"value\":\"GET, PUT, POST, DELETE, OPTIONS\"},{\"name\":\"JHIPSTER_CORS_ALLOWED-ORIGINS\",\"value\":\"*\"},{\"name\":\"JHIPSTER_CORS_MAX-AGE\",\"value\":\"1800\"},{\"name\":\"JHIPSTER_MAIL_BASE-URL\",\"value\":\"https://d2tb03m4zay37p.cloudfront.net\"},{\"name\":\"JHIPSTER_MAIL_FROM\",\"value\":\"nagendra@velocityworks.io\"},{\"name\":\"JHIPSTER_SECURITY_AUTHENTICATION_JWT_SECRET\",\"value\":\"adVS8Rrqc9g/3n6W4ISRTXZpDAqCPdtb6Lck57m13lVS8Rrqc9g/3n6W4ISRTXZpDAqCPdtb6Lck57m13lVS8Rrqc9g/3n6W4ISRTXZpDAqCPdtb6Lck57m13l\"},{\"name\":\"JHIPSTER_SLEEP\",\"value\":\"0\"},{\"name\":\"LIQUIBASE_ENABLED\",\"value\":\"true\"},{\"name\":\"LOGGING_LOGGER_GROUPNAME\",\"value\":\"qa-denzi-group\"},{\"name\":\"LOGGING_LOGGER_STREAMNAME\",\"value\":\"qa-denzi-app\"},{\"name\":\"SPRING_DATASOURCE_PASSWORD\",\"value\":\"tenant123$\"},{\"name\":\"SPRING_DATASOURCE_URL\",\"value\":\"jdbc:mysql://denzi-qa-instance.clo2fyyn2ezx.us-east-2.rds.amazonaws.com:3306/denzidbservice?useUnicode=true\u0026characterEncoding=utf8\u0026useSSL=false\"},{\"name\":\"SPRING_DATASOURCE_USERNAME\",\"value\":\"denziuat\"},{\"name\":\"SPRING_JPA_PROPERTIES_HIBERNATE_CACHE_USE_SECOND_LEVEL_CACHE\",\"value\":\"false\"},{\"name\":\"SPRING_MAIL_HOST\",\"value\":\"email-smtp.us-east-1.amazonaws.com\"},{\"name\":\"SPRING_MAIL_PASSWORD\",\"value\":\"BLYjRaohGR/xIaDv3BIPnPlTghIbr5+lSg8zHO7j198x\"},{\"name\":\"SPRING_MAIL_USERNAME\",\"value\":\"AKIAWLZL7Q44A4YUGA4R\"},{\"name\":\"SPRING_PROFILES_ACTIVE\",\"value\":\"prod,swagger\"}],\"essential\":true,\"image\":\"437642037048.dkr.ecr.us-east-2.amazonaws.com/denzi-service:latest\",\"logConfiguration\":{\"logDriver\":\"awslogs\",\"options\":{\"awslogs-group\":\"denzi-log-group\",\"awslogs-region\":\"us-east-2\",\"awslogs-stream-prefix\":\"denzi-app\"}},\"mountPoints\":[],\"name\":\"denzi-service\",\"portMappings\":[{\"containerPort\":8080,\"hostPort\":8080,\"protocol\":\"tcp\"}],\"volumesFrom\":[]}]",
            "cpu": "1024",
            "execution_role_arn": "arn:aws:iam::437642037048:role/service_role/denzi-task-definition-ecs-task-execution",
            "family": "denzi-task-definition",
            "id": "denzi-task-definition",
            "inference_accelerator": [],
            "ipc_mode": "",
            "memory": "4096",
            "network_mode": "awsvpc",
            "pid_mode": "",
            "placement_constraints": [],
            "proxy_configuration": [],
            "requires_compatibilities": [
              "FARGATE"
            ],
            "revision": 16,
            "tags": {
              "Environment": "qa",
              "Name": "denzi-task-definition",
              "Tenant": "denzi"
            },
            "task_role_arn": "",
            "volume": []
          },
          "private": "eyJzY2hlbWFfdmVyc2lvbiI6IjEifQ==",
          "dependencies": [
            "aws_iam_role.default",
            "module.alb.aws_lb_target_group.default",
            "module.cloud_watch.aws_cloudwatch_log_group.ecs-log-group",
            "module.cloudfront.aws_cloudfront_distribution.cdn",
            "module.ecs_fargate.aws_iam_role.default",
            "module.rds.aws_db_instance.rds-db-resource",
            "module.rds.aws_db_subnet_group.rds-db-subnet",
            "module.rds.aws_security_group.rds-security-group",
            "module.s3-bucket.aws_cloudfront_origin_access_identity.s3_origin_access_identity"
          ]
        }
      ]
    },
    {
      "module": "module.vpc",
      "mode": "managed",
      "type": "aws_eip",
      "name": "nat_gateway",
      "each": "list",
      "provider": "provider.aws",
      "instances": [
        {
          "index_key": 0,
          "schema_version": 0,
          "attributes": {
            "allocation_id": null,
            "associate_with_private_ip": null,
            "association_id": "eipassoc-041e9d7a38376880f",
            "customer_owned_ip": "",
            "customer_owned_ipv4_pool": "",
            "domain": "vpc",
            "id": "eipalloc-0eee94f3d542cc473",
            "instance": "",
            "network_interface": "eni-0413ada96bb4c8f26",
            "private_dns": "ip-16-255-0-198.us-east-2.compute.internal",
            "private_ip": "16.255.0.198",
            "public_dns": "ec2-3-19-25-159.us-east-2.compute.amazonaws.com",
            "public_ip": "3.19.25.159",
            "public_ipv4_pool": "amazon",
            "tags": {
              "Environment": "qa",
              "Name": "denzi-ecs-fargate-nat-0",
              "Tenant": "denzi"
            },
            "timeouts": null,
            "vpc": true
          },
          "private": "eyJlMmJmYjczMC1lY2FhLTExZTYtOGY4OC0zNDM2M2JjN2M0YzAiOnsiZGVsZXRlIjoxODAwMDAwMDAwMDAsInJlYWQiOjkwMDAwMDAwMDAwMCwidXBkYXRlIjozMDAwMDAwMDAwMDB9fQ==",
          "dependencies": [
            "module.vpc.aws_internet_gateway.gw",
            "module.vpc.aws_vpc.main"
          ]
        },
        {
          "index_key": 1,
          "schema_version": 0,
          "attributes": {
            "allocation_id": null,
            "associate_with_private_ip": null,
            "association_id": "eipassoc-04cf840cc24ac4ca4",
            "customer_owned_ip": "",
            "customer_owned_ipv4_pool": "",
            "domain": "vpc",
            "id": "eipalloc-0ee1d50f719f9b8d9",
            "instance": "",
            "network_interface": "eni-05b731efd09277271",
            "private_dns": "ip-16-255-1-77.us-east-2.compute.internal",
            "private_ip": "16.255.1.77",
            "public_dns": "ec2-3-14-179-100.us-east-2.compute.amazonaws.com",
            "public_ip": "3.14.179.100",
            "public_ipv4_pool": "amazon",
            "tags": {
              "Environment": "qa",
              "Name": "denzi-ecs-fargate-nat-1",
              "Tenant": "denzi"
            },
            "timeouts": null,
            "vpc": true
          },
          "private": "eyJlMmJmYjczMC1lY2FhLTExZTYtOGY4OC0zNDM2M2JjN2M0YzAiOnsiZGVsZXRlIjoxODAwMDAwMDAwMDAsInJlYWQiOjkwMDAwMDAwMDAwMCwidXBkYXRlIjozMDAwMDAwMDAwMDB9fQ==",
          "dependencies": [
            "module.vpc.aws_internet_gateway.gw",
            "module.vpc.aws_vpc.main"
          ]
        }
      ]
    },
    {
      "mode": "managed",
      "type": "aws_iam_policy",
      "name": "default",
      "provider": "provider.aws",
      "instances": [
        {
          "schema_version": 0,
          "attributes": {
            "arn": "arn:aws:iam::437642037048:policy/denzi-ecs-task-execution-for-ecs-fargate",
            "description": "",
            "id": "arn:aws:iam::437642037048:policy/denzi-ecs-task-execution-for-ecs-fargate",
            "name": "denzi-ecs-task-execution-for-ecs-fargate",
            "name_prefix": null,
            "path": "/",
            "policy": "{\n  \"Version\": \"2012-10-17\",\n  \"Statement\": [\n    {\n      \"Effect\": \"Allow\",\n      \"Action\": [\n        \"ecr:GetAuthorizationToken\",\n        \"ecr:BatchCheckLayerAvailability\",\n        \"ecr:GetDownloadUrlForLayer\",\n        \"ecr:BatchGetImage\",\n        \"logs:CreateLogStream\",\n        \"logs:PutLogEvents\"\n      ],\n      \"Resource\": \"*\"\n    }\n  ]\n}"
          },
          "private": "bnVsbA==",
          "dependencies": [
            "aws_iam_role.default"
          ]
        }
      ]
    },
    {
      "module": "module.ecs_fargate",
      "mode": "managed",
      "type": "aws_iam_policy",
      "name": "default",
      "each": "list",
      "provider": "provider.aws",
      "instances": [
        {
          "index_key": 0,
          "schema_version": 0,
          "attributes": {
            "arn": "arn:aws:iam::437642037048:policy/service_role/denzi-task-definition-ecs-task-execution",
            "description": "This is denzi",
            "id": "arn:aws:iam::437642037048:policy/service_role/denzi-task-definition-ecs-task-execution",
            "name": "denzi-task-definition-ecs-task-execution",
            "name_prefix": null,
            "path": "/service_role/",
            "policy": "{\n  \"Version\": \"2012-10-17\",\n  \"Statement\": [\n    {\n      \"Effect\": \"Allow\",\n      \"Action\": [\n        \"ecr:GetAuthorizationToken\",\n        \"ecr:BatchCheckLayerAvailability\",\n        \"ecr:GetDownloadUrlForLayer\",\n        \"ecr:BatchGetImage\",\n        \"logs:CreateLogStream\",\n        \"logs:PutLogEvents\"\n      ],\n      \"Resource\": \"*\"\n    }\n  ]\n}"
          },
          "private": "bnVsbA=="
        }
      ]
    },
    {
      "mode": "managed",
      "type": "aws_iam_role",
      "name": "default",
      "provider": "provider.aws",
      "instances": [
        {
          "schema_version": 0,
          "attributes": {
            "arn": "arn:aws:iam::437642037048:role/denzi-ecs-task-execution-for-ecs-fargate",
            "assume_role_policy": "{\"Version\":\"2012-10-17\",\"Statement\":[{\"Sid\":\"\",\"Effect\":\"Allow\",\"Principal\":{\"Service\":[\"ecs-tasks.amazonaws.com\",\"ecs.amazonaws.com\"]},\"Action\":\"sts:AssumeRole\"}]}",
            "create_date": "2020-07-27T14:42:58Z",
            "description": "",
            "force_detach_policies": false,
            "id": "denzi-ecs-task-execution-for-ecs-fargate",
            "max_session_duration": 3600,
            "name": "denzi-ecs-task-execution-for-ecs-fargate",
            "name_prefix": null,
            "path": "/",
            "permissions_boundary": null,
            "tags": {},
            "unique_id": "AROAWLZL7Q44IO5PEUDGB"
          },
          "private": "bnVsbA=="
        }
      ]
    },
    {
      "module": "module.ecs_fargate",
      "mode": "managed",
      "type": "aws_iam_role",
      "name": "default",
      "each": "list",
      "provider": "provider.aws",
      "instances": [
        {
          "index_key": 0,
          "schema_version": 0,
          "attributes": {
            "arn": "arn:aws:iam::437642037048:role/service_role/denzi-task-definition-ecs-task-execution",
            "assume_role_policy": "{\"Version\":\"2012-10-17\",\"Statement\":[{\"Sid\":\"\",\"Effect\":\"Allow\",\"Principal\":{\"Service\":\"ecs-tasks.amazonaws.com\"},\"Action\":\"sts:AssumeRole\"}]}",
            "create_date": "2020-07-27T14:42:58Z",
            "description": "This is denzi",
            "force_detach_policies": false,
            "id": "denzi-task-definition-ecs-task-execution",
            "max_session_duration": 3600,
            "name": "denzi-task-definition-ecs-task-execution",
            "name_prefix": null,
            "path": "/service_role/",
            "permissions_boundary": null,
            "tags": {
              "Environment": "qa",
              "Name": "denzi-task-definition-ecs-task-execution",
              "Tenant": "denzi"
            },
            "unique_id": "AROAWLZL7Q44FOYSRYTYO"
          },
          "private": "bnVsbA=="
        }
      ]
    },
    {
      "mode": "managed",
      "type": "aws_iam_role_policy_attachment",
      "name": "default",
      "provider": "provider.aws",
      "instances": [
        {
          "schema_version": 0,
          "attributes": {
            "id": "denzi-ecs-task-execution-for-ecs-fargate-20200727144301188800000005",
            "policy_arn": "arn:aws:iam::437642037048:policy/denzi-ecs-task-execution-for-ecs-fargate",
            "role": "denzi-ecs-task-execution-for-ecs-fargate"
          },
          "private": "bnVsbA==",
          "dependencies": [
            "aws_iam_policy.default",
            "aws_iam_role.default"
          ]
        }
      ]
    },
    {
      "module": "module.ecs_fargate",
      "mode": "managed",
      "type": "aws_iam_role_policy_attachment",
      "name": "default",
      "each": "list",
      "provider": "provider.aws",
      "instances": [
        {
          "index_key": 0,
          "schema_version": 0,
          "attributes": {
            "id": "denzi-task-definition-ecs-task-execution-20200727144300165200000003",
            "policy_arn": "arn:aws:iam::437642037048:policy/service_role/denzi-task-definition-ecs-task-execution",
            "role": "denzi-task-definition-ecs-task-execution"
          },
          "private": "bnVsbA==",
          "dependencies": [
            "module.ecs_fargate.aws_iam_policy.default",
            "module.ecs_fargate.aws_iam_role.default"
          ]
        }
      ]
    },
    {
      "module": "module.vpc",
      "mode": "managed",
      "type": "aws_internet_gateway",
      "name": "gw",
      "provider": "provider.aws",
      "instances": [
        {
          "schema_version": 0,
          "attributes": {
            "arn": "arn:aws:ec2:us-east-2:437642037048:internet-gateway/igw-08454f73299eeeabd",
            "id": "igw-08454f73299eeeabd",
            "owner_id": "437642037048",
            "tags": {
              "Environment": "qa",
              "Name": "denzi-ecs-fargate",
              "Tenant": "denzi"
            },
            "vpc_id": "vpc-04f974e2b7412306f"
          },
          "private": "bnVsbA==",
          "dependencies": [
            "module.vpc.aws_vpc.main"
          ]
        }
      ]
    },
    {
      "module": "module.alb",
      "mode": "managed",
      "type": "aws_lb",
      "name": "default",
      "each": "list",
      "provider": "provider.aws",
      "instances": [
        {
          "index_key": 0,
          "schema_version": 0,
          "attributes": {
            "access_logs": [
              {
                "bucket": "denzi-s3-lb-log-ecs-fargate-437642037048",
                "enabled": true,
                "prefix": "test"
              }
            ],
            "arn": "arn:aws:elasticloadbalancing:us-east-2:437642037048:loadbalancer/app/denzi-fargate-lb/9d03ac00242807c1",
            "arn_suffix": "app/denzi-fargate-lb/9d03ac00242807c1",
            "dns_name": "denzi-fargate-lb-895254213.us-east-2.elb.amazonaws.com",
            "drop_invalid_header_fields": false,
            "enable_cross_zone_load_balancing": null,
            "enable_deletion_protection": false,
            "enable_http2": false,
            "id": "arn:aws:elasticloadbalancing:us-east-2:437642037048:loadbalancer/app/denzi-fargate-lb/9d03ac00242807c1",
            "idle_timeout": 120,
            "internal": false,
            "ip_address_type": "ipv4",
            "load_balancer_type": "application",
            "name": "denzi-fargate-lb",
            "name_prefix": null,
            "security_groups": [
              "sg-0c1c7db8fbb0101ef"
            ],
            "subnet_mapping": [
              {
                "allocation_id": "",
                "subnet_id": "subnet-02d215714842d1fc7"
              },
              {
                "allocation_id": "",
                "subnet_id": "subnet-0c1546a67befda52f"
              }
            ],
            "subnets": [
              "subnet-02d215714842d1fc7",
              "subnet-0c1546a67befda52f"
            ],
            "tags": {
              "Environment": "qa",
              "Tenant": "denzi"
            },
            "timeouts": null,
            "vpc_id": "vpc-04f974e2b7412306f",
            "zone_id": "Z3AADJGX6KTTL2"
          },
          "private": "eyJlMmJmYjczMC1lY2FhLTExZTYtOGY4OC0zNDM2M2JjN2M0YzAiOnsiY3JlYXRlIjo2MDAwMDAwMDAwMDAsImRlbGV0ZSI6NjAwMDAwMDAwMDAwLCJ1cGRhdGUiOjYwMDAwMDAwMDAwMH19",
          "dependencies": [
            "module.alb.aws_security_group.default",
            "module.s3_access_log.aws_s3_bucket.default",
            "module.s3_lb_log.aws_s3_bucket.default",
            "module.vpc.aws_subnet.public_subnet",
            "module.vpc.aws_vpc.main"
          ]
        }
      ]
    },
    {
      "module": "module.alb",
      "mode": "managed",
      "type": "aws_lb_listener",
      "name": "http",
      "each": "list",
      "provider": "provider.aws",
      "instances": [
        {
          "index_key": 0,
          "schema_version": 0,
          "attributes": {
            "arn": "arn:aws:elasticloadbalancing:us-east-2:437642037048:listener/app/denzi-fargate-lb/9d03ac00242807c1/32a451414e7876a5",
            "certificate_arn": null,
            "default_action": [
              {
                "authenticate_cognito": [],
                "authenticate_oidc": [],
                "fixed_response": [
                  {
                    "content_type": "text/plain",
                    "message_body": "ok",
                    "status_code": "200"
                  }
                ],
                "forward": [],
                "order": 1,
                "redirect": [],
                "target_group_arn": "",
                "type": "fixed-response"
              }
            ],
            "id": "arn:aws:elasticloadbalancing:us-east-2:437642037048:listener/app/denzi-fargate-lb/9d03ac00242807c1/32a451414e7876a5",
            "load_balancer_arn": "arn:aws:elasticloadbalancing:us-east-2:437642037048:loadbalancer/app/denzi-fargate-lb/9d03ac00242807c1",
            "port": 80,
            "protocol": "HTTP",
            "ssl_policy": "",
            "timeouts": null
          },
          "private": "eyJlMmJmYjczMC1lY2FhLTExZTYtOGY4OC0zNDM2M2JjN2M0YzAiOnsicmVhZCI6NjAwMDAwMDAwMDAwfX0=",
          "dependencies": [
            "module.alb.aws_lb.default",
            "module.alb.aws_security_group.default",
            "module.s3_access_log.aws_s3_bucket.default",
            "module.s3_lb_log.aws_s3_bucket.default",
            "module.vpc.aws_subnet.public_subnet",
            "module.vpc.aws_vpc.main"
          ]
        }
      ]
    },
    {
      "module": "module.alb",
      "mode": "managed",
      "type": "aws_lb_listener",
      "name": "https",
      "each": "list",
      "provider": "provider.aws",
      "instances": []
    },
    {
      "module": "module.alb",
      "mode": "managed",
      "type": "aws_lb_listener",
      "name": "redirect_http_to_https",
      "each": "list",
      "provider": "provider.aws",
      "instances": []
    },
    {
      "module": "module.alb",
      "mode": "managed",
      "type": "aws_lb_listener_rule",
      "name": "http",
      "each": "list",
      "provider": "provider.aws",
      "instances": [
        {
          "index_key": 0,
          "schema_version": 0,
          "attributes": {
            "action": [
              {
                "authenticate_cognito": [],
                "authenticate_oidc": [],
                "fixed_response": [],
                "forward": [],
                "order": 1,
                "redirect": [],
                "target_group_arn": "arn:aws:elasticloadbalancing:us-east-2:437642037048:targetgroup/denzi-fargate-lb/d957ecc4a7afa0c9",
                "type": "forward"
              }
            ],
            "arn": "arn:aws:elasticloadbalancing:us-east-2:437642037048:listener-rule/app/denzi-fargate-lb/9d03ac00242807c1/32a451414e7876a5/81edbd455ed3428c",
            "condition": [
              {
                "field": "path-pattern",
                "host_header": [],
                "http_header": [],
                "http_request_method": [],
                "path_pattern": [
                  {
                    "values": [
                      "/*"
                    ]
                  }
                ],
                "query_string": [],
                "source_ip": [],
                "values": [
                  "/*"
                ]
              }
            ],
            "id": "arn:aws:elasticloadbalancing:us-east-2:437642037048:listener-rule/app/denzi-fargate-lb/9d03ac00242807c1/32a451414e7876a5/81edbd455ed3428c",
            "listener_arn": "arn:aws:elasticloadbalancing:us-east-2:437642037048:listener/app/denzi-fargate-lb/9d03ac00242807c1/32a451414e7876a5",
            "priority": 1
          },
          "private": "bnVsbA==",
          "dependencies": [
            "module.alb.aws_lb.default",
            "module.alb.aws_lb_listener.http",
            "module.alb.aws_lb_target_group.default",
            "module.alb.aws_security_group.default",
            "module.s3_access_log.aws_s3_bucket.default",
            "module.s3_lb_log.aws_s3_bucket.default",
            "module.vpc.aws_subnet.public_subnet",
            "module.vpc.aws_vpc.main"
          ]
        }
      ]
    },
    {
      "module": "module.alb",
      "mode": "managed",
      "type": "aws_lb_listener_rule",
      "name": "https",
      "each": "list",
      "provider": "provider.aws",
      "instances": []
    },
    {
      "module": "module.alb",
      "mode": "managed",
      "type": "aws_lb_target_group",
      "name": "default",
      "each": "list",
      "provider": "provider.aws",
      "instances": [
        {
          "index_key": 0,
          "schema_version": 0,
          "attributes": {
            "arn": "arn:aws:elasticloadbalancing:us-east-2:437642037048:targetgroup/denzi-fargate-lb/d957ecc4a7afa0c9",
            "arn_suffix": "targetgroup/denzi-fargate-lb/d957ecc4a7afa0c9",
            "deregistration_delay": 600,
            "health_check": [
              {
                "enabled": true,
                "healthy_threshold": 5,
                "interval": 200,
                "matcher": "200",
                "path": "/management/health",
                "port": "traffic-port",
                "protocol": "HTTP",
                "timeout": 120,
                "unhealthy_threshold": 3
              }
            ],
            "id": "arn:aws:elasticloadbalancing:us-east-2:437642037048:targetgroup/denzi-fargate-lb/d957ecc4a7afa0c9",
            "lambda_multi_value_headers_enabled": false,
            "load_balancing_algorithm_type": "round_robin",
            "name": "denzi-fargate-lb",
            "name_prefix": null,
            "port": 8080,
            "protocol": "HTTP",
            "proxy_protocol_v2": false,
            "slow_start": 0,
            "stickiness": [
              {
                "cookie_duration": 86400,
                "enabled": false,
                "type": "lb_cookie"
              }
            ],
            "tags": {
              "Environment": "qa",
              "Tenant": "denzi"
            },
            "target_type": "ip",
            "vpc_id": "vpc-04f974e2b7412306f"
          },
          "private": "bnVsbA==",
          "dependencies": [
            "module.alb.aws_lb.default",
            "module.alb.aws_security_group.default",
            "module.s3_access_log.aws_s3_bucket.default",
            "module.s3_lb_log.aws_s3_bucket.default",
            "module.vpc.aws_subnet.public_subnet",
            "module.vpc.aws_vpc.main"
          ]
        }
      ]
    },
    {
      "module": "module.vpc",
      "mode": "managed",
      "type": "aws_nat_gateway",
      "name": "default",
      "each": "list",
      "provider": "provider.aws",
      "instances": [
        {
          "index_key": 0,
          "schema_version": 0,
          "attributes": {
            "allocation_id": "eipalloc-0eee94f3d542cc473",
            "id": "nat-02b568d961dc85e31",
            "network_interface_id": "eni-0413ada96bb4c8f26",
            "private_ip": "16.255.0.198",
            "public_ip": "3.19.25.159",
            "subnet_id": "subnet-02d215714842d1fc7",
            "tags": {
              "Environment": "qa",
              "Name": "denzi-ecs-fargate-0",
              "Tenant": "denzi"
            }
          },
          "private": "bnVsbA==",
          "dependencies": [
            "module.vpc.aws_eip.nat_gateway",
            "module.vpc.aws_internet_gateway.gw",
            "module.vpc.aws_subnet.public_subnet",
            "module.vpc.aws_vpc.main"
          ]
        },
        {
          "index_key": 1,
          "schema_version": 0,
          "attributes": {
            "allocation_id": "eipalloc-0ee1d50f719f9b8d9",
            "id": "nat-07d3b22289b74b82d",
            "network_interface_id": "eni-05b731efd09277271",
            "private_ip": "16.255.1.77",
            "public_ip": "3.14.179.100",
            "subnet_id": "subnet-0c1546a67befda52f",
            "tags": {
              "Environment": "qa",
              "Name": "denzi-ecs-fargate-1",
              "Tenant": "denzi"
            }
          },
          "private": "bnVsbA==",
          "dependencies": [
            "module.vpc.aws_eip.nat_gateway",
            "module.vpc.aws_internet_gateway.gw",
            "module.vpc.aws_subnet.public_subnet",
            "module.vpc.aws_vpc.main"
          ]
        }
      ]
    },
    {
      "module": "module.vpc",
      "mode": "managed",
      "type": "aws_network_acl",
      "name": "private",
      "provider": "provider.aws",
      "instances": [
        {
          "schema_version": 0,
          "attributes": {
            "arn": "arn:aws:ec2:us-east-2:437642037048:network-acl/acl-0ae8ab527c0005be2",
            "egress": [
              {
                "action": "allow",
                "cidr_block": "0.0.0.0/0",
                "from_port": 0,
                "icmp_code": 0,
                "icmp_type": 0,
                "ipv6_cidr_block": "",
                "protocol": "-1",
                "rule_no": 100,
                "to_port": 0
              }
            ],
            "id": "acl-0ae8ab527c0005be2",
            "ingress": [
              {
                "action": "allow",
                "cidr_block": "0.0.0.0/0",
                "from_port": 0,
                "icmp_code": 0,
                "icmp_type": 0,
                "ipv6_cidr_block": "",
                "protocol": "-1",
                "rule_no": 100,
                "to_port": 0
              }
            ],
            "owner_id": "437642037048",
            "subnet_id": null,
            "subnet_ids": [
              "subnet-0592494341729bd11",
              "subnet-0e8f53a4aaa9a9d71"
            ],
            "tags": {
              "Environment": "qa",
              "Name": "denzi-ecs-fargate-private",
              "Tenant": "denzi"
            },
            "vpc_id": "vpc-04f974e2b7412306f"
          },
          "private": "bnVsbA==",
          "dependencies": [
            "module.vpc.aws_subnet.private_subnet",
            "module.vpc.aws_vpc.main"
          ]
        }
      ]
    },
    {
      "module": "module.vpc",
      "mode": "managed",
      "type": "aws_network_acl",
      "name": "public",
      "provider": "provider.aws",
      "instances": [
        {
          "schema_version": 0,
          "attributes": {
            "arn": "arn:aws:ec2:us-east-2:437642037048:network-acl/acl-029c4f74b1d034895",
            "egress": [
              {
                "action": "allow",
                "cidr_block": "0.0.0.0/0",
                "from_port": 0,
                "icmp_code": 0,
                "icmp_type": 0,
                "ipv6_cidr_block": "",
                "protocol": "-1",
                "rule_no": 100,
                "to_port": 0
              }
            ],
            "id": "acl-029c4f74b1d034895",
            "ingress": [
              {
                "action": "allow",
                "cidr_block": "0.0.0.0/0",
                "from_port": 0,
                "icmp_code": 0,
                "icmp_type": 0,
                "ipv6_cidr_block": "",
                "protocol": "-1",
                "rule_no": 100,
                "to_port": 0
              }
            ],
            "owner_id": "437642037048",
            "subnet_id": null,
            "subnet_ids": [
              "subnet-02d215714842d1fc7",
              "subnet-0c1546a67befda52f"
            ],
            "tags": {
              "Environment": "qa",
              "Name": "denzi-ecs-fargate-public",
              "Tenant": "denzi"
            },
            "vpc_id": "vpc-04f974e2b7412306f"
          },
          "private": "bnVsbA==",
          "dependencies": [
            "module.vpc.aws_subnet.public_subnet",
            "module.vpc.aws_vpc.main"
          ]
        }
      ]
    },
    {
      "module": "module.vpc",
      "mode": "managed",
      "type": "aws_network_acl_rule",
      "name": "private_egress",
      "provider": "provider.aws",
      "instances": [
        {
          "schema_version": 0,
          "attributes": {
            "cidr_block": "0.0.0.0/0",
            "egress": true,
            "from_port": 0,
            "icmp_code": null,
            "icmp_type": null,
            "id": "nacl-76132331",
            "ipv6_cidr_block": "",
            "network_acl_id": "acl-0ae8ab527c0005be2",
            "protocol": "all",
            "rule_action": "allow",
            "rule_number": 100,
            "to_port": 0
          },
          "private": "bnVsbA==",
          "dependencies": [
            "module.vpc.aws_network_acl.private",
            "module.vpc.aws_subnet.private_subnet",
            "module.vpc.aws_vpc.main"
          ]
        }
      ]
    },
    {
      "module": "module.vpc",
      "mode": "managed",
      "type": "aws_network_acl_rule",
      "name": "private_ingress",
      "provider": "provider.aws",
      "instances": [
        {
          "schema_version": 0,
          "attributes": {
            "cidr_block": "0.0.0.0/0",
            "egress": false,
            "from_port": 0,
            "icmp_code": null,
            "icmp_type": null,
            "id": "nacl-1812099522",
            "ipv6_cidr_block": "",
            "network_acl_id": "acl-0ae8ab527c0005be2",
            "protocol": "all",
            "rule_action": "allow",
            "rule_number": 100,
            "to_port": 0
          },
          "private": "bnVsbA==",
          "dependencies": [
            "module.vpc.aws_network_acl.private",
            "module.vpc.aws_subnet.private_subnet",
            "module.vpc.aws_vpc.main"
          ]
        }
      ]
    },
    {
      "module": "module.vpc",
      "mode": "managed",
      "type": "aws_network_acl_rule",
      "name": "public_egress",
      "provider": "provider.aws",
      "instances": [
        {
          "schema_version": 0,
          "attributes": {
            "cidr_block": "0.0.0.0/0",
            "egress": true,
            "from_port": 0,
            "icmp_code": null,
            "icmp_type": null,
            "id": "nacl-3664076287",
            "ipv6_cidr_block": "",
            "network_acl_id": "acl-029c4f74b1d034895",
            "protocol": "all",
            "rule_action": "allow",
            "rule_number": 100,
            "to_port": 0
          },
          "private": "bnVsbA==",
          "dependencies": [
            "module.vpc.aws_network_acl.public",
            "module.vpc.aws_subnet.public_subnet",
            "module.vpc.aws_vpc.main"
          ]
        }
      ]
    },
    {
      "module": "module.vpc",
      "mode": "managed",
      "type": "aws_network_acl_rule",
      "name": "public_ingress",
      "provider": "provider.aws",
      "instances": [
        {
          "schema_version": 0,
          "attributes": {
            "cidr_block": "0.0.0.0/0",
            "egress": false,
            "from_port": 0,
            "icmp_code": null,
            "icmp_type": null,
            "id": "nacl-1980123469",
            "ipv6_cidr_block": "",
            "network_acl_id": "acl-029c4f74b1d034895",
            "protocol": "all",
            "rule_action": "allow",
            "rule_number": 100,
            "to_port": 0
          },
          "private": "bnVsbA==",
          "dependencies": [
            "module.vpc.aws_network_acl.public",
            "module.vpc.aws_subnet.public_subnet",
            "module.vpc.aws_vpc.main"
          ]
        }
      ]
    },
    {
      "module": "module.vpc",
      "mode": "managed",
      "type": "aws_route",
      "name": "private",
      "each": "list",
      "provider": "provider.aws",
      "instances": [
        {
          "index_key": 0,
          "schema_version": 0,
          "attributes": {
            "destination_cidr_block": "0.0.0.0/0",
            "destination_ipv6_cidr_block": "",
            "destination_prefix_list_id": "",
            "egress_only_gateway_id": "",
            "gateway_id": "",
            "id": "r-rtb-0f9f6e7d661dd5d621080289494",
            "instance_id": "",
            "instance_owner_id": "",
            "nat_gateway_id": "nat-02b568d961dc85e31",
            "network_interface_id": "",
            "origin": "CreateRoute",
            "route_table_id": "rtb-0f9f6e7d661dd5d62",
            "state": "active",
            "timeouts": null,
            "transit_gateway_id": "",
            "vpc_peering_connection_id": ""
          },
          "private": "eyJlMmJmYjczMC1lY2FhLTExZTYtOGY4OC0zNDM2M2JjN2M0YzAiOnsiY3JlYXRlIjoxMjAwMDAwMDAwMDAsImRlbGV0ZSI6MzAwMDAwMDAwMDAwfX0=",
          "dependencies": [
            "module.vpc.aws_eip.nat_gateway",
            "module.vpc.aws_internet_gateway.gw",
            "module.vpc.aws_nat_gateway.default",
            "module.vpc.aws_route_table.private",
            "module.vpc.aws_subnet.public_subnet",
            "module.vpc.aws_vpc.main"
          ]
        },
        {
          "index_key": 1,
          "schema_version": 0,
          "attributes": {
            "destination_cidr_block": "0.0.0.0/0",
            "destination_ipv6_cidr_block": "",
            "destination_prefix_list_id": "",
            "egress_only_gateway_id": "",
            "gateway_id": "",
            "id": "r-rtb-0120dd1e5950d20c81080289494",
            "instance_id": "",
            "instance_owner_id": "",
            "nat_gateway_id": "nat-07d3b22289b74b82d",
            "network_interface_id": "",
            "origin": "CreateRoute",
            "route_table_id": "rtb-0120dd1e5950d20c8",
            "state": "active",
            "timeouts": null,
            "transit_gateway_id": "",
            "vpc_peering_connection_id": ""
          },
          "private": "eyJlMmJmYjczMC1lY2FhLTExZTYtOGY4OC0zNDM2M2JjN2M0YzAiOnsiY3JlYXRlIjoxMjAwMDAwMDAwMDAsImRlbGV0ZSI6MzAwMDAwMDAwMDAwfX0=",
          "dependencies": [
            "module.vpc.aws_eip.nat_gateway",
            "module.vpc.aws_internet_gateway.gw",
            "module.vpc.aws_nat_gateway.default",
            "module.vpc.aws_route_table.private",
            "module.vpc.aws_subnet.public_subnet",
            "module.vpc.aws_vpc.main"
          ]
        }
      ]
    },
    {
      "module": "module.vpc",
      "mode": "managed",
      "type": "aws_route",
      "name": "public",
      "provider": "provider.aws",
      "instances": [
        {
          "schema_version": 0,
          "attributes": {
            "destination_cidr_block": "0.0.0.0/0",
            "destination_ipv6_cidr_block": "",
            "destination_prefix_list_id": "",
            "egress_only_gateway_id": "",
            "gateway_id": "igw-08454f73299eeeabd",
            "id": "r-rtb-030d8c00137235f791080289494",
            "instance_id": "",
            "instance_owner_id": "",
            "nat_gateway_id": "",
            "network_interface_id": "",
            "origin": "CreateRoute",
            "route_table_id": "rtb-030d8c00137235f79",
            "state": "active",
            "timeouts": null,
            "transit_gateway_id": "",
            "vpc_peering_connection_id": ""
          },
          "private": "eyJlMmJmYjczMC1lY2FhLTExZTYtOGY4OC0zNDM2M2JjN2M0YzAiOnsiY3JlYXRlIjoxMjAwMDAwMDAwMDAsImRlbGV0ZSI6MzAwMDAwMDAwMDAwfX0=",
          "dependencies": [
            "module.vpc.aws_internet_gateway.gw",
            "module.vpc.aws_route_table.public",
            "module.vpc.aws_vpc.main"
          ]
        }
      ]
    },
    {
      "module": "module.vpc",
      "mode": "managed",
      "type": "aws_route_table",
      "name": "private",
      "each": "list",
      "provider": "provider.aws",
      "instances": [
        {
          "index_key": 0,
          "schema_version": 0,
          "attributes": {
            "id": "rtb-0f9f6e7d661dd5d62",
            "owner_id": "437642037048",
            "propagating_vgws": [],
            "route": [
              {
                "cidr_block": "0.0.0.0/0",
                "egress_only_gateway_id": "",
                "gateway_id": "",
                "instance_id": "",
                "ipv6_cidr_block": "",
                "nat_gateway_id": "nat-02b568d961dc85e31",
                "network_interface_id": "",
                "transit_gateway_id": "",
                "vpc_peering_connection_id": ""
              }
            ],
            "tags": {
              "Environment": "qa",
              "Name": "denzi-ecs-fargate-private-0",
              "Tenant": "denzi"
            },
            "vpc_id": "vpc-04f974e2b7412306f"
          },
          "private": "bnVsbA==",
          "dependencies": [
            "module.vpc.aws_vpc.main"
          ]
        },
        {
          "index_key": 1,
          "schema_version": 0,
          "attributes": {
            "id": "rtb-0120dd1e5950d20c8",
            "owner_id": "437642037048",
            "propagating_vgws": [],
            "route": [
              {
                "cidr_block": "0.0.0.0/0",
                "egress_only_gateway_id": "",
                "gateway_id": "",
                "instance_id": "",
                "ipv6_cidr_block": "",
                "nat_gateway_id": "nat-07d3b22289b74b82d",
                "network_interface_id": "",
                "transit_gateway_id": "",
                "vpc_peering_connection_id": ""
              }
            ],
            "tags": {
              "Environment": "qa",
              "Name": "denzi-ecs-fargate-private-1",
              "Tenant": "denzi"
            },
            "vpc_id": "vpc-04f974e2b7412306f"
          },
          "private": "bnVsbA==",
          "dependencies": [
            "module.vpc.aws_vpc.main"
          ]
        }
      ]
    },
    {
      "module": "module.vpc",
      "mode": "managed",
      "type": "aws_route_table",
      "name": "public",
      "provider": "provider.aws",
      "instances": [
        {
          "schema_version": 0,
          "attributes": {
            "id": "rtb-030d8c00137235f79",
            "owner_id": "437642037048",
            "propagating_vgws": [],
            "route": [
              {
                "cidr_block": "0.0.0.0/0",
                "egress_only_gateway_id": "",
                "gateway_id": "igw-08454f73299eeeabd",
                "instance_id": "",
                "ipv6_cidr_block": "",
                "nat_gateway_id": "",
                "network_interface_id": "",
                "transit_gateway_id": "",
                "vpc_peering_connection_id": ""
              }
            ],
            "tags": {
              "Environment": "qa",
              "Name": "denzi-ecs-fargate-public",
              "Tenant": "denzi"
            },
            "vpc_id": "vpc-04f974e2b7412306f"
          },
          "private": "bnVsbA==",
          "dependencies": [
            "module.vpc.aws_vpc.main"
          ]
        }
      ]
    },
    {
      "module": "module.vpc",
      "mode": "managed",
      "type": "aws_route_table_association",
      "name": "private",
      "each": "list",
      "provider": "provider.aws",
      "instances": [
        {
          "index_key": 0,
          "schema_version": 0,
          "attributes": {
            "gateway_id": null,
            "id": "rtbassoc-0abc282e218caa4bb",
            "route_table_id": "rtb-0f9f6e7d661dd5d62",
            "subnet_id": "subnet-0592494341729bd11"
          },
          "private": "bnVsbA==",
          "dependencies": [
            "module.vpc.aws_route_table.private",
            "module.vpc.aws_subnet.private_subnet",
            "module.vpc.aws_vpc.main"
          ]
        },
        {
          "index_key": 1,
          "schema_version": 0,
          "attributes": {
            "gateway_id": null,
            "id": "rtbassoc-0ea5e9a4cb468f11d",
            "route_table_id": "rtb-0120dd1e5950d20c8",
            "subnet_id": "subnet-0e8f53a4aaa9a9d71"
          },
          "private": "bnVsbA==",
          "dependencies": [
            "module.vpc.aws_route_table.private",
            "module.vpc.aws_subnet.private_subnet",
            "module.vpc.aws_vpc.main"
          ]
        }
      ]
    },
    {
      "module": "module.vpc",
      "mode": "managed",
      "type": "aws_route_table_association",
      "name": "public",
      "each": "list",
      "provider": "provider.aws",
      "instances": [
        {
          "index_key": 0,
          "schema_version": 0,
          "attributes": {
            "gateway_id": null,
            "id": "rtbassoc-01bf17d8db403fe43",
            "route_table_id": "rtb-030d8c00137235f79",
            "subnet_id": "subnet-02d215714842d1fc7"
          },
          "private": "bnVsbA==",
          "dependencies": [
            "module.vpc.aws_route_table.public",
            "module.vpc.aws_subnet.public_subnet",
            "module.vpc.aws_vpc.main"
          ]
        },
        {
          "index_key": 1,
          "schema_version": 0,
          "attributes": {
            "gateway_id": null,
            "id": "rtbassoc-0168204a57d81ec87",
            "route_table_id": "rtb-030d8c00137235f79",
            "subnet_id": "subnet-0c1546a67befda52f"
          },
          "private": "bnVsbA==",
          "dependencies": [
            "module.vpc.aws_route_table.public",
            "module.vpc.aws_subnet.public_subnet",
            "module.vpc.aws_vpc.main"
          ]
        }
      ]
    },
    {
      "module": "module.s3_access_log",
      "mode": "managed",
      "type": "aws_s3_bucket",
      "name": "default",
      "provider": "provider.aws",
      "instances": [
        {
          "schema_version": 0,
          "attributes": {
            "acceleration_status": "",
            "acl": "log-delivery-write",
            "arn": "arn:aws:s3:::denzi-s3-access-log-ecs-fargate-437642037048",
            "bucket": "denzi-s3-access-log-ecs-fargate-437642037048",
            "bucket_domain_name": "denzi-s3-access-log-ecs-fargate-437642037048.s3.amazonaws.com",
            "bucket_prefix": null,
            "bucket_regional_domain_name": "denzi-s3-access-log-ecs-fargate-437642037048.s3.us-east-2.amazonaws.com",
            "cors_rule": [],
            "force_destroy": true,
            "grant": [],
            "hosted_zone_id": "Z2O1EMRO9K5GLX",
            "id": "denzi-s3-access-log-ecs-fargate-437642037048",
            "lifecycle_rule": [
              {
                "abort_incomplete_multipart_upload_days": 0,
                "enabled": true,
                "expiration": [
                  {
                    "date": "",
                    "days": 90,
                    "expired_object_delete_marker": false
                  }
                ],
                "id": "tf-s3-lifecycle-20200727144300854400000004",
                "noncurrent_version_expiration": [
                  {
                    "days": 60
                  }
                ],
                "noncurrent_version_transition": [
                  {
                    "days": 30,
                    "storage_class": "GLACIER"
                  }
                ],
                "prefix": "",
                "tags": {},
                "transition": [
                  {
                    "date": "",
                    "days": 30,
                    "storage_class": "STANDARD_IA"
                  },
                  {
                    "date": "",
                    "days": 60,
                    "storage_class": "GLACIER"
                  }
                ]
              }
            ],
            "logging": [],
            "object_lock_configuration": [],
            "policy": null,
            "region": "us-east-2",
            "replication_configuration": [],
            "request_payer": "BucketOwner",
            "server_side_encryption_configuration": [
              {
                "rule": [
                  {
                    "apply_server_side_encryption_by_default": [
                      {
                        "kms_master_key_id": "",
                        "sse_algorithm": "AES256"
                      }
                    ]
                  }
                ]
              }
            ],
            "tags": {},
            "versioning": [
              {
                "enabled": true,
                "mfa_delete": false
              }
            ],
            "website": [],
            "website_domain": null,
            "website_endpoint": null
          },
          "private": "bnVsbA=="
        }
      ]
    },
    {
      "module": "module.s3_lb_log",
      "mode": "managed",
      "type": "aws_s3_bucket",
      "name": "default",
      "provider": "provider.aws",
      "instances": [
        {
          "schema_version": 0,
          "attributes": {
            "acceleration_status": "",
            "acl": "private",
            "arn": "arn:aws:s3:::denzi-s3-lb-log-ecs-fargate-437642037048",
            "bucket": "denzi-s3-lb-log-ecs-fargate-437642037048",
            "bucket_domain_name": "denzi-s3-lb-log-ecs-fargate-437642037048.s3.amazonaws.com",
            "bucket_prefix": null,
            "bucket_regional_domain_name": "denzi-s3-lb-log-ecs-fargate-437642037048.s3.us-east-2.amazonaws.com",
            "cors_rule": [],
            "force_destroy": true,
            "grant": [],
            "hosted_zone_id": "Z2O1EMRO9K5GLX",
            "id": "denzi-s3-lb-log-ecs-fargate-437642037048",
            "lifecycle_rule": [
              {
                "abort_incomplete_multipart_upload_days": 0,
                "enabled": true,
                "expiration": [
                  {
                    "date": "",
                    "days": 90,
                    "expired_object_delete_marker": false
                  }
                ],
                "id": "tf-s3-lifecycle-20200727144313234800000006",
                "noncurrent_version_expiration": [
                  {
                    "days": 60
                  }
                ],
                "noncurrent_version_transition": [
                  {
                    "days": 30,
                    "storage_class": "GLACIER"
                  }
                ],
                "prefix": "",
                "tags": {},
                "transition": [
                  {
                    "date": "",
                    "days": 30,
                    "storage_class": "STANDARD_IA"
                  },
                  {
                    "date": "",
                    "days": 60,
                    "storage_class": "GLACIER"
                  }
                ]
              }
            ],
            "logging": [
              {
                "target_bucket": "denzi-s3-access-log-ecs-fargate-437642037048",
                "target_prefix": "logs/denzi-s3-lb-log-ecs-fargate-437642037048/"
              }
            ],
            "object_lock_configuration": [],
            "policy": null,
            "region": "us-east-2",
            "replication_configuration": [],
            "request_payer": "BucketOwner",
            "server_side_encryption_configuration": [
              {
                "rule": [
                  {
                    "apply_server_side_encryption_by_default": [
                      {
                        "kms_master_key_id": "",
                        "sse_algorithm": "AES256"
                      }
                    ]
                  }
                ]
              }
            ],
            "tags": {},
            "versioning": [
              {
                "enabled": true,
                "mfa_delete": false
              }
            ],
            "website": [],
            "website_domain": null,
            "website_endpoint": null
          },
          "private": "bnVsbA==",
          "dependencies": [
            "module.s3_access_log.aws_s3_bucket.default"
          ]
        }
      ]
    },
    {
      "module": "module.s3-bucket",
      "mode": "managed",
      "type": "aws_s3_bucket",
      "name": "s3_bucket",
      "provider": "provider.aws",
      "instances": [
        {
          "schema_version": 0,
          "attributes": {
            "acceleration_status": "",
            "acl": "private",
            "arn": "arn:aws:s3:::denzi-admin-portal",
            "bucket": "denzi-admin-portal",
            "bucket_domain_name": "denzi-admin-portal.s3.amazonaws.com",
            "bucket_prefix": null,
            "bucket_regional_domain_name": "denzi-admin-portal.s3.us-east-2.amazonaws.com",
            "cors_rule": [],
            "force_destroy": true,
            "grant": [],
            "hosted_zone_id": "Z2O1EMRO9K5GLX",
            "id": "denzi-admin-portal",
            "lifecycle_rule": [],
            "logging": [],
            "object_lock_configuration": [],
            "policy": "{\"Statement\":[{\"Action\":\"s3:GetObject\",\"Effect\":\"Allow\",\"Principal\":{\"AWS\":\"arn:aws:iam::cloudfront:user/CloudFront Origin Access Identity E2BCGA1FGTA8W9\"},\"Resource\":\"arn:aws:s3:::denzi-admin-portal/*\",\"Sid\":\"CloudFrontRead\"}],\"Version\":\"2012-10-17\"}",
            "region": "us-east-2",
            "replication_configuration": [],
            "request_payer": "BucketOwner",
            "server_side_encryption_configuration": [],
            "tags": {
              "Environment": "qa",
              "tenant": "denzi"
            },
            "versioning": [
              {
                "enabled": false,
                "mfa_delete": false
              }
            ],
            "website": [
              {
                "error_document": "404.html",
                "index_document": "index.html",
                "redirect_all_requests_to": "",
                "routing_rules": ""
              }
            ],
            "website_domain": "s3-website.us-east-2.amazonaws.com",
            "website_endpoint": "denzi-admin-portal.s3-website.us-east-2.amazonaws.com"
          },
          "private": "bnVsbA==",
          "dependencies": [
            "module.s3-bucket.aws_cloudfront_origin_access_identity.s3_origin_access_identity"
          ]
        }
      ]
    },
    {
      "module": "module.s3-terraform-remote-state",
      "mode": "managed",
      "type": "aws_s3_bucket",
      "name": "terraform_state",
      "provider": "provider.aws",
      "instances": [
        {
          "schema_version": 0,
          "attributes": {
            "acceleration_status": "",
            "acl": "private",
            "arn": "arn:aws:s3:::denzi-uat-remote-state",
            "bucket": "denzi-uat-remote-state",
            "bucket_domain_name": "denzi-uat-remote-state.s3.amazonaws.com",
            "bucket_prefix": null,
            "bucket_regional_domain_name": "denzi-uat-remote-state.s3.us-east-2.amazonaws.com",
            "cors_rule": [],
            "force_destroy": false,
            "grant": [],
            "hosted_zone_id": "Z2O1EMRO9K5GLX",
            "id": "denzi-uat-remote-state",
            "lifecycle_rule": [],
            "logging": [],
            "object_lock_configuration": [],
            "policy": null,
            "region": "us-east-2",
            "replication_configuration": [],
            "request_payer": "BucketOwner",
            "server_side_encryption_configuration": [
              {
                "rule": [
                  {
                    "apply_server_side_encryption_by_default": [
                      {
                        "kms_master_key_id": "",
                        "sse_algorithm": "AES256"
                      }
                    ]
                  }
                ]
              }
            ],
            "tags": {
              "Environment": "Dev",
              "Name": "terraform-bucket"
            },
            "versioning": [
              {
                "enabled": true,
                "mfa_delete": false
              }
            ],
            "website": [],
            "website_domain": null,
            "website_endpoint": null
          },
          "private": "bnVsbA=="
        }
      ]
    },
    {
      "module": "module.cloudfront",
      "mode": "managed",
      "type": "aws_s3_bucket",
      "name": "web",
      "provider": "provider.aws",
      "instances": [
        {
          "schema_version": 0,
          "attributes": {
            "acceleration_status": "",
            "acl": "private",
            "arn": "arn:aws:s3:::437642037048-denzi-denzi-cloud-front",
            "bucket": "437642037048-denzi-denzi-cloud-front",
            "bucket_domain_name": "437642037048-denzi-denzi-cloud-front.s3.amazonaws.com",
            "bucket_prefix": null,
            "bucket_regional_domain_name": "437642037048-denzi-denzi-cloud-front.s3.us-east-2.amazonaws.com",
            "cors_rule": [],
            "force_destroy": true,
            "grant": [],
            "hosted_zone_id": "Z2O1EMRO9K5GLX",
            "id": "437642037048-denzi-denzi-cloud-front",
            "lifecycle_rule": [
              {
                "abort_incomplete_multipart_upload_days": 0,
                "enabled": false,
                "expiration": [],
                "id": "expire-old-versions",
                "noncurrent_version_expiration": [
                  {
                    "days": 7
                  }
                ],
                "noncurrent_version_transition": [],
                "prefix": "*",
                "tags": {},
                "transition": []
              }
            ],
            "logging": [],
            "object_lock_configuration": [],
            "policy": null,
            "region": "us-east-2",
            "replication_configuration": [],
            "request_payer": "BucketOwner",
            "server_side_encryption_configuration": [],
            "tags": {
              "Environment": "qa",
              "Name": "Bucket for CloudFront denzi",
              "Tenant": "denzi"
            },
            "versioning": [
              {
                "enabled": false,
                "mfa_delete": false
              }
            ],
            "website": [],
            "website_domain": null,
            "website_endpoint": null
          },
          "private": "bnVsbA=="
        }
      ]
    },
    {
      "module": "module.s3_lb_log",
      "mode": "managed",
      "type": "aws_s3_bucket_policy",
      "name": "default",
      "provider": "provider.aws",
      "instances": [
        {
          "schema_version": 0,
          "attributes": {
            "bucket": "denzi-s3-lb-log-ecs-fargate-437642037048",
            "id": "denzi-s3-lb-log-ecs-fargate-437642037048",
            "policy": "{\"Version\":\"2012-10-17\",\"Statement\":[{\"Sid\":\"\",\"Effect\":\"Allow\",\"Principal\":{\"AWS\":\"arn:aws:iam::033677994240:root\"},\"Action\":\"s3:PutObject\",\"Resource\":\"arn:aws:s3:::denzi-s3-lb-log-ecs-fargate-437642037048/*\"}]}"
          },
          "private": "bnVsbA==",
          "dependencies": [
            "module.s3_access_log.aws_s3_bucket.default",
            "module.s3_lb_log.aws_s3_bucket.default"
          ]
        }
      ]
    },
    {
      "module": "module.cloudfront",
      "mode": "managed",
      "type": "aws_s3_bucket_policy",
      "name": "web",
      "provider": "provider.aws",
      "instances": [
        {
          "schema_version": 0,
          "attributes": {
            "bucket": "437642037048-denzi-denzi-cloud-front",
            "id": "437642037048-denzi-denzi-cloud-front",
            "policy": "{\"Version\":\"2012-10-17\",\"Statement\":[{\"Sid\":\"\",\"Effect\":\"Allow\",\"Principal\":{\"AWS\":\"arn:aws:iam::cloudfront:user/CloudFront Origin Access Identity E2HDWU56M47JXY\"},\"Action\":\"s3:GetObject\",\"Resource\":\"arn:aws:s3:::437642037048-denzi-denzi-cloud-front/*\"}]}"
          },
          "private": "bnVsbA==",
          "dependencies": [
            "module.cloudfront.aws_cloudfront_origin_access_identity.origin_access_identity",
            "module.cloudfront.aws_s3_bucket.web"
          ]
        }
      ]
    },
    {
      "module": "module.alb",
      "mode": "managed",
      "type": "aws_security_group",
      "name": "default",
      "each": "list",
      "provider": "provider.aws",
      "instances": [
        {
          "index_key": 0,
          "schema_version": 1,
          "attributes": {
            "arn": "arn:aws:ec2:us-east-2:437642037048:security-group/sg-0c1c7db8fbb0101ef",
            "description": "Managed by Terraform",
            "egress": [
              {
                "cidr_blocks": [
                  "0.0.0.0/0"
                ],
                "description": "",
                "from_port": 0,
                "ipv6_cidr_blocks": [],
                "prefix_list_ids": [],
                "protocol": "-1",
                "security_groups": [],
                "self": false,
                "to_port": 0
              }
            ],
            "id": "sg-0c1c7db8fbb0101ef",
            "ingress": [
              {
                "cidr_blocks": [
                  "0.0.0.0/0"
                ],
                "description": "",
                "from_port": 80,
                "ipv6_cidr_blocks": [],
                "prefix_list_ids": [],
                "protocol": "tcp",
                "security_groups": [],
                "self": false,
                "to_port": 80
              }
            ],
            "name": "denzi-fargate-lb-alb",
            "name_prefix": null,
            "owner_id": "437642037048",
            "revoke_rules_on_delete": false,
            "tags": {
              "Environment": "qa",
              "Name": "denzi-fargate-lb-alb",
              "Tenant": "denzi"
            },
            "timeouts": null,
            "vpc_id": "vpc-04f974e2b7412306f"
          },
          "private": "eyJlMmJmYjczMC1lY2FhLTExZTYtOGY4OC0zNDM2M2JjN2M0YzAiOnsiY3JlYXRlIjo2MDAwMDAwMDAwMDAsImRlbGV0ZSI6NjAwMDAwMDAwMDAwfSwic2NoZW1hX3ZlcnNpb24iOiIxIn0=",
          "dependencies": [
            "module.vpc.aws_vpc.main"
          ]
        }
      ]
    },
    {
      "module": "module.ecs_fargate",
      "mode": "managed",
      "type": "aws_security_group",
      "name": "default",
      "each": "list",
      "provider": "provider.aws",
      "instances": [
        {
          "index_key": 0,
          "schema_version": 1,
          "attributes": {
            "arn": "arn:aws:ec2:us-east-2:437642037048:security-group/sg-0fa667d8282ff536c",
            "description": "Managed by Terraform",
            "egress": [
              {
                "cidr_blocks": [
                  "0.0.0.0/0"
                ],
                "description": "",
                "from_port": 0,
                "ipv6_cidr_blocks": [],
                "prefix_list_ids": [],
                "protocol": "-1",
                "security_groups": [],
                "self": false,
                "to_port": 0
              }
            ],
            "id": "sg-0fa667d8282ff536c",
            "ingress": [
              {
                "cidr_blocks": [
                  "0.0.0.0/0"
                ],
                "description": "",
                "from_port": 8080,
                "ipv6_cidr_blocks": [],
                "prefix_list_ids": [],
                "protocol": "tcp",
                "security_groups": [],
                "self": false,
                "to_port": 8080
              }
            ],
            "name": "denzi-task-definition-ecs-fargate",
            "name_prefix": null,
            "owner_id": "437642037048",
            "revoke_rules_on_delete": false,
            "tags": {
              "Environment": "qa",
              "Name": "denzi-task-definition-ecs-fargate",
              "Tenant": "denzi"
            },
            "timeouts": null,
            "vpc_id": "vpc-04f974e2b7412306f"
          },
          "private": "eyJlMmJmYjczMC1lY2FhLTExZTYtOGY4OC0zNDM2M2JjN2M0YzAiOnsiY3JlYXRlIjo2MDAwMDAwMDAwMDAsImRlbGV0ZSI6NjAwMDAwMDAwMDAwfSwic2NoZW1hX3ZlcnNpb24iOiIxIn0=",
          "dependencies": [
            "module.vpc.aws_vpc.main"
          ]
        }
      ]
    },
    {
      "module": "module.rds",
      "mode": "managed",
      "type": "aws_security_group",
      "name": "rds-security-group",
      "provider": "provider.aws",
      "instances": [
        {
          "schema_version": 1,
          "attributes": {
            "arn": "arn:aws:ec2:us-east-2:437642037048:security-group/sg-0fde21c292c18e8d6",
            "description": "Managed by Terraform",
            "egress": [
              {
                "cidr_blocks": [
                  "0.0.0.0/0"
                ],
                "description": "",
                "from_port": 0,
                "ipv6_cidr_blocks": [],
                "prefix_list_ids": [],
                "protocol": "-1",
                "security_groups": [],
                "self": false,
                "to_port": 0
              }
            ],
            "id": "sg-0fde21c292c18e8d6",
            "ingress": [
              {
                "cidr_blocks": [
                  "0.0.0.0/0"
                ],
                "description": "",
                "from_port": 3306,
                "ipv6_cidr_blocks": [],
                "prefix_list_ids": [],
                "protocol": "tcp",
                "security_groups": [],
                "self": false,
                "to_port": 3306
              }
            ],
            "name": "denzidbservice-sg-name",
            "name_prefix": null,
            "owner_id": "437642037048",
            "revoke_rules_on_delete": false,
            "tags": {},
            "timeouts": null,
            "vpc_id": "vpc-04f974e2b7412306f"
          },
          "private": "eyJlMmJmYjczMC1lY2FhLTExZTYtOGY4OC0zNDM2M2JjN2M0YzAiOnsiY3JlYXRlIjo2MDAwMDAwMDAwMDAsImRlbGV0ZSI6NjAwMDAwMDAwMDAwfSwic2NoZW1hX3ZlcnNpb24iOiIxIn0=",
          "dependencies": [
            "module.vpc.aws_vpc.main"
          ]
        }
      ]
    },
    {
      "module": "module.alb",
      "mode": "managed",
      "type": "aws_security_group_rule",
      "name": "egress",
      "each": "list",
      "provider": "provider.aws",
      "instances": [
        {
          "index_key": 0,
          "schema_version": 2,
          "attributes": {
            "cidr_blocks": [
              "0.0.0.0/0"
            ],
            "description": "",
            "from_port": 0,
            "id": "sgrule-4086863972",
            "ipv6_cidr_blocks": [],
            "prefix_list_ids": [],
            "protocol": "-1",
            "security_group_id": "sg-0c1c7db8fbb0101ef",
            "self": false,
            "source_security_group_id": null,
            "to_port": 0,
            "type": "egress"
          },
          "private": "eyJzY2hlbWFfdmVyc2lvbiI6IjIifQ==",
          "dependencies": [
            "module.alb.aws_security_group.default",
            "module.vpc.aws_vpc.main"
          ]
        }
      ]
    },
    {
      "module": "module.ecs_fargate",
      "mode": "managed",
      "type": "aws_security_group_rule",
      "name": "egress",
      "each": "list",
      "provider": "provider.aws",
      "instances": [
        {
          "index_key": 0,
          "schema_version": 2,
          "attributes": {
            "cidr_blocks": [
              "0.0.0.0/0"
            ],
            "description": "",
            "from_port": 0,
            "id": "sgrule-572298880",
            "ipv6_cidr_blocks": [],
            "prefix_list_ids": [],
            "protocol": "-1",
            "security_group_id": "sg-0fa667d8282ff536c",
            "self": false,
            "source_security_group_id": null,
            "to_port": 0,
            "type": "egress"
          },
          "private": "eyJzY2hlbWFfdmVyc2lvbiI6IjIifQ==",
          "dependencies": [
            "module.ecs_fargate.aws_security_group.default",
            "module.vpc.aws_vpc.main"
          ]
        }
      ]
    },
    {
      "module": "module.ecs_fargate",
      "mode": "managed",
      "type": "aws_security_group_rule",
      "name": "ingress",
      "each": "list",
      "provider": "provider.aws",
      "instances": [
        {
          "index_key": 0,
          "schema_version": 2,
          "attributes": {
            "cidr_blocks": [
              "0.0.0.0/0"
            ],
            "description": "",
            "from_port": 8080,
            "id": "sgrule-2412512901",
            "ipv6_cidr_blocks": [],
            "prefix_list_ids": [],
            "protocol": "tcp",
            "security_group_id": "sg-0fa667d8282ff536c",
            "self": false,
            "source_security_group_id": null,
            "to_port": 8080,
            "type": "ingress"
          },
          "private": "eyJzY2hlbWFfdmVyc2lvbiI6IjIifQ==",
          "dependencies": [
            "module.alb.aws_lb.default",
            "module.alb.aws_lb_target_group.default",
            "module.alb.aws_security_group.default",
            "module.ecs_fargate.aws_security_group.default",
            "module.s3_access_log.aws_s3_bucket.default",
            "module.s3_lb_log.aws_s3_bucket.default",
            "module.vpc.aws_subnet.public_subnet",
            "module.vpc.aws_vpc.main"
          ]
        }
      ]
    },
    {
      "module": "module.alb",
      "mode": "managed",
      "type": "aws_security_group_rule",
      "name": "ingress_http",
      "each": "list",
      "provider": "provider.aws",
      "instances": [
        {
          "index_key": 0,
          "schema_version": 2,
          "attributes": {
            "cidr_blocks": [
              "0.0.0.0/0"
            ],
            "description": "",
            "from_port": 80,
            "id": "sgrule-2380557442",
            "ipv6_cidr_blocks": [],
            "prefix_list_ids": [],
            "protocol": "tcp",
            "security_group_id": "sg-0c1c7db8fbb0101ef",
            "self": false,
            "source_security_group_id": null,
            "to_port": 80,
            "type": "ingress"
          },
          "private": "eyJzY2hlbWFfdmVyc2lvbiI6IjIifQ==",
          "dependencies": [
            "module.alb.aws_security_group.default",
            "module.vpc.aws_vpc.main"
          ]
        }
      ]
    },
    {
      "module": "module.alb",
      "mode": "managed",
      "type": "aws_security_group_rule",
      "name": "ingress_https",
      "each": "list",
      "provider": "provider.aws",
      "instances": []
    },
    {
      "module": "module.rds",
      "mode": "managed",
      "type": "aws_security_group_rule",
      "name": "outbound_rule",
      "provider": "provider.aws",
      "instances": [
        {
          "schema_version": 2,
          "attributes": {
            "cidr_blocks": [
              "0.0.0.0/0"
            ],
            "description": "",
            "from_port": 0,
            "id": "sgrule-3088417484",
            "ipv6_cidr_blocks": [],
            "prefix_list_ids": [],
            "protocol": "-1",
            "security_group_id": "sg-0fde21c292c18e8d6",
            "self": false,
            "source_security_group_id": null,
            "to_port": 0,
            "type": "egress"
          },
          "private": "eyJzY2hlbWFfdmVyc2lvbiI6IjIifQ==",
          "dependencies": [
            "module.rds.aws_security_group.rds-security-group",
            "module.vpc.aws_vpc.main"
          ]
        }
      ]
    },
    {
      "module": "module.rds",
      "mode": "managed",
      "type": "aws_security_group_rule",
      "name": "rds-security-group-rule",
      "provider": "provider.aws",
      "instances": [
        {
          "schema_version": 2,
          "attributes": {
            "cidr_blocks": [
              "0.0.0.0/0"
            ],
            "description": "",
            "from_port": 3306,
            "id": "sgrule-2288497793",
            "ipv6_cidr_blocks": [],
            "prefix_list_ids": [],
            "protocol": "tcp",
            "security_group_id": "sg-0fde21c292c18e8d6",
            "self": false,
            "source_security_group_id": null,
            "to_port": 3306,
            "type": "ingress"
          },
          "private": "eyJzY2hlbWFfdmVyc2lvbiI6IjIifQ==",
          "dependencies": [
            "module.rds.aws_security_group.rds-security-group",
            "module.vpc.aws_vpc.main"
          ]
        }
      ]
    },
    {
      "module": "module.vpc",
      "mode": "managed",
      "type": "aws_subnet",
      "name": "private_subnet",
      "each": "list",
      "provider": "provider.aws",
      "instances": [
        {
          "index_key": 0,
          "schema_version": 1,
          "attributes": {
            "arn": "arn:aws:ec2:us-east-2:437642037048:subnet/subnet-0592494341729bd11",
            "assign_ipv6_address_on_creation": false,
            "availability_zone": "us-east-2a",
            "availability_zone_id": "use2-az1",
            "cidr_block": "16.255.2.0/24",
            "id": "subnet-0592494341729bd11",
            "ipv6_cidr_block": "",
            "ipv6_cidr_block_association_id": "",
            "map_public_ip_on_launch": false,
            "outpost_arn": "",
            "owner_id": "437642037048",
            "tags": {
              "Environment": "qa",
              "Name": "denzi-ecs-fargate-private-0",
              "Tenant": "denzi"
            },
            "timeouts": null,
            "vpc_id": "vpc-04f974e2b7412306f"
          },
          "private": "eyJlMmJmYjczMC1lY2FhLTExZTYtOGY4OC0zNDM2M2JjN2M0YzAiOnsiY3JlYXRlIjo2MDAwMDAwMDAwMDAsImRlbGV0ZSI6MTIwMDAwMDAwMDAwMH0sInNjaGVtYV92ZXJzaW9uIjoiMSJ9",
          "dependencies": [
            "module.vpc.aws_vpc.main"
          ]
        },
        {
          "index_key": 1,
          "schema_version": 1,
          "attributes": {
            "arn": "arn:aws:ec2:us-east-2:437642037048:subnet/subnet-0e8f53a4aaa9a9d71",
            "assign_ipv6_address_on_creation": false,
            "availability_zone": "us-east-2b",
            "availability_zone_id": "use2-az2",
            "cidr_block": "16.255.3.0/24",
            "id": "subnet-0e8f53a4aaa9a9d71",
            "ipv6_cidr_block": "",
            "ipv6_cidr_block_association_id": "",
            "map_public_ip_on_launch": false,
            "outpost_arn": "",
            "owner_id": "437642037048",
            "tags": {
              "Environment": "qa",
              "Name": "denzi-ecs-fargate-private-1",
              "Tenant": "denzi"
            },
            "timeouts": null,
            "vpc_id": "vpc-04f974e2b7412306f"
          },
          "private": "eyJlMmJmYjczMC1lY2FhLTExZTYtOGY4OC0zNDM2M2JjN2M0YzAiOnsiY3JlYXRlIjo2MDAwMDAwMDAwMDAsImRlbGV0ZSI6MTIwMDAwMDAwMDAwMH0sInNjaGVtYV92ZXJzaW9uIjoiMSJ9",
          "dependencies": [
            "module.vpc.aws_vpc.main"
          ]
        }
      ]
    },
    {
      "module": "module.vpc",
      "mode": "managed",
      "type": "aws_subnet",
      "name": "public_subnet",
      "each": "list",
      "provider": "provider.aws",
      "instances": [
        {
          "index_key": 0,
          "schema_version": 1,
          "attributes": {
            "arn": "arn:aws:ec2:us-east-2:437642037048:subnet/subnet-02d215714842d1fc7",
            "assign_ipv6_address_on_creation": false,
            "availability_zone": "us-east-2a",
            "availability_zone_id": "use2-az1",
            "cidr_block": "16.255.0.0/24",
            "id": "subnet-02d215714842d1fc7",
            "ipv6_cidr_block": "",
            "ipv6_cidr_block_association_id": "",
            "map_public_ip_on_launch": true,
            "outpost_arn": "",
            "owner_id": "437642037048",
            "tags": {
              "Environment": "qa",
              "Name": "denzi-ecs-fargate-public-0",
              "Tenant": "denzi"
            },
            "timeouts": null,
            "vpc_id": "vpc-04f974e2b7412306f"
          },
          "private": "eyJlMmJmYjczMC1lY2FhLTExZTYtOGY4OC0zNDM2M2JjN2M0YzAiOnsiY3JlYXRlIjo2MDAwMDAwMDAwMDAsImRlbGV0ZSI6MTIwMDAwMDAwMDAwMH0sInNjaGVtYV92ZXJzaW9uIjoiMSJ9",
          "dependencies": [
            "module.vpc.aws_vpc.main"
          ]
        },
        {
          "index_key": 1,
          "schema_version": 1,
          "attributes": {
            "arn": "arn:aws:ec2:us-east-2:437642037048:subnet/subnet-0c1546a67befda52f",
            "assign_ipv6_address_on_creation": false,
            "availability_zone": "us-east-2b",
            "availability_zone_id": "use2-az2",
            "cidr_block": "16.255.1.0/24",
            "id": "subnet-0c1546a67befda52f",
            "ipv6_cidr_block": "",
            "ipv6_cidr_block_association_id": "",
            "map_public_ip_on_launch": true,
            "outpost_arn": "",
            "owner_id": "437642037048",
            "tags": {
              "Environment": "qa",
              "Name": "denzi-ecs-fargate-public-1",
              "Tenant": "denzi"
            },
            "timeouts": null,
            "vpc_id": "vpc-04f974e2b7412306f"
          },
          "private": "eyJlMmJmYjczMC1lY2FhLTExZTYtOGY4OC0zNDM2M2JjN2M0YzAiOnsiY3JlYXRlIjo2MDAwMDAwMDAwMDAsImRlbGV0ZSI6MTIwMDAwMDAwMDAwMH0sInNjaGVtYV92ZXJzaW9uIjoiMSJ9",
          "dependencies": [
            "module.vpc.aws_vpc.main"
          ]
        }
      ]
    },
    {
      "module": "module.vpc",
      "mode": "managed",
      "type": "aws_vpc",
      "name": "main",
      "provider": "provider.aws",
      "instances": [
        {
          "schema_version": 1,
          "attributes": {
            "arn": "arn:aws:ec2:us-east-2:437642037048:vpc/vpc-04f974e2b7412306f",
            "assign_generated_ipv6_cidr_block": false,
            "cidr_block": "16.255.0.0/16",
            "default_network_acl_id": "acl-083061b58a15ee2a2",
            "default_route_table_id": "rtb-020d50a0c5fab4529",
            "default_security_group_id": "sg-01fe691a96f3cfbdf",
            "dhcp_options_id": "dopt-c545b2ae",
            "enable_classiclink": null,
            "enable_classiclink_dns_support": null,
            "enable_dns_hostnames": true,
            "enable_dns_support": true,
            "id": "vpc-04f974e2b7412306f",
            "instance_tenancy": "default",
            "ipv6_association_id": "",
            "ipv6_cidr_block": "",
            "main_route_table_id": "rtb-020d50a0c5fab4529",
            "owner_id": "437642037048",
            "tags": {
              "Environment": "qa",
              "Name": "denzi-ecs-fargate",
              "Tenant": "denzi"
            }
          },
          "private": "eyJzY2hlbWFfdmVyc2lvbiI6IjEifQ=="
        }
      ]
    }
  ]
}
