{
  "version": 4,
  "terraform_version": "0.12.19",
  "serial": 56,
  "lineage": "ace7166e-d850-df78-4aa4-c8e262e77e63",
  "outputs": {
    "ecs_service_cluster": {
      "value": "arn:aws:ecs:us-west-2:437642037048:cluster/tenant2-dev-Cluster",
      "type": "string"
    },
    "ecs_service_desired_count": {
      "value": "2",
      "type": "string"
    },
    "ecs_service_iam_role": {
      "value": "aws-service-role",
      "type": "string"
    },
    "ecs_service_id": {
      "value": "arn:aws:ecs:us-west-2:437642037048:service/tenant2-dev-task-definition",
      "type": "string"
    },
    "ecs_service_name": {
      "value": "tenant2-dev-task-definition",
      "type": "string"
    },
    "ecs_task_definition_arn": {
      "value": "arn:aws:ecs:us-west-2:437642037048:task-definition/tenant2-dev-task-definition:3",
      "type": "string"
    },
    "ecs_task_definition_family": {
      "value": "tenant2-dev-task-definition",
      "type": "string"
    },
    "ecs_task_definition_revision": {
      "value": "3",
      "type": "string"
    },
    "iam_policy_arn": {
      "value": "arn:aws:iam::437642037048:policy/service_role/tenant2-dev-task-definition-ecs-task-execution",
      "type": "string"
    },
    "iam_policy_description": {
      "value": "This is tenant2-Dev",
      "type": "string"
    },
    "iam_policy_document": {
      "value": "{\n  \"Version\": \"2012-10-17\",\n  \"Statement\": [\n    {\n      \"Effect\": \"Allow\",\n      \"Action\": [\n        \"ecr:GetAuthorizationToken\",\n        \"ecr:BatchCheckLayerAvailability\",\n        \"ecr:GetDownloadUrlForLayer\",\n        \"ecr:BatchGetImage\",\n        \"logs:CreateLogStream\",\n        \"logs:PutLogEvents\"\n      ],\n      \"Resource\": \"*\"\n    }\n  ]\n}",
      "type": "string"
    },
    "iam_policy_id": {
      "value": "arn:aws:iam::437642037048:policy/service_role/tenant2-dev-task-definition-ecs-task-execution",
      "type": "string"
    },
    "iam_policy_name": {
      "value": "tenant2-dev-task-definition-ecs-task-execution",
      "type": "string"
    },
    "iam_policy_path": {
      "value": "/service_role/",
      "type": "string"
    },
    "iam_role_arn": {
      "value": "arn:aws:iam::437642037048:role/service_role/tenant2-dev-task-definition-ecs-task-execution",
      "type": "string"
    },
    "iam_role_create_date": {
      "value": "2020-07-05T04:40:14Z",
      "type": "string"
    },
    "iam_role_description": {
      "value": "This is tenant2-Dev",
      "type": "string"
    },
    "iam_role_name": {
      "value": "tenant2-dev-task-definition-ecs-task-execution",
      "type": "string"
    },
    "iam_role_unique_id": {
      "value": "AROAWLZL7Q44NHRMNUWMK",
      "type": "string"
    },
    "security_group_arn": {
      "value": "arn:aws:ec2:us-west-2:437642037048:security-group/sg-0765e9c9c3d7a49e4",
      "type": "string"
    },
    "security_group_description": {
      "value": "Managed by Terraform",
      "type": "string"
    },
    "security_group_egress": {
      "value": [
        {
          "cidr_blocks": [
            "0.0.0.0/0"
          ],
          "description": "",
          "from_port": 0,
          "ipv6_cidr_blocks": [],
          "prefix_list_ids": [],
          "protocol": "-1",
          "security_groups": [],
          "self": false,
          "to_port": 0
        }
      ],
      "type": [
        "tuple",
        [
          [
            "object",
            {
              "cidr_blocks": [
                "list",
                "string"
              ],
              "description": "string",
              "from_port": "number",
              "ipv6_cidr_blocks": [
                "list",
                "string"
              ],
              "prefix_list_ids": [
                "list",
                "string"
              ],
              "protocol": "string",
              "security_groups": [
                "set",
                "string"
              ],
              "self": "bool",
              "to_port": "number"
            }
          ]
        ]
      ]
    },
    "security_group_id": {
      "value": "sg-0765e9c9c3d7a49e4",
      "type": "string"
    },
    "security_group_ingress": {
      "value": [
        {
          "cidr_blocks": [
            "0.0.0.0/0"
          ],
          "description": "",
          "from_port": 8080,
          "ipv6_cidr_blocks": [],
          "prefix_list_ids": [],
          "protocol": "tcp",
          "security_groups": [],
          "self": false,
          "to_port": 8080
        }
      ],
      "type": [
        "tuple",
        [
          [
            "object",
            {
              "cidr_blocks": [
                "list",
                "string"
              ],
              "description": "string",
              "from_port": "number",
              "ipv6_cidr_blocks": [
                "list",
                "string"
              ],
              "prefix_list_ids": [
                "list",
                "string"
              ],
              "protocol": "string",
              "security_groups": [
                "set",
                "string"
              ],
              "self": "bool",
              "to_port": "number"
            }
          ]
        ]
      ]
    },
    "security_group_name": {
      "value": "tenant2-dev-task-definition-ecs-fargate",
      "type": "string"
    },
    "security_group_owner_id": {
      "value": "437642037048",
      "type": "string"
    },
    "security_group_vpc_id": {
      "value": "vpc-05dd8a3330da24bad",
      "type": "string"
    }
  },
  "resources": [
    {
      "mode": "data",
      "type": "aws_availability_zones",
      "name": "available",
      "provider": "provider.aws",
      "instances": [
        {
          "schema_version": 0,
          "attributes": {
            "all_availability_zones": null,
            "blacklisted_names": null,
            "blacklisted_zone_ids": null,
            "exclude_names": null,
            "exclude_zone_ids": null,
            "filter": null,
            "group_names": [
              "us-west-2"
            ],
            "id": "2020-07-05 04:47:39.0126441 +0000 UTC",
            "names": [
              "us-west-2a",
              "us-west-2b",
              "us-west-2c",
              "us-west-2d"
            ],
            "state": null,
            "zone_ids": [
              "usw2-az1",
              "usw2-az2",
              "usw2-az3",
              "usw2-az4"
            ]
          }
        }
      ]
    },
    {
      "mode": "data",
      "type": "aws_caller_identity",
      "name": "current",
      "provider": "provider.aws",
      "instances": [
        {
          "schema_version": 0,
          "attributes": {
            "account_id": "437642037048",
            "arn": "arn:aws:iam::437642037048:user/nagendra@velocityworks.io",
            "id": "2020-07-05 04:47:39.1796423 +0000 UTC",
            "user_id": "AIDAWLZL7Q44PE6V7WJJF"
          }
        }
      ]
    },
    {
      "module": "module.s3_lb_log",
      "mode": "data",
      "type": "aws_elb_service_account",
      "name": "default",
      "provider": "provider.aws",
      "instances": [
        {
          "schema_version": 0,
          "attributes": {
            "arn": "arn:aws:iam::797873946194:root",
            "id": "797873946194",
            "region": null
          }
        }
      ]
    },
    {
      "module": "module.ecs_fargate",
      "mode": "data",
      "type": "aws_iam_policy",
      "name": "ecs_task_execution",
      "provider": "provider.aws",
      "instances": [
        {
          "schema_version": 0,
          "attributes": {
            "arn": "arn:aws:iam::aws:policy/service-role/AmazonECSTaskExecutionRolePolicy",
            "description": "Provides access to other AWS service resources that are required to run Amazon ECS tasks",
            "id": "arn:aws:iam::aws:policy/service-role/AmazonECSTaskExecutionRolePolicy",
            "name": "AmazonECSTaskExecutionRolePolicy",
            "path": "/service-role/",
            "policy": "{\n  \"Version\": \"2012-10-17\",\n  \"Statement\": [\n    {\n      \"Effect\": \"Allow\",\n      \"Action\": [\n        \"ecr:GetAuthorizationToken\",\n        \"ecr:BatchCheckLayerAvailability\",\n        \"ecr:GetDownloadUrlForLayer\",\n        \"ecr:BatchGetImage\",\n        \"logs:CreateLogStream\",\n        \"logs:PutLogEvents\"\n      ],\n      \"Resource\": \"*\"\n    }\n  ]\n}"
          }
        }
      ]
    },
    {
      "mode": "data",
      "type": "aws_iam_policy",
      "name": "ecs_task_execution",
      "provider": "provider.aws",
      "instances": [
        {
          "schema_version": 0,
          "attributes": {
            "arn": "arn:aws:iam::aws:policy/service-role/AmazonECSTaskExecutionRolePolicy",
            "description": "Provides access to other AWS service resources that are required to run Amazon ECS tasks",
            "id": "arn:aws:iam::aws:policy/service-role/AmazonECSTaskExecutionRolePolicy",
            "name": "AmazonECSTaskExecutionRolePolicy",
            "path": "/service-role/",
            "policy": "{\n  \"Version\": \"2012-10-17\",\n  \"Statement\": [\n    {\n      \"Effect\": \"Allow\",\n      \"Action\": [\n        \"ecr:GetAuthorizationToken\",\n        \"ecr:BatchCheckLayerAvailability\",\n        \"ecr:GetDownloadUrlForLayer\",\n        \"ecr:BatchGetImage\",\n        \"logs:CreateLogStream\",\n        \"logs:PutLogEvents\"\n      ],\n      \"Resource\": \"*\"\n    }\n  ]\n}"
          }
        }
      ]
    },
    {
      "module": "module.ecs_fargate",
      "mode": "data",
      "type": "aws_iam_policy_document",
      "name": "assume_role_policy",
      "provider": "provider.aws",
      "instances": [
        {
          "schema_version": 0,
          "attributes": {
            "id": "320642683",
            "json": "{\n  \"Version\": \"2012-10-17\",\n  \"Statement\": [\n    {\n      \"Sid\": \"\",\n      \"Effect\": \"Allow\",\n      \"Action\": \"sts:AssumeRole\",\n      \"Principal\": {\n        \"Service\": \"ecs-tasks.amazonaws.com\"\n      }\n    }\n  ]\n}",
            "override_json": null,
            "policy_id": null,
            "source_json": null,
            "statement": [
              {
                "actions": [
                  "sts:AssumeRole"
                ],
                "condition": [],
                "effect": "Allow",
                "not_actions": [],
                "not_principals": [],
                "not_resources": [],
                "principals": [
                  {
                    "identifiers": [
                      "ecs-tasks.amazonaws.com"
                    ],
                    "type": "Service"
                  }
                ],
                "resources": [],
                "sid": ""
              }
            ],
            "version": "2012-10-17"
          }
        }
      ]
    },
    {
      "mode": "data",
      "type": "aws_iam_policy_document",
      "name": "assume_role_policy",
      "provider": "provider.aws",
      "instances": [
        {
          "schema_version": 0,
          "attributes": {
            "id": "252836154",
            "json": "{\n  \"Version\": \"2012-10-17\",\n  \"Statement\": [\n    {\n      \"Sid\": \"\",\n      \"Effect\": \"Allow\",\n      \"Action\": \"sts:AssumeRole\",\n      \"Principal\": {\n        \"Service\": [\n          \"ecs.amazonaws.com\",\n          \"ecs-tasks.amazonaws.com\"\n        ]\n      }\n    }\n  ]\n}",
            "override_json": null,
            "policy_id": null,
            "source_json": null,
            "statement": [
              {
                "actions": [
                  "sts:AssumeRole"
                ],
                "condition": [],
                "effect": "Allow",
                "not_actions": [],
                "not_principals": [],
                "not_resources": [],
                "principals": [
                  {
                    "identifiers": [
                      "ecs-tasks.amazonaws.com",
                      "ecs.amazonaws.com"
                    ],
                    "type": "Service"
                  }
                ],
                "resources": [],
                "sid": ""
              }
            ],
            "version": "2012-10-17"
          }
        }
      ]
    },
    {
      "module": "module.s3_lb_log",
      "mode": "data",
      "type": "aws_iam_policy_document",
      "name": "default",
      "provider": "provider.aws",
      "instances": [
        {
          "schema_version": 0,
          "attributes": {
            "id": "4194384017",
            "json": "{\n  \"Version\": \"2012-10-17\",\n  \"Statement\": [\n    {\n      \"Sid\": \"\",\n      \"Effect\": \"Allow\",\n      \"Action\": \"s3:PutObject\",\n      \"Resource\": \"arn:aws:s3:::tenant2-s3-lb-log-ecs-fargate-437642037048/*\",\n      \"Principal\": {\n        \"AWS\": \"arn:aws:iam::797873946194:root\"\n      }\n    }\n  ]\n}",
            "override_json": null,
            "policy_id": null,
            "source_json": null,
            "statement": [
              {
                "actions": [
                  "s3:PutObject"
                ],
                "condition": [],
                "effect": "Allow",
                "not_actions": [],
                "not_principals": [],
                "not_resources": [],
                "principals": [
                  {
                    "identifiers": [
                      "arn:aws:iam::797873946194:root"
                    ],
                    "type": "AWS"
                  }
                ],
                "resources": [
                  "arn:aws:s3:::tenant2-s3-lb-log-ecs-fargate-437642037048/*"
                ],
                "sid": ""
              }
            ],
            "version": "2012-10-17"
          }
        }
      ]
    },
    {
      "module": "module.s3_lb_log",
      "mode": "data",
      "type": "aws_region",
      "name": "current",
      "provider": "provider.aws",
      "instances": [
        {
          "schema_version": 0,
          "attributes": {
            "current": null,
            "description": "US West (Oregon)",
            "endpoint": "ec2.us-west-2.amazonaws.com",
            "id": "us-west-2",
            "name": "us-west-2"
          }
        }
      ]
    },
    {
      "module": "module.rds",
      "mode": "managed",
      "type": "aws_db_instance",
      "name": "tenant2-db",
      "provider": "module.rds.provider.aws",
      "instances": [
        {
          "schema_version": 1,
          "attributes": {
            "address": "tenant2-dev-instance2.c18cyjaufid6.us-west-2.rds.amazonaws.com",
            "allocated_storage": 20,
            "allow_major_version_upgrade": null,
            "apply_immediately": true,
            "arn": "arn:aws:rds:us-west-2:437642037048:db:tenant2-dev-instance2",
            "auto_minor_version_upgrade": true,
            "availability_zone": "us-west-2a",
            "backup_retention_period": 10,
            "backup_window": "09:46-10:16",
            "ca_cert_identifier": "rds-ca-2019",
            "character_set_name": null,
            "copy_tags_to_snapshot": false,
            "db_subnet_group_name": "my_rds_db_subnet",
            "delete_automated_backups": true,
            "deletion_protection": false,
            "domain": "",
            "domain_iam_role_name": "",
            "enabled_cloudwatch_logs_exports": null,
            "endpoint": "tenant2-dev-instance2.c18cyjaufid6.us-west-2.rds.amazonaws.com:3306",
            "engine": "mysql",
            "engine_version": "5.7.22",
            "final_snapshot_identifier": null,
            "hosted_zone_id": "Z1PVIF0B656C1W",
            "iam_database_authentication_enabled": false,
            "id": "tenant2-dev-instance2",
            "identifier": "tenant2-dev-instance2",
            "identifier_prefix": null,
            "instance_class": "db.m4.large",
            "iops": 0,
            "kms_key_id": "",
            "license_model": "general-public-license",
            "maintenance_window": "tue:10:36-tue:11:06",
            "max_allocated_storage": 0,
            "monitoring_interval": 0,
            "monitoring_role_arn": "",
            "multi_az": true,
            "name": "tenant2devservice",
            "option_group_name": "default:mysql-5-7",
            "parameter_group_name": "default.mysql5.7",
            "password": "tenant123$",
            "performance_insights_enabled": false,
            "performance_insights_kms_key_id": "",
            "performance_insights_retention_period": 0,
            "port": 3306,
            "publicly_accessible": false,
            "replicas": [],
            "replicate_source_db": "",
            "resource_id": "db-HBSAYO45KYLSGXBH7K4SCLD3VY",
            "s3_import": [],
            "security_group_names": null,
            "skip_final_snapshot": true,
            "snapshot_identifier": null,
            "status": "available",
            "storage_encrypted": false,
            "storage_type": "gp2",
            "tags": null,
            "timeouts": null,
            "timezone": "",
            "username": "tenant",
            "vpc_security_group_ids": [
              "sg-0fa9f1b71e705b59e"
            ]
          },
          "private": "eyJlMmJmYjczMC1lY2FhLTExZTYtOGY4OC0zNDM2M2JjN2M0YzAiOnsiY3JlYXRlIjoyNDAwMDAwMDAwMDAwLCJkZWxldGUiOjI0MDAwMDAwMDAwMDAsInVwZGF0ZSI6NDgwMDAwMDAwMDAwMH0sInNjaGVtYV92ZXJzaW9uIjoiMSJ9",
          "dependencies": [
            "module.rds.aws_db_subnet_group.my_rds_db_subnet",
            "module.rds.aws_security_group.my-rds-sg",
            "module.vpc.aws_subnet.private_subnet"
          ]
        }
      ]
    },
    {
      "module": "module.rds",
      "mode": "managed",
      "type": "aws_db_subnet_group",
      "name": "my_rds_db_subnet",
      "provider": "module.rds.provider.aws",
      "instances": [
        {
          "schema_version": 0,
          "attributes": {
            "arn": "arn:aws:rds:us-west-2:437642037048:subgrp:my_rds_db_subnet",
            "description": "Managed by Terraform",
            "id": "my_rds_db_subnet",
            "name": "my_rds_db_subnet",
            "name_prefix": null,
            "subnet_ids": [
              "subnet-05b0faa18593d00bd",
              "subnet-0ffed4fa5dd15dc00"
            ],
            "tags": null
          },
          "private": "bnVsbA==",
          "dependencies": [
            "module.vpc.aws_subnet.private_subnet"
          ]
        }
      ]
    },
    {
      "mode": "managed",
      "type": "aws_ecs_cluster",
      "name": "example",
      "provider": "provider.aws",
      "instances": [
        {
          "schema_version": 0,
          "attributes": {
            "arn": "arn:aws:ecs:us-west-2:437642037048:cluster/tenant2-dev-Cluster",
            "capacity_providers": [],
            "default_capacity_provider_strategy": [],
            "id": "arn:aws:ecs:us-west-2:437642037048:cluster/tenant2-dev-Cluster",
            "name": "tenant2-dev-Cluster",
            "setting": [
              {
                "name": "containerInsights",
                "value": "disabled"
              }
            ],
            "tags": {}
          },
          "private": "bnVsbA=="
        }
      ]
    },
    {
      "module": "module.ecs_fargate",
      "mode": "managed",
      "type": "aws_ecs_service",
      "name": "default",
      "each": "list",
      "provider": "provider.aws",
      "instances": [
        {
          "index_key": 0,
          "schema_version": 0,
          "attributes": {
            "capacity_provider_strategy": [],
            "cluster": "arn:aws:ecs:us-west-2:437642037048:cluster/tenant2-dev-Cluster",
            "deployment_controller": [
              {
                "type": "ECS"
              }
            ],
            "deployment_maximum_percent": 200,
            "deployment_minimum_healthy_percent": 100,
            "desired_count": 2,
            "enable_ecs_managed_tags": false,
            "force_new_deployment": null,
            "health_check_grace_period_seconds": 10,
            "iam_role": "aws-service-role",
            "id": "arn:aws:ecs:us-west-2:437642037048:service/tenant2-dev-task-definition",
            "launch_type": "FARGATE",
            "load_balancer": [
              {
                "container_name": "tenant2-service",
                "container_port": 8080,
                "elb_name": "",
                "target_group_arn": "arn:aws:elasticloadbalancing:us-west-2:437642037048:targetgroup/tenant2-dev-fargate-lb/be996744717ce8ff"
              }
            ],
            "name": "tenant2-dev-task-definition",
            "network_configuration": [
              {
                "assign_public_ip": true,
                "security_groups": [
                  "sg-0765e9c9c3d7a49e4"
                ],
                "subnets": [
                  "subnet-02bf6db851a70051e",
                  "subnet-0ae5fa89b29700372"
                ]
              }
            ],
            "ordered_placement_strategy": [],
            "placement_constraints": [],
            "placement_strategy": [],
            "platform_version": "LATEST",
            "propagate_tags": "NONE",
            "scheduling_strategy": "REPLICA",
            "service_registries": [],
            "tags": {},
            "task_definition": "arn:aws:ecs:us-west-2:437642037048:task-definition/tenant2-dev-task-definition:3",
            "timeouts": null
          },
          "private": "eyJlMmJmYjczMC1lY2FhLTExZTYtOGY4OC0zNDM2M2JjN2M0YzAiOnsiZGVsZXRlIjoxMjAwMDAwMDAwMDAwfX0=",
          "dependencies": [
            "aws_ecs_cluster.example",
            "aws_iam_role.default",
            "module.alb.aws_lb.default",
            "module.alb.aws_lb_target_group.default",
            "module.alb.aws_security_group.default",
            "module.ecs_fargate.aws_ecs_task_definition.default",
            "module.ecs_fargate.aws_iam_role.default",
            "module.ecs_fargate.aws_security_group.default",
            "module.s3_access_log.aws_s3_bucket.default",
            "module.s3_lb_log.aws_s3_bucket.default",
            "module.vpc.aws_subnet.public_subnet",
            "module.vpc.aws_vpc.main"
          ]
        }
      ]
    },
    {
      "module": "module.ecs_fargate",
      "mode": "managed",
      "type": "aws_ecs_task_definition",
      "name": "default",
      "each": "list",
      "provider": "provider.aws",
      "instances": [
        {
          "index_key": 0,
          "schema_version": 1,
          "attributes": {
            "arn": "arn:aws:ecs:us-west-2:437642037048:task-definition/tenant2-dev-task-definition:3",
            "container_definitions": "[{\"cpu\":0,\"environment\":[{\"name\":\"APPLICATION_UI_URL\",\"value\":\"https://d93b3xwx5x0cn.cloudfront.net\"},{\"name\":\"AWS_ACCESS_KEY_ID\",\"value\":\"AKIAWLZL7Q44PRBG7GKL\"},{\"name\":\"AWS_SECRET_ACCESS_KEY\",\"value\":\"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\"},{\"name\":\"HIBERNATE_CACHE_USE_QUERY_CACHE\",\"value\":\"*\"},{\"name\":\"JHIPSTER_CORS_ALLOWED-HEADER\",\"value\":\"*\"},{\"name\":\"JHIPSTER_CORS_ALLOWED-METHODS\",\"value\":\"GET, PUT, POST, DELETE, OPTIONS\"},{\"name\":\"JHIPSTER_CORS_ALLOWED-ORIGINS\",\"value\":\"*\"},{\"name\":\"JHIPSTER_CORS_MAX-AGE\",\"value\":\"1800\"},{\"name\":\"JHIPSTER_MAIL_BASE_URL\",\"value\":\"https://d93b3xwx5x0cn.cloudfront.net\"},{\"name\":\"JHIPSTER_MAIL_FROM\",\"value\":\"nagendra@velocityworks.io\"},{\"name\":\"JHIPSTER_SECURITY_AUTHENTICATION_JWT_SECRET\",\"value\":\"adVS8Rrqc9g/3n6W4ISRTXZpDAqCPdtb6Lck57m13lVS8Rrqc9g/3n6W4ISRTXZpDAqCPdtb6Lck57m13lVS8Rrqc9g/3n6W4ISRTXZpDAqCPdtb6Lck57m13l\"},{\"name\":\"JHIPSTER_SLEEP\",\"value\":\"0\"},{\"name\":\"LIQUIBASE_ENABLED\",\"value\":\"true\"},{\"name\":\"LOGGING_LOGGER_GROUPNAME\",\"value\":\"dev-tenant2-group\"},{\"name\":\"LOGGING_LOGGER_STREAMNAME\",\"value\":\"dev-tenant2-app\"},{\"name\":\"SPRING_DATASOURCE_PASSWORD\",\"value\":\"denzi123$\"},{\"name\":\"SPRING_DATASOURCE_URL\",\"value\":\"jdbc:mysql://denzi-fargate-dev-instance.clo2fyyn2ezx.us-east-2.rds.amazonaws.com:3306/denzidevservice?useUnicode=true\u0026characterEncoding=utf8\u0026useSSL=false\"},{\"name\":\"SPRING_DATASOURCE_USERNAME\",\"value\":\"denzi\"},{\"name\":\"SPRING_JPA_PROPERTIES_HIBERNATE_CACHE_USE_SECOND_LEVEL_CACHE\",\"value\":\"false\"},{\"name\":\"SPRING_MAIL_HOST\",\"value\":\"email-smtp.us-east-2.amazonaws.com\"},{\"name\":\"SPRING_MAIL_PASSWORD\",\"value\":\"BLYjRaohGR/xIaDv3BIPnPlTghIbr5+lSg8zHO7j198x\"},{\"name\":\"SPRING_MAIL_USERNAME\",\"value\":\"AKIAWLZL7Q44A4YUGA4R\"},{\"name\":\"SPRING_PROFILES_ACTIVE\",\"value\":\"prod,swagger\"}],\"essential\":true,\"image\":\"437642037048.dkr.ecr.us-east-2.amazonaws.com/denzi-service:latest\",\"logConfiguration\":{\"logDriver\":\"awslogs\",\"options\":{\"awslogs-group\":\"tenant2-dev-logs\",\"awslogs-region\":\"us-west-2\",\"awslogs-stream-prefix\":\"tenant2-app\"}},\"mountPoints\":[],\"name\":\"tenant2-service\",\"portMappings\":[{\"containerPort\":8080,\"hostPort\":8080,\"protocol\":\"tcp\"}],\"volumesFrom\":[]}]",
            "cpu": "1024",
            "execution_role_arn": "arn:aws:iam::437642037048:role/service_role/tenant2-dev-task-definition-ecs-task-execution",
            "family": "tenant2-dev-task-definition",
            "id": "tenant2-dev-task-definition",
            "inference_accelerator": [],
            "ipc_mode": "",
            "memory": "4096",
            "network_mode": "awsvpc",
            "pid_mode": "",
            "placement_constraints": [],
            "proxy_configuration": [],
            "requires_compatibilities": [
              "FARGATE"
            ],
            "revision": 3,
            "tags": {
              "Environment": "dev",
              "Name": "tenant2-dev-task-definition"
            },
            "task_role_arn": "",
            "volume": []
          },
          "private": "eyJzY2hlbWFfdmVyc2lvbiI6IjEifQ==",
          "dependencies": [
            "aws_iam_role.default",
            "module.alb.aws_lb.default",
            "module.alb.aws_lb_target_group.default",
            "module.alb.aws_security_group.default",
            "module.ecs_fargate.aws_iam_role.default",
            "module.s3_access_log.aws_s3_bucket.default",
            "module.s3_lb_log.aws_s3_bucket.default",
            "module.vpc.aws_subnet.public_subnet",
            "module.vpc.aws_vpc.main"
          ]
        }
      ]
    },
    {
      "module": "module.vpc",
      "mode": "managed",
      "type": "aws_eip",
      "name": "nat_gateway",
      "each": "list",
      "provider": "provider.aws",
      "instances": [
        {
          "index_key": 0,
          "schema_version": 0,
          "attributes": {
            "allocation_id": null,
            "associate_with_private_ip": null,
            "association_id": "eipassoc-085940bc04ca902c4",
            "customer_owned_ip": "",
            "customer_owned_ipv4_pool": "",
            "domain": "vpc",
            "id": "eipalloc-0a9364afdf469e19e",
            "instance": "",
            "network_interface": "eni-06e3ed3b9c1e6fce8",
            "private_dns": "ip-15-255-0-69.us-west-2.compute.internal",
            "private_ip": "15.255.0.69",
            "public_dns": "ec2-44-228-255-58.us-west-2.compute.amazonaws.com",
            "public_ip": "44.228.255.58",
            "public_ipv4_pool": "amazon",
            "tags": {
              "Name": "tenant2-ecs-fargate-nat-0"
            },
            "timeouts": null,
            "vpc": true
          },
          "private": "eyJlMmJmYjczMC1lY2FhLTExZTYtOGY4OC0zNDM2M2JjN2M0YzAiOnsiZGVsZXRlIjoxODAwMDAwMDAwMDAsInJlYWQiOjkwMDAwMDAwMDAwMCwidXBkYXRlIjozMDAwMDAwMDAwMDB9fQ==",
          "dependencies": [
            "module.vpc.aws_internet_gateway.gw",
            "module.vpc.aws_vpc.main"
          ]
        },
        {
          "index_key": 1,
          "schema_version": 0,
          "attributes": {
            "allocation_id": null,
            "associate_with_private_ip": null,
            "association_id": "eipassoc-0078fa19c76b12743",
            "customer_owned_ip": "",
            "customer_owned_ipv4_pool": "",
            "domain": "vpc",
            "id": "eipalloc-09b0cfad3f7663272",
            "instance": "",
            "network_interface": "eni-06bf2ff1219b864ac",
            "private_dns": "ip-15-255-1-55.us-west-2.compute.internal",
            "private_ip": "15.255.1.55",
            "public_dns": "ec2-54-191-222-222.us-west-2.compute.amazonaws.com",
            "public_ip": "54.191.222.222",
            "public_ipv4_pool": "amazon",
            "tags": {
              "Name": "tenant2-ecs-fargate-nat-1"
            },
            "timeouts": null,
            "vpc": true
          },
          "private": "eyJlMmJmYjczMC1lY2FhLTExZTYtOGY4OC0zNDM2M2JjN2M0YzAiOnsiZGVsZXRlIjoxODAwMDAwMDAwMDAsInJlYWQiOjkwMDAwMDAwMDAwMCwidXBkYXRlIjozMDAwMDAwMDAwMDB9fQ==",
          "dependencies": [
            "module.vpc.aws_internet_gateway.gw",
            "module.vpc.aws_vpc.main"
          ]
        }
      ]
    },
    {
      "module": "module.ecs_fargate",
      "mode": "managed",
      "type": "aws_iam_policy",
      "name": "default",
      "each": "list",
      "provider": "provider.aws",
      "instances": [
        {
          "index_key": 0,
          "schema_version": 0,
          "attributes": {
            "arn": "arn:aws:iam::437642037048:policy/service_role/tenant2-dev-task-definition-ecs-task-execution",
            "description": "This is tenant2-Dev",
            "id": "arn:aws:iam::437642037048:policy/service_role/tenant2-dev-task-definition-ecs-task-execution",
            "name": "tenant2-dev-task-definition-ecs-task-execution",
            "name_prefix": null,
            "path": "/service_role/",
            "policy": "{\n  \"Version\": \"2012-10-17\",\n  \"Statement\": [\n    {\n      \"Effect\": \"Allow\",\n      \"Action\": [\n        \"ecr:GetAuthorizationToken\",\n        \"ecr:BatchCheckLayerAvailability\",\n        \"ecr:GetDownloadUrlForLayer\",\n        \"ecr:BatchGetImage\",\n        \"logs:CreateLogStream\",\n        \"logs:PutLogEvents\"\n      ],\n      \"Resource\": \"*\"\n    }\n  ]\n}"
          },
          "private": "bnVsbA=="
        }
      ]
    },
    {
      "mode": "managed",
      "type": "aws_iam_policy",
      "name": "default",
      "provider": "provider.aws",
      "instances": [
        {
          "schema_version": 0,
          "attributes": {
            "arn": "arn:aws:iam::437642037048:policy/tenant2-ecs-task-execution-for-ecs-fargate",
            "description": "",
            "id": "arn:aws:iam::437642037048:policy/tenant2-ecs-task-execution-for-ecs-fargate",
            "name": "tenant2-ecs-task-execution-for-ecs-fargate",
            "name_prefix": null,
            "path": "/",
            "policy": "{\n  \"Version\": \"2012-10-17\",\n  \"Statement\": [\n    {\n      \"Effect\": \"Allow\",\n      \"Action\": [\n        \"ecr:GetAuthorizationToken\",\n        \"ecr:BatchCheckLayerAvailability\",\n        \"ecr:GetDownloadUrlForLayer\",\n        \"ecr:BatchGetImage\",\n        \"logs:CreateLogStream\",\n        \"logs:PutLogEvents\"\n      ],\n      \"Resource\": \"*\"\n    }\n  ]\n}"
          },
          "private": "bnVsbA==",
          "dependencies": [
            "aws_iam_role.default"
          ]
        }
      ]
    },
    {
      "module": "module.ecs_fargate",
      "mode": "managed",
      "type": "aws_iam_role",
      "name": "default",
      "each": "list",
      "provider": "provider.aws",
      "instances": [
        {
          "index_key": 0,
          "schema_version": 0,
          "attributes": {
            "arn": "arn:aws:iam::437642037048:role/service_role/tenant2-dev-task-definition-ecs-task-execution",
            "assume_role_policy": "{\"Version\":\"2012-10-17\",\"Statement\":[{\"Sid\":\"\",\"Effect\":\"Allow\",\"Principal\":{\"Service\":\"ecs-tasks.amazonaws.com\"},\"Action\":\"sts:AssumeRole\"}]}",
            "create_date": "2020-07-05T04:40:14Z",
            "description": "This is tenant2-Dev",
            "force_detach_policies": false,
            "id": "tenant2-dev-task-definition-ecs-task-execution",
            "max_session_duration": 3600,
            "name": "tenant2-dev-task-definition-ecs-task-execution",
            "name_prefix": null,
            "path": "/service_role/",
            "permissions_boundary": null,
            "tags": {
              "Environment": "dev",
              "Name": "tenant2-dev-task-definition-ecs-task-execution"
            },
            "unique_id": "AROAWLZL7Q44NHRMNUWMK"
          },
          "private": "bnVsbA=="
        }
      ]
    },
    {
      "mode": "managed",
      "type": "aws_iam_role",
      "name": "default",
      "provider": "provider.aws",
      "instances": [
        {
          "schema_version": 0,
          "attributes": {
            "arn": "arn:aws:iam::437642037048:role/tenant2-ecs-task-execution-for-ecs-fargate",
            "assume_role_policy": "{\"Version\":\"2012-10-17\",\"Statement\":[{\"Sid\":\"\",\"Effect\":\"Allow\",\"Principal\":{\"Service\":[\"ecs-tasks.amazonaws.com\",\"ecs.amazonaws.com\"]},\"Action\":\"sts:AssumeRole\"}]}",
            "create_date": "2020-07-05T04:40:14Z",
            "description": "",
            "force_detach_policies": false,
            "id": "tenant2-ecs-task-execution-for-ecs-fargate",
            "max_session_duration": 3600,
            "name": "tenant2-ecs-task-execution-for-ecs-fargate",
            "name_prefix": null,
            "path": "/",
            "permissions_boundary": null,
            "tags": {},
            "unique_id": "AROAWLZL7Q44F53KYTGNR"
          },
          "private": "bnVsbA=="
        }
      ]
    },
    {
      "module": "module.ecs_fargate",
      "mode": "managed",
      "type": "aws_iam_role_policy_attachment",
      "name": "default",
      "each": "list",
      "provider": "provider.aws",
      "instances": [
        {
          "index_key": 0,
          "schema_version": 0,
          "attributes": {
            "id": "tenant2-dev-task-definition-ecs-task-execution-20200705044015162100000001",
            "policy_arn": "arn:aws:iam::437642037048:policy/service_role/tenant2-dev-task-definition-ecs-task-execution",
            "role": "tenant2-dev-task-definition-ecs-task-execution"
          },
          "private": "bnVsbA==",
          "dependencies": [
            "module.ecs_fargate.aws_iam_policy.default",
            "module.ecs_fargate.aws_iam_role.default"
          ]
        }
      ]
    },
    {
      "mode": "managed",
      "type": "aws_iam_role_policy_attachment",
      "name": "default",
      "provider": "provider.aws",
      "instances": [
        {
          "schema_version": 0,
          "attributes": {
            "id": "tenant2-ecs-task-execution-for-ecs-fargate-20200705044015563600000002",
            "policy_arn": "arn:aws:iam::437642037048:policy/tenant2-ecs-task-execution-for-ecs-fargate",
            "role": "tenant2-ecs-task-execution-for-ecs-fargate"
          },
          "private": "bnVsbA==",
          "dependencies": [
            "aws_iam_policy.default",
            "aws_iam_role.default"
          ]
        }
      ]
    },
    {
      "module": "module.vpc",
      "mode": "managed",
      "type": "aws_internet_gateway",
      "name": "gw",
      "provider": "provider.aws",
      "instances": [
        {
          "schema_version": 0,
          "attributes": {
            "arn": "arn:aws:ec2:us-west-2:437642037048:internet-gateway/igw-04de8de2ca91a1fa2",
            "id": "igw-04de8de2ca91a1fa2",
            "owner_id": "437642037048",
            "tags": {
              "Name": "tenant2-ecs-fargate"
            },
            "vpc_id": "vpc-05dd8a3330da24bad"
          },
          "private": "bnVsbA==",
          "dependencies": [
            "module.vpc.aws_vpc.main"
          ]
        }
      ]
    },
    {
      "module": "module.alb",
      "mode": "managed",
      "type": "aws_lb",
      "name": "default",
      "each": "list",
      "provider": "provider.aws",
      "instances": [
        {
          "index_key": 0,
          "schema_version": 0,
          "attributes": {
            "access_logs": [
              {
                "bucket": "tenant2-s3-lb-log-ecs-fargate-437642037048",
                "enabled": true,
                "prefix": "test"
              }
            ],
            "arn": "arn:aws:elasticloadbalancing:us-west-2:437642037048:loadbalancer/app/tenant2-dev-fargate-lb/3c2974c7bb5ef6ec",
            "arn_suffix": "app/tenant2-dev-fargate-lb/3c2974c7bb5ef6ec",
            "dns_name": "tenant2-dev-fargate-lb-1591602859.us-west-2.elb.amazonaws.com",
            "drop_invalid_header_fields": false,
            "enable_cross_zone_load_balancing": null,
            "enable_deletion_protection": false,
            "enable_http2": false,
            "id": "arn:aws:elasticloadbalancing:us-west-2:437642037048:loadbalancer/app/tenant2-dev-fargate-lb/3c2974c7bb5ef6ec",
            "idle_timeout": 120,
            "internal": false,
            "ip_address_type": "ipv4",
            "load_balancer_type": "application",
            "name": "tenant2-dev-fargate-lb",
            "name_prefix": null,
            "security_groups": [
              "sg-0a7d2c2ec9dea93d5"
            ],
            "subnet_mapping": [
              {
                "allocation_id": "",
                "subnet_id": "subnet-02bf6db851a70051e"
              },
              {
                "allocation_id": "",
                "subnet_id": "subnet-0ae5fa89b29700372"
              }
            ],
            "subnets": [
              "subnet-02bf6db851a70051e",
              "subnet-0ae5fa89b29700372"
            ],
            "tags": {
              "Environment": "dev",
              "Name": "tenant2"
            },
            "timeouts": null,
            "vpc_id": "vpc-05dd8a3330da24bad",
            "zone_id": "Z1H1FL5HABSF5"
          },
          "private": "eyJlMmJmYjczMC1lY2FhLTExZTYtOGY4OC0zNDM2M2JjN2M0YzAiOnsiY3JlYXRlIjo2MDAwMDAwMDAwMDAsImRlbGV0ZSI6NjAwMDAwMDAwMDAwLCJ1cGRhdGUiOjYwMDAwMDAwMDAwMH19",
          "dependencies": [
            "module.alb.aws_security_group.default",
            "module.s3_access_log.aws_s3_bucket.default",
            "module.s3_lb_log.aws_s3_bucket.default",
            "module.vpc.aws_subnet.public_subnet",
            "module.vpc.aws_vpc.main"
          ]
        }
      ]
    },
    {
      "module": "module.alb",
      "mode": "managed",
      "type": "aws_lb_listener",
      "name": "http",
      "each": "list",
      "provider": "provider.aws",
      "instances": [
        {
          "index_key": 0,
          "schema_version": 0,
          "attributes": {
            "arn": "arn:aws:elasticloadbalancing:us-west-2:437642037048:listener/app/tenant2-dev-fargate-lb/3c2974c7bb5ef6ec/42ec51a0c4eb82ac",
            "certificate_arn": null,
            "default_action": [
              {
                "authenticate_cognito": [],
                "authenticate_oidc": [],
                "fixed_response": [
                  {
                    "content_type": "text/plain",
                    "message_body": "ok",
                    "status_code": "200"
                  }
                ],
                "forward": [],
                "order": 1,
                "redirect": [],
                "target_group_arn": "",
                "type": "fixed-response"
              }
            ],
            "id": "arn:aws:elasticloadbalancing:us-west-2:437642037048:listener/app/tenant2-dev-fargate-lb/3c2974c7bb5ef6ec/42ec51a0c4eb82ac",
            "load_balancer_arn": "arn:aws:elasticloadbalancing:us-west-2:437642037048:loadbalancer/app/tenant2-dev-fargate-lb/3c2974c7bb5ef6ec",
            "port": 80,
            "protocol": "HTTP",
            "ssl_policy": "",
            "timeouts": null
          },
          "private": "eyJlMmJmYjczMC1lY2FhLTExZTYtOGY4OC0zNDM2M2JjN2M0YzAiOnsicmVhZCI6NjAwMDAwMDAwMDAwfX0=",
          "dependencies": [
            "module.alb.aws_lb.default",
            "module.alb.aws_security_group.default",
            "module.s3_access_log.aws_s3_bucket.default",
            "module.s3_lb_log.aws_s3_bucket.default",
            "module.vpc.aws_subnet.public_subnet",
            "module.vpc.aws_vpc.main"
          ]
        }
      ]
    },
    {
      "module": "module.alb",
      "mode": "managed",
      "type": "aws_lb_listener",
      "name": "https",
      "each": "list",
      "provider": "provider.aws",
      "instances": []
    },
    {
      "module": "module.alb",
      "mode": "managed",
      "type": "aws_lb_listener",
      "name": "redirect_http_to_https",
      "each": "list",
      "provider": "provider.aws",
      "instances": []
    },
    {
      "module": "module.alb",
      "mode": "managed",
      "type": "aws_lb_listener_rule",
      "name": "http",
      "each": "list",
      "provider": "provider.aws",
      "instances": [
        {
          "index_key": 0,
          "schema_version": 0,
          "attributes": {
            "action": [
              {
                "authenticate_cognito": [],
                "authenticate_oidc": [],
                "fixed_response": [],
                "forward": [],
                "order": 1,
                "redirect": [],
                "target_group_arn": "arn:aws:elasticloadbalancing:us-west-2:437642037048:targetgroup/tenant2-dev-fargate-lb/be996744717ce8ff",
                "type": "forward"
              }
            ],
            "arn": "arn:aws:elasticloadbalancing:us-west-2:437642037048:listener-rule/app/tenant2-dev-fargate-lb/3c2974c7bb5ef6ec/42ec51a0c4eb82ac/7a47ebc43b5ab866",
            "condition": [
              {
                "field": "path-pattern",
                "host_header": [],
                "http_header": [],
                "http_request_method": [],
                "path_pattern": [
                  {
                    "values": [
                      "/*"
                    ]
                  }
                ],
                "query_string": [],
                "source_ip": [],
                "values": [
                  "/*"
                ]
              }
            ],
            "id": "arn:aws:elasticloadbalancing:us-west-2:437642037048:listener-rule/app/tenant2-dev-fargate-lb/3c2974c7bb5ef6ec/42ec51a0c4eb82ac/7a47ebc43b5ab866",
            "listener_arn": "arn:aws:elasticloadbalancing:us-west-2:437642037048:listener/app/tenant2-dev-fargate-lb/3c2974c7bb5ef6ec/42ec51a0c4eb82ac",
            "priority": 1
          },
          "private": "bnVsbA==",
          "dependencies": [
            "module.alb.aws_lb.default",
            "module.alb.aws_lb_listener.http",
            "module.alb.aws_lb_target_group.default",
            "module.alb.aws_security_group.default",
            "module.s3_access_log.aws_s3_bucket.default",
            "module.s3_lb_log.aws_s3_bucket.default",
            "module.vpc.aws_subnet.public_subnet",
            "module.vpc.aws_vpc.main"
          ]
        }
      ]
    },
    {
      "module": "module.alb",
      "mode": "managed",
      "type": "aws_lb_listener_rule",
      "name": "https",
      "each": "list",
      "provider": "provider.aws",
      "instances": []
    },
    {
      "module": "module.alb",
      "mode": "managed",
      "type": "aws_lb_target_group",
      "name": "default",
      "each": "list",
      "provider": "provider.aws",
      "instances": [
        {
          "index_key": 0,
          "schema_version": 0,
          "attributes": {
            "arn": "arn:aws:elasticloadbalancing:us-west-2:437642037048:targetgroup/tenant2-dev-fargate-lb/be996744717ce8ff",
            "arn_suffix": "targetgroup/tenant2-dev-fargate-lb/be996744717ce8ff",
            "deregistration_delay": 600,
            "health_check": [
              {
                "enabled": true,
                "healthy_threshold": 5,
                "interval": 200,
                "matcher": "200",
                "path": "/management/health",
                "port": "traffic-port",
                "protocol": "HTTP",
                "timeout": 120,
                "unhealthy_threshold": 3
              }
            ],
            "id": "arn:aws:elasticloadbalancing:us-west-2:437642037048:targetgroup/tenant2-dev-fargate-lb/be996744717ce8ff",
            "lambda_multi_value_headers_enabled": false,
            "load_balancing_algorithm_type": "round_robin",
            "name": "tenant2-dev-fargate-lb",
            "name_prefix": null,
            "port": 8080,
            "protocol": "HTTP",
            "proxy_protocol_v2": false,
            "slow_start": 0,
            "stickiness": [
              {
                "cookie_duration": 86400,
                "enabled": false,
                "type": "lb_cookie"
              }
            ],
            "tags": {
              "Environment": "dev",
              "Name": "tenant2"
            },
            "target_type": "ip",
            "vpc_id": "vpc-05dd8a3330da24bad"
          },
          "private": "bnVsbA==",
          "dependencies": [
            "module.alb.aws_lb.default",
            "module.alb.aws_security_group.default",
            "module.s3_access_log.aws_s3_bucket.default",
            "module.s3_lb_log.aws_s3_bucket.default",
            "module.vpc.aws_subnet.public_subnet",
            "module.vpc.aws_vpc.main"
          ]
        }
      ]
    },
    {
      "module": "module.vpc",
      "mode": "managed",
      "type": "aws_nat_gateway",
      "name": "default",
      "each": "list",
      "provider": "provider.aws",
      "instances": [
        {
          "index_key": 0,
          "schema_version": 0,
          "attributes": {
            "allocation_id": "eipalloc-0a9364afdf469e19e",
            "id": "nat-041a6017d21ccb7d4",
            "network_interface_id": "eni-06e3ed3b9c1e6fce8",
            "private_ip": "15.255.0.69",
            "public_ip": "44.228.255.58",
            "subnet_id": "subnet-02bf6db851a70051e",
            "tags": {
              "Name": "tenant2-ecs-fargate-0"
            }
          },
          "private": "bnVsbA==",
          "dependencies": [
            "module.vpc.aws_eip.nat_gateway",
            "module.vpc.aws_internet_gateway.gw",
            "module.vpc.aws_subnet.public_subnet",
            "module.vpc.aws_vpc.main"
          ]
        },
        {
          "index_key": 1,
          "schema_version": 0,
          "attributes": {
            "allocation_id": "eipalloc-09b0cfad3f7663272",
            "id": "nat-08522c0993b297529",
            "network_interface_id": "eni-06bf2ff1219b864ac",
            "private_ip": "15.255.1.55",
            "public_ip": "54.191.222.222",
            "subnet_id": "subnet-0ae5fa89b29700372",
            "tags": {
              "Name": "tenant2-ecs-fargate-1"
            }
          },
          "private": "bnVsbA==",
          "dependencies": [
            "module.vpc.aws_eip.nat_gateway",
            "module.vpc.aws_internet_gateway.gw",
            "module.vpc.aws_subnet.public_subnet",
            "module.vpc.aws_vpc.main"
          ]
        }
      ]
    },
    {
      "module": "module.vpc",
      "mode": "managed",
      "type": "aws_network_acl",
      "name": "private",
      "provider": "provider.aws",
      "instances": [
        {
          "schema_version": 0,
          "attributes": {
            "arn": "arn:aws:ec2:us-west-2:437642037048:network-acl/acl-0b0e8e74d1b32398e",
            "egress": [
              {
                "action": "allow",
                "cidr_block": "0.0.0.0/0",
                "from_port": 0,
                "icmp_code": 0,
                "icmp_type": 0,
                "ipv6_cidr_block": "",
                "protocol": "-1",
                "rule_no": 100,
                "to_port": 0
              }
            ],
            "id": "acl-0b0e8e74d1b32398e",
            "ingress": [
              {
                "action": "allow",
                "cidr_block": "0.0.0.0/0",
                "from_port": 0,
                "icmp_code": 0,
                "icmp_type": 0,
                "ipv6_cidr_block": "",
                "protocol": "-1",
                "rule_no": 100,
                "to_port": 0
              }
            ],
            "owner_id": "437642037048",
            "subnet_id": null,
            "subnet_ids": [
              "subnet-05b0faa18593d00bd",
              "subnet-0ffed4fa5dd15dc00"
            ],
            "tags": {
              "Name": "tenant2-ecs-fargate-private"
            },
            "vpc_id": "vpc-05dd8a3330da24bad"
          },
          "private": "bnVsbA==",
          "dependencies": [
            "module.vpc.aws_subnet.private_subnet",
            "module.vpc.aws_vpc.main"
          ]
        }
      ]
    },
    {
      "module": "module.vpc",
      "mode": "managed",
      "type": "aws_network_acl",
      "name": "public",
      "provider": "provider.aws",
      "instances": [
        {
          "schema_version": 0,
          "attributes": {
            "arn": "arn:aws:ec2:us-west-2:437642037048:network-acl/acl-009bddff026f68cdf",
            "egress": [
              {
                "action": "allow",
                "cidr_block": "0.0.0.0/0",
                "from_port": 0,
                "icmp_code": 0,
                "icmp_type": 0,
                "ipv6_cidr_block": "",
                "protocol": "-1",
                "rule_no": 100,
                "to_port": 0
              }
            ],
            "id": "acl-009bddff026f68cdf",
            "ingress": [
              {
                "action": "allow",
                "cidr_block": "0.0.0.0/0",
                "from_port": 0,
                "icmp_code": 0,
                "icmp_type": 0,
                "ipv6_cidr_block": "",
                "protocol": "-1",
                "rule_no": 100,
                "to_port": 0
              }
            ],
            "owner_id": "437642037048",
            "subnet_id": null,
            "subnet_ids": [
              "subnet-02bf6db851a70051e",
              "subnet-0ae5fa89b29700372"
            ],
            "tags": {
              "Name": "tenant2-ecs-fargate-public"
            },
            "vpc_id": "vpc-05dd8a3330da24bad"
          },
          "private": "bnVsbA==",
          "dependencies": [
            "module.vpc.aws_subnet.public_subnet",
            "module.vpc.aws_vpc.main"
          ]
        }
      ]
    },
    {
      "module": "module.vpc",
      "mode": "managed",
      "type": "aws_network_acl_rule",
      "name": "private_egress",
      "provider": "provider.aws",
      "instances": [
        {
          "schema_version": 0,
          "attributes": {
            "cidr_block": "0.0.0.0/0",
            "egress": true,
            "from_port": 0,
            "icmp_code": null,
            "icmp_type": null,
            "id": "nacl-2060689820",
            "ipv6_cidr_block": "",
            "network_acl_id": "acl-0b0e8e74d1b32398e",
            "protocol": "all",
            "rule_action": "allow",
            "rule_number": 100,
            "to_port": 0
          },
          "private": "bnVsbA==",
          "dependencies": [
            "module.vpc.aws_network_acl.private",
            "module.vpc.aws_subnet.private_subnet",
            "module.vpc.aws_vpc.main"
          ]
        }
      ]
    },
    {
      "module": "module.vpc",
      "mode": "managed",
      "type": "aws_network_acl_rule",
      "name": "private_ingress",
      "provider": "provider.aws",
      "instances": [
        {
          "schema_version": 0,
          "attributes": {
            "cidr_block": "0.0.0.0/0",
            "egress": false,
            "from_port": 0,
            "icmp_code": null,
            "icmp_type": null,
            "id": "nacl-2719862611",
            "ipv6_cidr_block": "",
            "network_acl_id": "acl-0b0e8e74d1b32398e",
            "protocol": "all",
            "rule_action": "allow",
            "rule_number": 100,
            "to_port": 0
          },
          "private": "bnVsbA==",
          "dependencies": [
            "module.vpc.aws_network_acl.private",
            "module.vpc.aws_subnet.private_subnet",
            "module.vpc.aws_vpc.main"
          ]
        }
      ]
    },
    {
      "module": "module.vpc",
      "mode": "managed",
      "type": "aws_network_acl_rule",
      "name": "public_egress",
      "provider": "provider.aws",
      "instances": [
        {
          "schema_version": 0,
          "attributes": {
            "cidr_block": "0.0.0.0/0",
            "egress": true,
            "from_port": 0,
            "icmp_code": null,
            "icmp_type": null,
            "id": "nacl-2646102966",
            "ipv6_cidr_block": "",
            "network_acl_id": "acl-009bddff026f68cdf",
            "protocol": "all",
            "rule_action": "allow",
            "rule_number": 100,
            "to_port": 0
          },
          "private": "bnVsbA==",
          "dependencies": [
            "module.vpc.aws_network_acl.public",
            "module.vpc.aws_subnet.public_subnet",
            "module.vpc.aws_vpc.main"
          ]
        }
      ]
    },
    {
      "module": "module.vpc",
      "mode": "managed",
      "type": "aws_network_acl_rule",
      "name": "public_ingress",
      "provider": "provider.aws",
      "instances": [
        {
          "schema_version": 0,
          "attributes": {
            "cidr_block": "0.0.0.0/0",
            "egress": false,
            "from_port": 0,
            "icmp_code": null,
            "icmp_type": null,
            "id": "nacl-2034330999",
            "ipv6_cidr_block": "",
            "network_acl_id": "acl-009bddff026f68cdf",
            "protocol": "all",
            "rule_action": "allow",
            "rule_number": 100,
            "to_port": 0
          },
          "private": "bnVsbA==",
          "dependencies": [
            "module.vpc.aws_network_acl.public",
            "module.vpc.aws_subnet.public_subnet",
            "module.vpc.aws_vpc.main"
          ]
        }
      ]
    },
    {
      "module": "module.vpc",
      "mode": "managed",
      "type": "aws_route",
      "name": "private",
      "each": "list",
      "provider": "provider.aws",
      "instances": [
        {
          "index_key": 0,
          "schema_version": 0,
          "attributes": {
            "destination_cidr_block": "0.0.0.0/0",
            "destination_ipv6_cidr_block": "",
            "destination_prefix_list_id": "",
            "egress_only_gateway_id": "",
            "gateway_id": "",
            "id": "r-rtb-0100886ba11d8bef41080289494",
            "instance_id": "",
            "instance_owner_id": "",
            "nat_gateway_id": "nat-041a6017d21ccb7d4",
            "network_interface_id": "",
            "origin": "CreateRoute",
            "route_table_id": "rtb-0100886ba11d8bef4",
            "state": "active",
            "timeouts": null,
            "transit_gateway_id": "",
            "vpc_peering_connection_id": ""
          },
          "private": "eyJlMmJmYjczMC1lY2FhLTExZTYtOGY4OC0zNDM2M2JjN2M0YzAiOnsiY3JlYXRlIjoxMjAwMDAwMDAwMDAsImRlbGV0ZSI6MzAwMDAwMDAwMDAwfX0=",
          "dependencies": [
            "module.vpc.aws_eip.nat_gateway",
            "module.vpc.aws_internet_gateway.gw",
            "module.vpc.aws_nat_gateway.default",
            "module.vpc.aws_route_table.private",
            "module.vpc.aws_subnet.public_subnet",
            "module.vpc.aws_vpc.main"
          ]
        },
        {
          "index_key": 1,
          "schema_version": 0,
          "attributes": {
            "destination_cidr_block": "0.0.0.0/0",
            "destination_ipv6_cidr_block": "",
            "destination_prefix_list_id": "",
            "egress_only_gateway_id": "",
            "gateway_id": "",
            "id": "r-rtb-07652fdcf4894253d1080289494",
            "instance_id": "",
            "instance_owner_id": "",
            "nat_gateway_id": "nat-08522c0993b297529",
            "network_interface_id": "",
            "origin": "CreateRoute",
            "route_table_id": "rtb-07652fdcf4894253d",
            "state": "active",
            "timeouts": null,
            "transit_gateway_id": "",
            "vpc_peering_connection_id": ""
          },
          "private": "eyJlMmJmYjczMC1lY2FhLTExZTYtOGY4OC0zNDM2M2JjN2M0YzAiOnsiY3JlYXRlIjoxMjAwMDAwMDAwMDAsImRlbGV0ZSI6MzAwMDAwMDAwMDAwfX0=",
          "dependencies": [
            "module.vpc.aws_eip.nat_gateway",
            "module.vpc.aws_internet_gateway.gw",
            "module.vpc.aws_nat_gateway.default",
            "module.vpc.aws_route_table.private",
            "module.vpc.aws_subnet.public_subnet",
            "module.vpc.aws_vpc.main"
          ]
        }
      ]
    },
    {
      "module": "module.vpc",
      "mode": "managed",
      "type": "aws_route",
      "name": "public",
      "provider": "provider.aws",
      "instances": [
        {
          "schema_version": 0,
          "attributes": {
            "destination_cidr_block": "0.0.0.0/0",
            "destination_ipv6_cidr_block": "",
            "destination_prefix_list_id": "",
            "egress_only_gateway_id": "",
            "gateway_id": "igw-04de8de2ca91a1fa2",
            "id": "r-rtb-0332031d9794781b81080289494",
            "instance_id": "",
            "instance_owner_id": "",
            "nat_gateway_id": "",
            "network_interface_id": "",
            "origin": "CreateRoute",
            "route_table_id": "rtb-0332031d9794781b8",
            "state": "active",
            "timeouts": null,
            "transit_gateway_id": "",
            "vpc_peering_connection_id": ""
          },
          "private": "eyJlMmJmYjczMC1lY2FhLTExZTYtOGY4OC0zNDM2M2JjN2M0YzAiOnsiY3JlYXRlIjoxMjAwMDAwMDAwMDAsImRlbGV0ZSI6MzAwMDAwMDAwMDAwfX0=",
          "dependencies": [
            "module.vpc.aws_internet_gateway.gw",
            "module.vpc.aws_route_table.public",
            "module.vpc.aws_vpc.main"
          ]
        }
      ]
    },
    {
      "module": "module.vpc",
      "mode": "managed",
      "type": "aws_route_table",
      "name": "private",
      "each": "list",
      "provider": "provider.aws",
      "instances": [
        {
          "index_key": 0,
          "schema_version": 0,
          "attributes": {
            "id": "rtb-0100886ba11d8bef4",
            "owner_id": "437642037048",
            "propagating_vgws": [],
            "route": [
              {
                "cidr_block": "0.0.0.0/0",
                "egress_only_gateway_id": "",
                "gateway_id": "",
                "instance_id": "",
                "ipv6_cidr_block": "",
                "nat_gateway_id": "nat-041a6017d21ccb7d4",
                "network_interface_id": "",
                "transit_gateway_id": "",
                "vpc_peering_connection_id": ""
              }
            ],
            "tags": {
              "Name": "tenant2-ecs-fargate-private-0"
            },
            "vpc_id": "vpc-05dd8a3330da24bad"
          },
          "private": "bnVsbA==",
          "dependencies": [
            "module.vpc.aws_vpc.main"
          ]
        },
        {
          "index_key": 1,
          "schema_version": 0,
          "attributes": {
            "id": "rtb-07652fdcf4894253d",
            "owner_id": "437642037048",
            "propagating_vgws": [],
            "route": [
              {
                "cidr_block": "0.0.0.0/0",
                "egress_only_gateway_id": "",
                "gateway_id": "",
                "instance_id": "",
                "ipv6_cidr_block": "",
                "nat_gateway_id": "nat-08522c0993b297529",
                "network_interface_id": "",
                "transit_gateway_id": "",
                "vpc_peering_connection_id": ""
              }
            ],
            "tags": {
              "Name": "tenant2-ecs-fargate-private-1"
            },
            "vpc_id": "vpc-05dd8a3330da24bad"
          },
          "private": "bnVsbA==",
          "dependencies": [
            "module.vpc.aws_vpc.main"
          ]
        }
      ]
    },
    {
      "module": "module.vpc",
      "mode": "managed",
      "type": "aws_route_table",
      "name": "public",
      "provider": "provider.aws",
      "instances": [
        {
          "schema_version": 0,
          "attributes": {
            "id": "rtb-0332031d9794781b8",
            "owner_id": "437642037048",
            "propagating_vgws": [],
            "route": [
              {
                "cidr_block": "0.0.0.0/0",
                "egress_only_gateway_id": "",
                "gateway_id": "igw-04de8de2ca91a1fa2",
                "instance_id": "",
                "ipv6_cidr_block": "",
                "nat_gateway_id": "",
                "network_interface_id": "",
                "transit_gateway_id": "",
                "vpc_peering_connection_id": ""
              }
            ],
            "tags": {
              "Name": "tenant2-ecs-fargate-public"
            },
            "vpc_id": "vpc-05dd8a3330da24bad"
          },
          "private": "bnVsbA==",
          "dependencies": [
            "module.vpc.aws_vpc.main"
          ]
        }
      ]
    },
    {
      "module": "module.vpc",
      "mode": "managed",
      "type": "aws_route_table_association",
      "name": "private",
      "each": "list",
      "provider": "provider.aws",
      "instances": [
        {
          "index_key": 0,
          "schema_version": 0,
          "attributes": {
            "gateway_id": null,
            "id": "rtbassoc-093b8bb02d8ec42cd",
            "route_table_id": "rtb-0100886ba11d8bef4",
            "subnet_id": "subnet-05b0faa18593d00bd"
          },
          "private": "bnVsbA==",
          "dependencies": [
            "module.vpc.aws_route_table.private",
            "module.vpc.aws_subnet.private_subnet",
            "module.vpc.aws_vpc.main"
          ]
        },
        {
          "index_key": 1,
          "schema_version": 0,
          "attributes": {
            "gateway_id": null,
            "id": "rtbassoc-012436277fbe3362e",
            "route_table_id": "rtb-07652fdcf4894253d",
            "subnet_id": "subnet-0ffed4fa5dd15dc00"
          },
          "private": "bnVsbA==",
          "dependencies": [
            "module.vpc.aws_route_table.private",
            "module.vpc.aws_subnet.private_subnet",
            "module.vpc.aws_vpc.main"
          ]
        }
      ]
    },
    {
      "module": "module.vpc",
      "mode": "managed",
      "type": "aws_route_table_association",
      "name": "public",
      "each": "list",
      "provider": "provider.aws",
      "instances": [
        {
          "index_key": 0,
          "schema_version": 0,
          "attributes": {
            "gateway_id": null,
            "id": "rtbassoc-021a0b6457407b7d4",
            "route_table_id": "rtb-0332031d9794781b8",
            "subnet_id": "subnet-02bf6db851a70051e"
          },
          "private": "bnVsbA==",
          "dependencies": [
            "module.vpc.aws_route_table.public",
            "module.vpc.aws_subnet.public_subnet",
            "module.vpc.aws_vpc.main"
          ]
        },
        {
          "index_key": 1,
          "schema_version": 0,
          "attributes": {
            "gateway_id": null,
            "id": "rtbassoc-0191a053b0ad8641c",
            "route_table_id": "rtb-0332031d9794781b8",
            "subnet_id": "subnet-0ae5fa89b29700372"
          },
          "private": "bnVsbA==",
          "dependencies": [
            "module.vpc.aws_route_table.public",
            "module.vpc.aws_subnet.public_subnet",
            "module.vpc.aws_vpc.main"
          ]
        }
      ]
    },
    {
      "module": "module.s3_access_log",
      "mode": "managed",
      "type": "aws_s3_bucket",
      "name": "default",
      "provider": "provider.aws",
      "instances": [
        {
          "schema_version": 0,
          "attributes": {
            "acceleration_status": "",
            "acl": "log-delivery-write",
            "arn": "arn:aws:s3:::tenant2-s3-access-log-ecs-fargate-437642037048",
            "bucket": "tenant2-s3-access-log-ecs-fargate-437642037048",
            "bucket_domain_name": "tenant2-s3-access-log-ecs-fargate-437642037048.s3.amazonaws.com",
            "bucket_prefix": null,
            "bucket_regional_domain_name": "tenant2-s3-access-log-ecs-fargate-437642037048.s3.us-west-2.amazonaws.com",
            "cors_rule": [],
            "force_destroy": true,
            "grant": [],
            "hosted_zone_id": "Z3BJ6K6RIION7M",
            "id": "tenant2-s3-access-log-ecs-fargate-437642037048",
            "lifecycle_rule": [
              {
                "abort_incomplete_multipart_upload_days": 0,
                "enabled": true,
                "expiration": [
                  {
                    "date": "",
                    "days": 90,
                    "expired_object_delete_marker": false
                  }
                ],
                "id": "tf-s3-lifecycle-20200705044016335500000003",
                "noncurrent_version_expiration": [
                  {
                    "days": 60
                  }
                ],
                "noncurrent_version_transition": [
                  {
                    "days": 30,
                    "storage_class": "GLACIER"
                  }
                ],
                "prefix": "",
                "tags": {},
                "transition": [
                  {
                    "date": "",
                    "days": 30,
                    "storage_class": "STANDARD_IA"
                  },
                  {
                    "date": "",
                    "days": 60,
                    "storage_class": "GLACIER"
                  }
                ]
              }
            ],
            "logging": [],
            "object_lock_configuration": [],
            "policy": null,
            "region": "us-west-2",
            "replication_configuration": [],
            "request_payer": "BucketOwner",
            "server_side_encryption_configuration": [
              {
                "rule": [
                  {
                    "apply_server_side_encryption_by_default": [
                      {
                        "kms_master_key_id": "",
                        "sse_algorithm": "AES256"
                      }
                    ]
                  }
                ]
              }
            ],
            "tags": {},
            "versioning": [
              {
                "enabled": true,
                "mfa_delete": false
              }
            ],
            "website": [],
            "website_domain": null,
            "website_endpoint": null
          },
          "private": "bnVsbA=="
        }
      ]
    },
    {
      "module": "module.s3_lb_log",
      "mode": "managed",
      "type": "aws_s3_bucket",
      "name": "default",
      "provider": "provider.aws",
      "instances": [
        {
          "schema_version": 0,
          "attributes": {
            "acceleration_status": "",
            "acl": "private",
            "arn": "arn:aws:s3:::tenant2-s3-lb-log-ecs-fargate-437642037048",
            "bucket": "tenant2-s3-lb-log-ecs-fargate-437642037048",
            "bucket_domain_name": "tenant2-s3-lb-log-ecs-fargate-437642037048.s3.amazonaws.com",
            "bucket_prefix": null,
            "bucket_regional_domain_name": "tenant2-s3-lb-log-ecs-fargate-437642037048.s3.us-west-2.amazonaws.com",
            "cors_rule": [],
            "force_destroy": true,
            "grant": [],
            "hosted_zone_id": "Z3BJ6K6RIION7M",
            "id": "tenant2-s3-lb-log-ecs-fargate-437642037048",
            "lifecycle_rule": [
              {
                "abort_incomplete_multipart_upload_days": 0,
                "enabled": true,
                "expiration": [
                  {
                    "date": "",
                    "days": 90,
                    "expired_object_delete_marker": false
                  }
                ],
                "id": "tf-s3-lifecycle-20200705044026989600000004",
                "noncurrent_version_expiration": [
                  {
                    "days": 60
                  }
                ],
                "noncurrent_version_transition": [
                  {
                    "days": 30,
                    "storage_class": "GLACIER"
                  }
                ],
                "prefix": "",
                "tags": {},
                "transition": [
                  {
                    "date": "",
                    "days": 30,
                    "storage_class": "STANDARD_IA"
                  },
                  {
                    "date": "",
                    "days": 60,
                    "storage_class": "GLACIER"
                  }
                ]
              }
            ],
            "logging": [
              {
                "target_bucket": "tenant2-s3-access-log-ecs-fargate-437642037048",
                "target_prefix": "logs/tenant2-s3-lb-log-ecs-fargate-437642037048/"
              }
            ],
            "object_lock_configuration": [],
            "policy": null,
            "region": "us-west-2",
            "replication_configuration": [],
            "request_payer": "BucketOwner",
            "server_side_encryption_configuration": [
              {
                "rule": [
                  {
                    "apply_server_side_encryption_by_default": [
                      {
                        "kms_master_key_id": "",
                        "sse_algorithm": "AES256"
                      }
                    ]
                  }
                ]
              }
            ],
            "tags": {},
            "versioning": [
              {
                "enabled": true,
                "mfa_delete": false
              }
            ],
            "website": [],
            "website_domain": null,
            "website_endpoint": null
          },
          "private": "bnVsbA==",
          "dependencies": [
            "module.s3_access_log.aws_s3_bucket.default"
          ]
        }
      ]
    },
    {
      "module": "module.s3-terraform-remote-state",
      "mode": "managed",
      "type": "aws_s3_bucket",
      "name": "terraform_state",
      "provider": "provider.aws",
      "instances": [
        {
          "schema_version": 0,
          "attributes": {
            "acceleration_status": "",
            "acl": "private",
            "arn": "arn:aws:s3:::tenant2-terraform-remote-state1",
            "bucket": "tenant2-terraform-remote-state1",
            "bucket_domain_name": "tenant2-terraform-remote-state1.s3.amazonaws.com",
            "bucket_prefix": null,
            "bucket_regional_domain_name": "tenant2-terraform-remote-state1.s3.us-west-2.amazonaws.com",
            "cors_rule": [],
            "force_destroy": false,
            "grant": [],
            "hosted_zone_id": "Z3BJ6K6RIION7M",
            "id": "tenant2-terraform-remote-state1",
            "lifecycle_rule": [],
            "logging": [],
            "object_lock_configuration": [],
            "policy": null,
            "region": "us-west-2",
            "replication_configuration": [],
            "request_payer": "BucketOwner",
            "server_side_encryption_configuration": [
              {
                "rule": [
                  {
                    "apply_server_side_encryption_by_default": [
                      {
                        "kms_master_key_id": "",
                        "sse_algorithm": "AES256"
                      }
                    ]
                  }
                ]
              }
            ],
            "tags": {
              "Environment": "Dev",
              "Name": "terraform-bucket"
            },
            "versioning": [
              {
                "enabled": true,
                "mfa_delete": false
              }
            ],
            "website": [],
            "website_domain": null,
            "website_endpoint": null
          },
          "private": "bnVsbA=="
        }
      ]
    },
    {
      "module": "module.s3_lb_log",
      "mode": "managed",
      "type": "aws_s3_bucket_policy",
      "name": "default",
      "provider": "provider.aws",
      "instances": [
        {
          "schema_version": 0,
          "attributes": {
            "bucket": "tenant2-s3-lb-log-ecs-fargate-437642037048",
            "id": "tenant2-s3-lb-log-ecs-fargate-437642037048",
            "policy": "{\"Version\":\"2012-10-17\",\"Statement\":[{\"Sid\":\"\",\"Effect\":\"Allow\",\"Principal\":{\"AWS\":\"arn:aws:iam::797873946194:root\"},\"Action\":\"s3:PutObject\",\"Resource\":\"arn:aws:s3:::tenant2-s3-lb-log-ecs-fargate-437642037048/*\"}]}"
          },
          "private": "bnVsbA==",
          "dependencies": [
            "module.s3_access_log.aws_s3_bucket.default",
            "module.s3_lb_log.aws_s3_bucket.default"
          ]
        }
      ]
    },
    {
      "module": "module.ecs_fargate",
      "mode": "managed",
      "type": "aws_security_group",
      "name": "default",
      "each": "list",
      "provider": "provider.aws",
      "instances": [
        {
          "index_key": 0,
          "schema_version": 1,
          "attributes": {
            "arn": "arn:aws:ec2:us-west-2:437642037048:security-group/sg-0765e9c9c3d7a49e4",
            "description": "Managed by Terraform",
            "egress": [
              {
                "cidr_blocks": [
                  "0.0.0.0/0"
                ],
                "description": "",
                "from_port": 0,
                "ipv6_cidr_blocks": [],
                "prefix_list_ids": [],
                "protocol": "-1",
                "security_groups": [],
                "self": false,
                "to_port": 0
              }
            ],
            "id": "sg-0765e9c9c3d7a49e4",
            "ingress": [
              {
                "cidr_blocks": [
                  "0.0.0.0/0"
                ],
                "description": "",
                "from_port": 8080,
                "ipv6_cidr_blocks": [],
                "prefix_list_ids": [],
                "protocol": "tcp",
                "security_groups": [],
                "self": false,
                "to_port": 8080
              }
            ],
            "name": "tenant2-dev-task-definition-ecs-fargate",
            "name_prefix": null,
            "owner_id": "437642037048",
            "revoke_rules_on_delete": false,
            "tags": {
              "Environment": "dev",
              "Name": "tenant2-dev-task-definition-ecs-fargate"
            },
            "timeouts": null,
            "vpc_id": "vpc-05dd8a3330da24bad"
          },
          "private": "eyJlMmJmYjczMC1lY2FhLTExZTYtOGY4OC0zNDM2M2JjN2M0YzAiOnsiY3JlYXRlIjo2MDAwMDAwMDAwMDAsImRlbGV0ZSI6NjAwMDAwMDAwMDAwfSwic2NoZW1hX3ZlcnNpb24iOiIxIn0=",
          "dependencies": [
            "module.vpc.aws_vpc.main"
          ]
        }
      ]
    },
    {
      "module": "module.alb",
      "mode": "managed",
      "type": "aws_security_group",
      "name": "default",
      "each": "list",
      "provider": "provider.aws",
      "instances": [
        {
          "index_key": 0,
          "schema_version": 1,
          "attributes": {
            "arn": "arn:aws:ec2:us-west-2:437642037048:security-group/sg-0a7d2c2ec9dea93d5",
            "description": "Managed by Terraform",
            "egress": [
              {
                "cidr_blocks": [
                  "0.0.0.0/0"
                ],
                "description": "",
                "from_port": 0,
                "ipv6_cidr_blocks": [],
                "prefix_list_ids": [],
                "protocol": "-1",
                "security_groups": [],
                "self": false,
                "to_port": 0
              }
            ],
            "id": "sg-0a7d2c2ec9dea93d5",
            "ingress": [
              {
                "cidr_blocks": [
                  "0.0.0.0/0"
                ],
                "description": "",
                "from_port": 80,
                "ipv6_cidr_blocks": [],
                "prefix_list_ids": [],
                "protocol": "tcp",
                "security_groups": [],
                "self": false,
                "to_port": 80
              }
            ],
            "name": "tenant2-dev-fargate-lb-alb",
            "name_prefix": null,
            "owner_id": "437642037048",
            "revoke_rules_on_delete": false,
            "tags": {
              "Environment": "dev",
              "Name": "tenant2"
            },
            "timeouts": null,
            "vpc_id": "vpc-05dd8a3330da24bad"
          },
          "private": "eyJlMmJmYjczMC1lY2FhLTExZTYtOGY4OC0zNDM2M2JjN2M0YzAiOnsiY3JlYXRlIjo2MDAwMDAwMDAwMDAsImRlbGV0ZSI6NjAwMDAwMDAwMDAwfSwic2NoZW1hX3ZlcnNpb24iOiIxIn0=",
          "dependencies": [
            "module.vpc.aws_vpc.main"
          ]
        }
      ]
    },
    {
      "module": "module.rds",
      "mode": "managed",
      "type": "aws_security_group",
      "name": "my-rds-sg",
      "provider": "module.rds.provider.aws",
      "instances": [
        {
          "schema_version": 1,
          "attributes": {
            "arn": "arn:aws:ec2:us-west-2:437642037048:security-group/sg-0fa9f1b71e705b59e",
            "description": "Managed by Terraform",
            "egress": [
              {
                "cidr_blocks": [
                  "0.0.0.0/0"
                ],
                "description": "",
                "from_port": 0,
                "ipv6_cidr_blocks": [],
                "prefix_list_ids": [],
                "protocol": "-1",
                "security_groups": [],
                "self": false,
                "to_port": 0
              }
            ],
            "id": "sg-0fa9f1b71e705b59e",
            "ingress": [
              {
                "cidr_blocks": [
                  "0.0.0.0/0"
                ],
                "description": "",
                "from_port": 3306,
                "ipv6_cidr_blocks": [],
                "prefix_list_ids": [],
                "protocol": "tcp",
                "security_groups": [],
                "self": false,
                "to_port": 3306
              }
            ],
            "name": "my-rds-sg",
            "name_prefix": null,
            "owner_id": "437642037048",
            "revoke_rules_on_delete": false,
            "tags": {},
            "timeouts": null,
            "vpc_id": "vpc-05dd8a3330da24bad"
          },
          "private": "eyJlMmJmYjczMC1lY2FhLTExZTYtOGY4OC0zNDM2M2JjN2M0YzAiOnsiY3JlYXRlIjo2MDAwMDAwMDAwMDAsImRlbGV0ZSI6NjAwMDAwMDAwMDAwfSwic2NoZW1hX3ZlcnNpb24iOiIxIn0=",
          "dependencies": [
            "module.vpc.aws_vpc.main"
          ]
        }
      ]
    },
    {
      "module": "module.ecs_fargate",
      "mode": "managed",
      "type": "aws_security_group_rule",
      "name": "egress",
      "each": "list",
      "provider": "provider.aws",
      "instances": [
        {
          "index_key": 0,
          "schema_version": 2,
          "attributes": {
            "cidr_blocks": [
              "0.0.0.0/0"
            ],
            "description": "",
            "from_port": 0,
            "id": "sgrule-2564303047",
            "ipv6_cidr_blocks": [],
            "prefix_list_ids": [],
            "protocol": "-1",
            "security_group_id": "sg-0765e9c9c3d7a49e4",
            "self": false,
            "source_security_group_id": null,
            "to_port": 0,
            "type": "egress"
          },
          "private": "eyJzY2hlbWFfdmVyc2lvbiI6IjIifQ==",
          "dependencies": [
            "module.ecs_fargate.aws_security_group.default",
            "module.vpc.aws_vpc.main"
          ]
        }
      ]
    },
    {
      "module": "module.alb",
      "mode": "managed",
      "type": "aws_security_group_rule",
      "name": "egress",
      "each": "list",
      "provider": "provider.aws",
      "instances": [
        {
          "index_key": 0,
          "schema_version": 2,
          "attributes": {
            "cidr_blocks": [
              "0.0.0.0/0"
            ],
            "description": "",
            "from_port": 0,
            "id": "sgrule-564293928",
            "ipv6_cidr_blocks": [],
            "prefix_list_ids": [],
            "protocol": "-1",
            "security_group_id": "sg-0a7d2c2ec9dea93d5",
            "self": false,
            "source_security_group_id": null,
            "to_port": 0,
            "type": "egress"
          },
          "private": "eyJzY2hlbWFfdmVyc2lvbiI6IjIifQ==",
          "dependencies": [
            "module.alb.aws_security_group.default",
            "module.vpc.aws_vpc.main"
          ]
        }
      ]
    },
    {
      "module": "module.ecs_fargate",
      "mode": "managed",
      "type": "aws_security_group_rule",
      "name": "ingress",
      "each": "list",
      "provider": "provider.aws",
      "instances": [
        {
          "index_key": 0,
          "schema_version": 2,
          "attributes": {
            "cidr_blocks": [
              "0.0.0.0/0"
            ],
            "description": "",
            "from_port": 8080,
            "id": "sgrule-1792338343",
            "ipv6_cidr_blocks": [],
            "prefix_list_ids": [],
            "protocol": "tcp",
            "security_group_id": "sg-0765e9c9c3d7a49e4",
            "self": false,
            "source_security_group_id": null,
            "to_port": 8080,
            "type": "ingress"
          },
          "private": "eyJzY2hlbWFfdmVyc2lvbiI6IjIifQ==",
          "dependencies": [
            "module.alb.aws_lb.default",
            "module.alb.aws_lb_target_group.default",
            "module.alb.aws_security_group.default",
            "module.ecs_fargate.aws_security_group.default",
            "module.s3_access_log.aws_s3_bucket.default",
            "module.s3_lb_log.aws_s3_bucket.default",
            "module.vpc.aws_subnet.public_subnet",
            "module.vpc.aws_vpc.main"
          ]
        }
      ]
    },
    {
      "module": "module.alb",
      "mode": "managed",
      "type": "aws_security_group_rule",
      "name": "ingress_http",
      "each": "list",
      "provider": "provider.aws",
      "instances": [
        {
          "index_key": 0,
          "schema_version": 2,
          "attributes": {
            "cidr_blocks": [
              "0.0.0.0/0"
            ],
            "description": "",
            "from_port": 80,
            "id": "sgrule-859459606",
            "ipv6_cidr_blocks": [],
            "prefix_list_ids": [],
            "protocol": "tcp",
            "security_group_id": "sg-0a7d2c2ec9dea93d5",
            "self": false,
            "source_security_group_id": null,
            "to_port": 80,
            "type": "ingress"
          },
          "private": "eyJzY2hlbWFfdmVyc2lvbiI6IjIifQ==",
          "dependencies": [
            "module.alb.aws_security_group.default",
            "module.vpc.aws_vpc.main"
          ]
        }
      ]
    },
    {
      "module": "module.alb",
      "mode": "managed",
      "type": "aws_security_group_rule",
      "name": "ingress_https",
      "each": "list",
      "provider": "provider.aws",
      "instances": []
    },
    {
      "module": "module.rds",
      "mode": "managed",
      "type": "aws_security_group_rule",
      "name": "my-rds-sg-rule",
      "provider": "module.rds.provider.aws",
      "instances": [
        {
          "schema_version": 2,
          "attributes": {
            "cidr_blocks": [
              "0.0.0.0/0"
            ],
            "description": "",
            "from_port": 3306,
            "id": "sgrule-996934693",
            "ipv6_cidr_blocks": [],
            "prefix_list_ids": [],
            "protocol": "tcp",
            "security_group_id": "sg-0fa9f1b71e705b59e",
            "self": false,
            "source_security_group_id": null,
            "to_port": 3306,
            "type": "ingress"
          },
          "private": "eyJzY2hlbWFfdmVyc2lvbiI6IjIifQ==",
          "dependencies": [
            "module.rds.aws_security_group.my-rds-sg",
            "module.vpc.aws_vpc.main"
          ]
        }
      ]
    },
    {
      "module": "module.rds",
      "mode": "managed",
      "type": "aws_security_group_rule",
      "name": "outbound_rule",
      "provider": "module.rds.provider.aws",
      "instances": [
        {
          "schema_version": 2,
          "attributes": {
            "cidr_blocks": [
              "0.0.0.0/0"
            ],
            "description": "",
            "from_port": 0,
            "id": "sgrule-2490266124",
            "ipv6_cidr_blocks": [],
            "prefix_list_ids": [],
            "protocol": "-1",
            "security_group_id": "sg-0fa9f1b71e705b59e",
            "self": false,
            "source_security_group_id": null,
            "to_port": 0,
            "type": "egress"
          },
          "private": "eyJzY2hlbWFfdmVyc2lvbiI6IjIifQ==",
          "dependencies": [
            "module.rds.aws_security_group.my-rds-sg",
            "module.vpc.aws_vpc.main"
          ]
        }
      ]
    },
    {
      "module": "module.vpc",
      "mode": "managed",
      "type": "aws_subnet",
      "name": "private_subnet",
      "each": "list",
      "provider": "provider.aws",
      "instances": [
        {
          "index_key": 0,
          "schema_version": 1,
          "attributes": {
            "arn": "arn:aws:ec2:us-west-2:437642037048:subnet/subnet-05b0faa18593d00bd",
            "assign_ipv6_address_on_creation": false,
            "availability_zone": "us-west-2a",
            "availability_zone_id": "usw2-az1",
            "cidr_block": "15.255.2.0/24",
            "id": "subnet-05b0faa18593d00bd",
            "ipv6_cidr_block": "",
            "ipv6_cidr_block_association_id": "",
            "map_public_ip_on_launch": false,
            "outpost_arn": "",
            "owner_id": "437642037048",
            "tags": {
              "Name": "tenant2-ecs-fargate-private-0"
            },
            "timeouts": null,
            "vpc_id": "vpc-05dd8a3330da24bad"
          },
          "private": "eyJlMmJmYjczMC1lY2FhLTExZTYtOGY4OC0zNDM2M2JjN2M0YzAiOnsiY3JlYXRlIjo2MDAwMDAwMDAwMDAsImRlbGV0ZSI6MTIwMDAwMDAwMDAwMH0sInNjaGVtYV92ZXJzaW9uIjoiMSJ9",
          "dependencies": [
            "module.vpc.aws_vpc.main"
          ]
        },
        {
          "index_key": 1,
          "schema_version": 1,
          "attributes": {
            "arn": "arn:aws:ec2:us-west-2:437642037048:subnet/subnet-0ffed4fa5dd15dc00",
            "assign_ipv6_address_on_creation": false,
            "availability_zone": "us-west-2b",
            "availability_zone_id": "usw2-az2",
            "cidr_block": "15.255.3.0/24",
            "id": "subnet-0ffed4fa5dd15dc00",
            "ipv6_cidr_block": "",
            "ipv6_cidr_block_association_id": "",
            "map_public_ip_on_launch": false,
            "outpost_arn": "",
            "owner_id": "437642037048",
            "tags": {
              "Name": "tenant2-ecs-fargate-private-1"
            },
            "timeouts": null,
            "vpc_id": "vpc-05dd8a3330da24bad"
          },
          "private": "eyJlMmJmYjczMC1lY2FhLTExZTYtOGY4OC0zNDM2M2JjN2M0YzAiOnsiY3JlYXRlIjo2MDAwMDAwMDAwMDAsImRlbGV0ZSI6MTIwMDAwMDAwMDAwMH0sInNjaGVtYV92ZXJzaW9uIjoiMSJ9",
          "dependencies": [
            "module.vpc.aws_vpc.main"
          ]
        }
      ]
    },
    {
      "module": "module.vpc",
      "mode": "managed",
      "type": "aws_subnet",
      "name": "public_subnet",
      "each": "list",
      "provider": "provider.aws",
      "instances": [
        {
          "index_key": 0,
          "schema_version": 1,
          "attributes": {
            "arn": "arn:aws:ec2:us-west-2:437642037048:subnet/subnet-02bf6db851a70051e",
            "assign_ipv6_address_on_creation": false,
            "availability_zone": "us-west-2a",
            "availability_zone_id": "usw2-az1",
            "cidr_block": "15.255.0.0/24",
            "id": "subnet-02bf6db851a70051e",
            "ipv6_cidr_block": "",
            "ipv6_cidr_block_association_id": "",
            "map_public_ip_on_launch": true,
            "outpost_arn": "",
            "owner_id": "437642037048",
            "tags": {
              "Name": "tenant2-ecs-fargate-public-0"
            },
            "timeouts": null,
            "vpc_id": "vpc-05dd8a3330da24bad"
          },
          "private": "eyJlMmJmYjczMC1lY2FhLTExZTYtOGY4OC0zNDM2M2JjN2M0YzAiOnsiY3JlYXRlIjo2MDAwMDAwMDAwMDAsImRlbGV0ZSI6MTIwMDAwMDAwMDAwMH0sInNjaGVtYV92ZXJzaW9uIjoiMSJ9",
          "dependencies": [
            "module.vpc.aws_vpc.main"
          ]
        },
        {
          "index_key": 1,
          "schema_version": 1,
          "attributes": {
            "arn": "arn:aws:ec2:us-west-2:437642037048:subnet/subnet-0ae5fa89b29700372",
            "assign_ipv6_address_on_creation": false,
            "availability_zone": "us-west-2b",
            "availability_zone_id": "usw2-az2",
            "cidr_block": "15.255.1.0/24",
            "id": "subnet-0ae5fa89b29700372",
            "ipv6_cidr_block": "",
            "ipv6_cidr_block_association_id": "",
            "map_public_ip_on_launch": true,
            "outpost_arn": "",
            "owner_id": "437642037048",
            "tags": {
              "Name": "tenant2-ecs-fargate-public-1"
            },
            "timeouts": null,
            "vpc_id": "vpc-05dd8a3330da24bad"
          },
          "private": "eyJlMmJmYjczMC1lY2FhLTExZTYtOGY4OC0zNDM2M2JjN2M0YzAiOnsiY3JlYXRlIjo2MDAwMDAwMDAwMDAsImRlbGV0ZSI6MTIwMDAwMDAwMDAwMH0sInNjaGVtYV92ZXJzaW9uIjoiMSJ9",
          "dependencies": [
            "module.vpc.aws_vpc.main"
          ]
        }
      ]
    },
    {
      "module": "module.vpc",
      "mode": "managed",
      "type": "aws_vpc",
      "name": "main",
      "provider": "provider.aws",
      "instances": [
        {
          "schema_version": 1,
          "attributes": {
            "arn": "arn:aws:ec2:us-west-2:437642037048:vpc/vpc-05dd8a3330da24bad",
            "assign_generated_ipv6_cidr_block": false,
            "cidr_block": "15.255.0.0/16",
            "default_network_acl_id": "acl-0d590ada62a875ea2",
            "default_route_table_id": "rtb-069a514127db35822",
            "default_security_group_id": "sg-004df411c2445af94",
            "dhcp_options_id": "dopt-7115b809",
            "enable_classiclink": false,
            "enable_classiclink_dns_support": false,
            "enable_dns_hostnames": true,
            "enable_dns_support": true,
            "id": "vpc-05dd8a3330da24bad",
            "instance_tenancy": "default",
            "ipv6_association_id": "",
            "ipv6_cidr_block": "",
            "main_route_table_id": "rtb-069a514127db35822",
            "owner_id": "437642037048",
            "tags": {
              "Name": "tenant2-ecs-fargate"
            }
          },
          "private": "eyJzY2hlbWFfdmVyc2lvbiI6IjEifQ=="
        }
      ]
    }
  ]
}
